
Microsoft Visual Studio Solution File, Format Version 12.00
# Visual Studio Version 16
VisualStudioVersion = 16.0.30330.147
MinimumVisualStudioVersion = 10.0.40219.1
Project("{2150E333-8FDC-42A3-9474-1A3956D46DE8}") = "samples", "samples", "{51B0C2C7-732B-4A5C-A4F2-55655D147866}"
EndProject
Project("{9A19103F-16F7-4668-BE54-9A1E7A4F7556}") = "SkiaSharpDemo", "samples\SkiaSharpDemo\SkiaSharpDemo.csproj", "{A2563433-9CE0-42ED-BB51-640A0FFA9D0F}"
EndProject
Project("{FAE04EC0-301F-11D3-BF4B-00C04F79EFBC}") = "SkiaSharpDemo.Droid", "samples\SkiaSharpDemo.Droid\SkiaSharpDemo.Droid.csproj", "{9B960D09-426D-4D5A-90AC-8971D255E48F}"
EndProject
Project("{FAE04EC0-301F-11D3-BF4B-00C04F79EFBC}") = "SkiaSharpDemo.iOS", "samples\SkiaSharpDemo.iOS\SkiaSharpDemo.iOS.csproj", "{C9938859-CB05-4AAD-909A-8118F3D6B47A}"
EndProject
Project("{FAE04EC0-301F-11D3-BF4B-00C04F79EFBC}") = "SkiaSharpDemo.macOS", "samples\SkiaSharpDemo.macOS\SkiaSharpDemo.macOS.csproj", "{F9CC0B31-7A41-46A6-9A23-EECF765F4E2C}"
EndProject
Project("{FAE04EC0-301F-11D3-BF4B-00C04F79EFBC}") = "SkiaSharpDemo.UWP", "samples\SkiaSharpDemo.UWP\SkiaSharpDemo.UWP.csproj", "{108D8FA2-92DB-4D6F-8E94-1C138CFC15E8}"
EndProject
Project("{9A19103F-16F7-4668-BE54-9A1E7A4F7556}") = "SkiaSharp.Extended", "source\SkiaSharp.Extended\SkiaSharp.Extended.csproj", "{FDA62359-1C0D-4661-8ACF-023EF7DAF2A0}"
EndProject
Project("{9A19103F-16F7-4668-BE54-9A1E7A4F7556}") = "SkiaSharp.Extended.Svg", "source\SkiaSharp.Extended.Svg\SkiaSharp.Extended.Svg.csproj", "{854B652B-685E-4147-BBA3-0E1DA85FDEE5}"
EndProject
Project("{9A19103F-16F7-4668-BE54-9A1E7A4F7556}") = "SkiaSharp.Extended.Iconify", "source\SkiaSharp.Extended.Iconify\SkiaSharp.Extended.Iconify.csproj", "{941BC633-58F2-4D38-ACFA-DA4B381AC406}"
EndProject
Project("{9A19103F-16F7-4668-BE54-9A1E7A4F7556}") = "SkiaSharp.Extended.Iconify.FontAwesome", "source\SkiaSharp.Extended.Iconify.FontAwesome\SkiaSharp.Extended.Iconify.FontAwesome.csproj", "{C4320934-1A4F-4037-813F-5159C3FB97EE}"
EndProject
Project("{9A19103F-16F7-4668-BE54-9A1E7A4F7556}") = "SkiaSharp.Extended.Iconify.IonIcons", "source\SkiaSharp.Extended.Iconify.IonIcons\SkiaSharp.Extended.Iconify.IonIcons.csproj", "{EE925218-F50F-40DE-8C2A-5065EAC76932}"
EndProject
Project("{9A19103F-16F7-4668-BE54-9A1E7A4F7556}") = "SkiaSharp.Extended.Iconify.MaterialDesignIcons", "source\SkiaSharp.Extended.Iconify.MaterialDesignIcons\SkiaSharp.Extended.Iconify.MaterialDesignIcons.csproj", "{AE75FEC5-5673-4351-B296-BE0BAEA1C090}"
EndProject
Project("{9A19103F-16F7-4668-BE54-9A1E7A4F7556}") = "SkiaSharp.Extended.Iconify.MaterialIcons", "source\SkiaSharp.Extended.Iconify.MaterialIcons\SkiaSharp.Extended.Iconify.MaterialIcons.csproj", "{6370B6B2-A1F4-4A7C-A24F-D58E8DA7C47D}"
EndProject
Project("{9A19103F-16F7-4668-BE54-9A1E7A4F7556}") = "SkiaSharp.Extended.Iconify.Meteocons", "source\SkiaSharp.Extended.Iconify.Meteocons\SkiaSharp.Extended.Iconify.Meteocons.csproj", "{836B21CF-10F0-4DB6-A437-BC43F15EAC86}"
EndProject
Project("{9A19103F-16F7-4668-BE54-9A1E7A4F7556}") = "SkiaSharp.Extended.Iconify.SimpleLineIcons", "source\SkiaSharp.Extended.Iconify.SimpleLineIcons\SkiaSharp.Extended.Iconify.SimpleLineIcons.csproj", "{C55C8DD2-0CEF-4D71-A75D-F495F2ABAEE8}"
EndProject
Project("{9A19103F-16F7-4668-BE54-9A1E7A4F7556}") = "SkiaSharp.Extended.Iconify.Typicons", "source\SkiaSharp.Extended.Iconify.Typicons\SkiaSharp.Extended.Iconify.Typicons.csproj", "{91DF572A-CB40-4D5F-9F09-6244E60C7625}"
EndProject
Project("{9A19103F-16F7-4668-BE54-9A1E7A4F7556}") = "SkiaSharp.Extended.Iconify.WeatherIcons", "source\SkiaSharp.Extended.Iconify.WeatherIcons\SkiaSharp.Extended.Iconify.WeatherIcons.csproj", "{4B690A05-D653-4CC5-A34E-CB4A6472729A}"
EndProject
Project("{9A19103F-16F7-4668-BE54-9A1E7A4F7556}") = "IconifyGenerator", "source\IconifyGenerator\IconifyGenerator.csproj", "{8E2211C7-EA20-4670-98DB-0489D2127DAB}"
EndProject
Project("{2150E333-8FDC-42A3-9474-1A3956D46DE8}") = "utils", "utils", "{E546FFE2-58F6-4F5B-8EDB-15056F9810BA}"
EndProject
Project("{2150E333-8FDC-42A3-9474-1A3956D46DE8}") = "tests", "tests", "{5555F827-12DF-4D15-BF07-3A720FC2EF3F}"
EndProject
Project("{9A19103F-16F7-4668-BE54-9A1E7A4F7556}") = "SkiaSharp.Extended.Svg.Tests", "tests\SkiaSharp.Extended.Svg.Tests\SkiaSharp.Extended.Svg.Tests.csproj", "{4EDBF443-6305-48DA-90E7-9943E6E97B03}"
EndProject
Project("{9A19103F-16F7-4668-BE54-9A1E7A4F7556}") = "SkiaSharp.Extended.Tests", "tests\SkiaSharp.Extended.Tests\SkiaSharp.Extended.Tests.csproj", "{B5A95CCE-FF80-4ACA-AA49-F150C23C65D5}"
EndProject
Project("{2150E333-8FDC-42A3-9474-1A3956D46DE8}") = "deprecated", "deprecated", "{7BB41E64-A9E4-4675-8CE6-98360BF6AB0C}"
EndProject
Project("{9A19103F-16F7-4668-BE54-9A1E7A4F7556}") = "SkiaSharp.Extended.Controls", "source\SkiaSharp.Extended.Controls\SkiaSharp.Extended.Controls.csproj", "{AFCC1DB4-0405-4DA7-BCEE-D78F524A1F05}"
EndProject
Project("{9A19103F-16F7-4668-BE54-9A1E7A4F7556}") = "SkiaSharp.Extended.Controls.Tests", "tests\SkiaSharp.Extended.Controls.Tests\SkiaSharp.Extended.Controls.Tests.csproj", "{33B974F8-1076-4D66-A212-75614C888B26}"
EndProject
Global
	GlobalSection(SolutionConfigurationPlatforms) = preSolution
		Debug|Any CPU = Debug|Any CPU
		Debug|ARM = Debug|ARM
		Debug|iPhone = Debug|iPhone
		Debug|iPhoneSimulator = Debug|iPhoneSimulator
		Debug|x64 = Debug|x64
		Debug|x86 = Debug|x86
		Release|Any CPU = Release|Any CPU
		Release|ARM = Release|ARM
		Release|iPhone = Release|iPhone
		Release|iPhoneSimulator = Release|iPhoneSimulator
		Release|x64 = Release|x64
		Release|x86 = Release|x86
	EndGlobalSection
	GlobalSection(ProjectConfigurationPlatforms) = postSolution
		{A2563433-9CE0-42ED-BB51-640A0FFA9D0F}.Debug|Any CPU.ActiveCfg = Debug|Any CPU
		{A2563433-9CE0-42ED-BB51-640A0FFA9D0F}.Debug|Any CPU.Build.0 = Debug|Any CPU
		{A2563433-9CE0-42ED-BB51-640A0FFA9D0F}.Debug|ARM.ActiveCfg = Debug|Any CPU
		{A2563433-9CE0-42ED-BB51-640A0FFA9D0F}.Debug|ARM.Build.0 = Debug|Any CPU
		{A2563433-9CE0-42ED-BB51-640A0FFA9D0F}.Debug|iPhone.ActiveCfg = Debug|Any CPU
		{A2563433-9CE0-42ED-BB51-640A0FFA9D0F}.Debug|iPhone.Build.0 = Debug|Any CPU
		{A2563433-9CE0-42ED-BB51-640A0FFA9D0F}.Debug|iPhoneSimulator.ActiveCfg = Debug|Any CPU
		{A2563433-9CE0-42ED-BB51-640A0FFA9D0F}.Debug|iPhoneSimulator.Build.0 = Debug|Any CPU
		{A2563433-9CE0-42ED-BB51-640A0FFA9D0F}.Debug|x64.ActiveCfg = Debug|Any CPU
		{A2563433-9CE0-42ED-BB51-640A0FFA9D0F}.Debug|x64.Build.0 = Debug|Any CPU
		{A2563433-9CE0-42ED-BB51-640A0FFA9D0F}.Debug|x86.ActiveCfg = Debug|Any CPU
		{A2563433-9CE0-42ED-BB51-640A0FFA9D0F}.Debug|x86.Build.0 = Debug|Any CPU
		{A2563433-9CE0-42ED-BB51-640A0FFA9D0F}.Release|Any CPU.ActiveCfg = Release|Any CPU
		{A2563433-9CE0-42ED-BB51-640A0FFA9D0F}.Release|Any CPU.Build.0 = Release|Any CPU
		{A2563433-9CE0-42ED-BB51-640A0FFA9D0F}.Release|ARM.ActiveCfg = Release|Any CPU
		{A2563433-9CE0-42ED-BB51-640A0FFA9D0F}.Release|ARM.Build.0 = Release|Any CPU
		{A2563433-9CE0-42ED-BB51-640A0FFA9D0F}.Release|iPhone.ActiveCfg = Release|Any CPU
		{A2563433-9CE0-42ED-BB51-640A0FFA9D0F}.Release|iPhone.Build.0 = Release|Any CPU
		{A2563433-9CE0-42ED-BB51-640A0FFA9D0F}.Release|iPhoneSimulator.ActiveCfg = Release|Any CPU
		{A2563433-9CE0-42ED-BB51-640A0FFA9D0F}.Release|iPhoneSimulator.Build.0 = Release|Any CPU
		{A2563433-9CE0-42ED-BB51-640A0FFA9D0F}.Release|x64.ActiveCfg = Release|Any CPU
		{A2563433-9CE0-42ED-BB51-640A0FFA9D0F}.Release|x64.Build.0 = Release|Any CPU
		{A2563433-9CE0-42ED-BB51-640A0FFA9D0F}.Release|x86.ActiveCfg = Release|Any CPU
		{A2563433-9CE0-42ED-BB51-640A0FFA9D0F}.Release|x86.Build.0 = Release|Any CPU
		{9B960D09-426D-4D5A-90AC-8971D255E48F}.Debug|Any CPU.ActiveCfg = Debug|Any CPU
		{9B960D09-426D-4D5A-90AC-8971D255E48F}.Debug|Any CPU.Build.0 = Debug|Any CPU
		{9B960D09-426D-4D5A-90AC-8971D255E48F}.Debug|Any CPU.Deploy.0 = Debug|Any CPU
		{9B960D09-426D-4D5A-90AC-8971D255E48F}.Debug|ARM.ActiveCfg = Debug|Any CPU
		{9B960D09-426D-4D5A-90AC-8971D255E48F}.Debug|ARM.Build.0 = Debug|Any CPU
		{9B960D09-426D-4D5A-90AC-8971D255E48F}.Debug|ARM.Deploy.0 = Debug|Any CPU
		{9B960D09-426D-4D5A-90AC-8971D255E48F}.Debug|iPhone.ActiveCfg = Debug|Any CPU
		{9B960D09-426D-4D5A-90AC-8971D255E48F}.Debug|iPhone.Build.0 = Debug|Any CPU
		{9B960D09-426D-4D5A-90AC-8971D255E48F}.Debug|iPhone.Deploy.0 = Debug|Any CPU
		{9B960D09-426D-4D5A-90AC-8971D255E48F}.Debug|iPhoneSimulator.ActiveCfg = Debug|Any CPU
		{9B960D09-426D-4D5A-90AC-8971D255E48F}.Debug|iPhoneSimulator.Build.0 = Debug|Any CPU
		{9B960D09-426D-4D5A-90AC-8971D255E48F}.Debug|iPhoneSimulator.Deploy.0 = Debug|Any CPU
		{9B960D09-426D-4D5A-90AC-8971D255E48F}.Debug|x64.ActiveCfg = Debug|Any CPU
		{9B960D09-426D-4D5A-90AC-8971D255E48F}.Debug|x64.Build.0 = Debug|Any CPU
		{9B960D09-426D-4D5A-90AC-8971D255E48F}.Debug|x64.Deploy.0 = Debug|Any CPU
		{9B960D09-426D-4D5A-90AC-8971D255E48F}.Debug|x86.ActiveCfg = Debug|Any CPU
		{9B960D09-426D-4D5A-90AC-8971D255E48F}.Debug|x86.Build.0 = Debug|Any CPU
		{9B960D09-426D-4D5A-90AC-8971D255E48F}.Debug|x86.Deploy.0 = Debug|Any CPU
		{9B960D09-426D-4D5A-90AC-8971D255E48F}.Release|Any CPU.ActiveCfg = Release|Any CPU
		{9B960D09-426D-4D5A-90AC-8971D255E48F}.Release|Any CPU.Build.0 = Release|Any CPU
		{9B960D09-426D-4D5A-90AC-8971D255E48F}.Release|Any CPU.Deploy.0 = Release|Any CPU
		{9B960D09-426D-4D5A-90AC-8971D255E48F}.Release|ARM.ActiveCfg = Release|Any CPU
		{9B960D09-426D-4D5A-90AC-8971D255E48F}.Release|ARM.Build.0 = Release|Any CPU
		{9B960D09-426D-4D5A-90AC-8971D255E48F}.Release|ARM.Deploy.0 = Release|Any CPU
		{9B960D09-426D-4D5A-90AC-8971D255E48F}.Release|iPhone.ActiveCfg = Release|Any CPU
		{9B960D09-426D-4D5A-90AC-8971D255E48F}.Release|iPhone.Build.0 = Release|Any CPU
		{9B960D09-426D-4D5A-90AC-8971D255E48F}.Release|iPhone.Deploy.0 = Release|Any CPU
		{9B960D09-426D-4D5A-90AC-8971D255E48F}.Release|iPhoneSimulator.ActiveCfg = Release|Any CPU
		{9B960D09-426D-4D5A-90AC-8971D255E48F}.Release|iPhoneSimulator.Build.0 = Release|Any CPU
		{9B960D09-426D-4D5A-90AC-8971D255E48F}.Release|iPhoneSimulator.Deploy.0 = Release|Any CPU
		{9B960D09-426D-4D5A-90AC-8971D255E48F}.Release|x64.ActiveCfg = Release|Any CPU
		{9B960D09-426D-4D5A-90AC-8971D255E48F}.Release|x64.Build.0 = Release|Any CPU
		{9B960D09-426D-4D5A-90AC-8971D255E48F}.Release|x64.Deploy.0 = Release|Any CPU
		{9B960D09-426D-4D5A-90AC-8971D255E48F}.Release|x86.ActiveCfg = Release|Any CPU
		{9B960D09-426D-4D5A-90AC-8971D255E48F}.Release|x86.Build.0 = Release|Any CPU
		{9B960D09-426D-4D5A-90AC-8971D255E48F}.Release|x86.Deploy.0 = Release|Any CPU
		{C9938859-CB05-4AAD-909A-8118F3D6B47A}.Debug|Any CPU.ActiveCfg = Debug|iPhoneSimulator
		{C9938859-CB05-4AAD-909A-8118F3D6B47A}.Debug|Any CPU.Build.0 = Debug|iPhoneSimulator
		{C9938859-CB05-4AAD-909A-8118F3D6B47A}.Debug|ARM.ActiveCfg = Debug|iPhone
		{C9938859-CB05-4AAD-909A-8118F3D6B47A}.Debug|ARM.Build.0 = Debug|iPhone
		{C9938859-CB05-4AAD-909A-8118F3D6B47A}.Debug|ARM.Deploy.0 = Debug|iPhone
		{C9938859-CB05-4AAD-909A-8118F3D6B47A}.Debug|iPhone.ActiveCfg = Debug|iPhone
		{C9938859-CB05-4AAD-909A-8118F3D6B47A}.Debug|iPhone.Build.0 = Debug|iPhone
		{C9938859-CB05-4AAD-909A-8118F3D6B47A}.Debug|iPhone.Deploy.0 = Debug|iPhone
		{C9938859-CB05-4AAD-909A-8118F3D6B47A}.Debug|iPhoneSimulator.ActiveCfg = Debug|iPhoneSimulator
		{C9938859-CB05-4AAD-909A-8118F3D6B47A}.Debug|iPhoneSimulator.Build.0 = Debug|iPhoneSimulator
		{C9938859-CB05-4AAD-909A-8118F3D6B47A}.Debug|x64.ActiveCfg = Debug|iPhoneSimulator
		{C9938859-CB05-4AAD-909A-8118F3D6B47A}.Debug|x64.Build.0 = Debug|iPhoneSimulator
		{C9938859-CB05-4AAD-909A-8118F3D6B47A}.Debug|x86.ActiveCfg = Debug|iPhoneSimulator
		{C9938859-CB05-4AAD-909A-8118F3D6B47A}.Debug|x86.Build.0 = Debug|iPhoneSimulator
		{C9938859-CB05-4AAD-909A-8118F3D6B47A}.Release|Any CPU.ActiveCfg = Release|iPhoneSimulator
		{C9938859-CB05-4AAD-909A-8118F3D6B47A}.Release|Any CPU.Build.0 = Release|iPhoneSimulator
		{C9938859-CB05-4AAD-909A-8118F3D6B47A}.Release|ARM.ActiveCfg = Release|iPhone
		{C9938859-CB05-4AAD-909A-8118F3D6B47A}.Release|ARM.Build.0 = Release|iPhone
		{C9938859-CB05-4AAD-909A-8118F3D6B47A}.Release|ARM.Deploy.0 = Release|iPhone
		{C9938859-CB05-4AAD-909A-8118F3D6B47A}.Release|iPhone.ActiveCfg = Release|iPhone
		{C9938859-CB05-4AAD-909A-8118F3D6B47A}.Release|iPhone.Build.0 = Release|iPhone
		{C9938859-CB05-4AAD-909A-8118F3D6B47A}.Release|iPhone.Deploy.0 = Release|iPhone
		{C9938859-CB05-4AAD-909A-8118F3D6B47A}.Release|iPhoneSimulator.ActiveCfg = Release|iPhoneSimulator
		{C9938859-CB05-4AAD-909A-8118F3D6B47A}.Release|iPhoneSimulator.Build.0 = Release|iPhoneSimulator
		{C9938859-CB05-4AAD-909A-8118F3D6B47A}.Release|x64.ActiveCfg = Release|iPhoneSimulator
		{C9938859-CB05-4AAD-909A-8118F3D6B47A}.Release|x64.Build.0 = Release|iPhoneSimulator
		{C9938859-CB05-4AAD-909A-8118F3D6B47A}.Release|x86.ActiveCfg = Release|iPhoneSimulator
		{C9938859-CB05-4AAD-909A-8118F3D6B47A}.Release|x86.Build.0 = Release|iPhoneSimulator
		{F9CC0B31-7A41-46A6-9A23-EECF765F4E2C}.Debug|Any CPU.ActiveCfg = Debug|Any CPU
		{F9CC0B31-7A41-46A6-9A23-EECF765F4E2C}.Debug|Any CPU.Build.0 = Debug|Any CPU
		{F9CC0B31-7A41-46A6-9A23-EECF765F4E2C}.Debug|ARM.ActiveCfg = Debug|Any CPU
		{F9CC0B31-7A41-46A6-9A23-EECF765F4E2C}.Debug|ARM.Build.0 = Debug|Any CPU
		{F9CC0B31-7A41-46A6-9A23-EECF765F4E2C}.Debug|iPhone.ActiveCfg = Debug|Any CPU
		{F9CC0B31-7A41-46A6-9A23-EECF765F4E2C}.Debug|iPhone.Build.0 = Debug|Any CPU
		{F9CC0B31-7A41-46A6-9A23-EECF765F4E2C}.Debug|iPhoneSimulator.ActiveCfg = Debug|Any CPU
		{F9CC0B31-7A41-46A6-9A23-EECF765F4E2C}.Debug|iPhoneSimulator.Build.0 = Debug|Any CPU
		{F9CC0B31-7A41-46A6-9A23-EECF765F4E2C}.Debug|x64.ActiveCfg = Debug|Any CPU
		{F9CC0B31-7A41-46A6-9A23-EECF765F4E2C}.Debug|x64.Build.0 = Debug|Any CPU
		{F9CC0B31-7A41-46A6-9A23-EECF765F4E2C}.Debug|x86.ActiveCfg = Debug|Any CPU
		{F9CC0B31-7A41-46A6-9A23-EECF765F4E2C}.Debug|x86.Build.0 = Debug|Any CPU
		{F9CC0B31-7A41-46A6-9A23-EECF765F4E2C}.Release|Any CPU.ActiveCfg = Release|Any CPU
		{F9CC0B31-7A41-46A6-9A23-EECF765F4E2C}.Release|Any CPU.Build.0 = Release|Any CPU
		{F9CC0B31-7A41-46A6-9A23-EECF765F4E2C}.Release|ARM.ActiveCfg = Release|Any CPU
		{F9CC0B31-7A41-46A6-9A23-EECF765F4E2C}.Release|ARM.Build.0 = Release|Any CPU
		{F9CC0B31-7A41-46A6-9A23-EECF765F4E2C}.Release|iPhone.ActiveCfg = Release|Any CPU
		{F9CC0B31-7A41-46A6-9A23-EECF765F4E2C}.Release|iPhone.Build.0 = Release|Any CPU
		{F9CC0B31-7A41-46A6-9A23-EECF765F4E2C}.Release|iPhoneSimulator.ActiveCfg = Release|Any CPU
		{F9CC0B31-7A41-46A6-9A23-EECF765F4E2C}.Release|iPhoneSimulator.Build.0 = Release|Any CPU
		{F9CC0B31-7A41-46A6-9A23-EECF765F4E2C}.Release|x64.ActiveCfg = Release|Any CPU
		{F9CC0B31-7A41-46A6-9A23-EECF765F4E2C}.Release|x64.Build.0 = Release|Any CPU
		{F9CC0B31-7A41-46A6-9A23-EECF765F4E2C}.Release|x86.ActiveCfg = Release|Any CPU
		{F9CC0B31-7A41-46A6-9A23-EECF765F4E2C}.Release|x86.Build.0 = Release|Any CPU
		{108D8FA2-92DB-4D6F-8E94-1C138CFC15E8}.Debug|Any CPU.ActiveCfg = Debug|x86
		{108D8FA2-92DB-4D6F-8E94-1C138CFC15E8}.Debug|Any CPU.Build.0 = Debug|x86
		{108D8FA2-92DB-4D6F-8E94-1C138CFC15E8}.Debug|Any CPU.Deploy.0 = Debug|x86
		{108D8FA2-92DB-4D6F-8E94-1C138CFC15E8}.Debug|ARM.ActiveCfg = Debug|ARM
		{108D8FA2-92DB-4D6F-8E94-1C138CFC15E8}.Debug|ARM.Build.0 = Debug|ARM
		{108D8FA2-92DB-4D6F-8E94-1C138CFC15E8}.Debug|ARM.Deploy.0 = Debug|ARM
		{108D8FA2-92DB-4D6F-8E94-1C138CFC15E8}.Debug|iPhone.ActiveCfg = Debug|ARM
		{108D8FA2-92DB-4D6F-8E94-1C138CFC15E8}.Debug|iPhoneSimulator.ActiveCfg = Debug|x86
		{108D8FA2-92DB-4D6F-8E94-1C138CFC15E8}.Debug|x64.ActiveCfg = Debug|x64
		{108D8FA2-92DB-4D6F-8E94-1C138CFC15E8}.Debug|x64.Build.0 = Debug|x64
		{108D8FA2-92DB-4D6F-8E94-1C138CFC15E8}.Debug|x64.Deploy.0 = Debug|x64
		{108D8FA2-92DB-4D6F-8E94-1C138CFC15E8}.Debug|x86.ActiveCfg = Debug|x86
		{108D8FA2-92DB-4D6F-8E94-1C138CFC15E8}.Debug|x86.Build.0 = Debug|x86
		{108D8FA2-92DB-4D6F-8E94-1C138CFC15E8}.Debug|x86.Deploy.0 = Debug|x86
		{108D8FA2-92DB-4D6F-8E94-1C138CFC15E8}.Release|Any CPU.ActiveCfg = Release|x86
		{108D8FA2-92DB-4D6F-8E94-1C138CFC15E8}.Release|Any CPU.Build.0 = Release|x86
		{108D8FA2-92DB-4D6F-8E94-1C138CFC15E8}.Release|Any CPU.Deploy.0 = Release|x86
		{108D8FA2-92DB-4D6F-8E94-1C138CFC15E8}.Release|ARM.ActiveCfg = Release|ARM
		{108D8FA2-92DB-4D6F-8E94-1C138CFC15E8}.Release|ARM.Build.0 = Release|ARM
		{108D8FA2-92DB-4D6F-8E94-1C138CFC15E8}.Release|ARM.Deploy.0 = Release|ARM
		{108D8FA2-92DB-4D6F-8E94-1C138CFC15E8}.Release|iPhone.ActiveCfg = Release|ARM
		{108D8FA2-92DB-4D6F-8E94-1C138CFC15E8}.Release|iPhoneSimulator.ActiveCfg = Release|x86
		{108D8FA2-92DB-4D6F-8E94-1C138CFC15E8}.Release|x64.ActiveCfg = Release|x64
		{108D8FA2-92DB-4D6F-8E94-1C138CFC15E8}.Release|x64.Build.0 = Release|x64
		{108D8FA2-92DB-4D6F-8E94-1C138CFC15E8}.Release|x64.Deploy.0 = Release|x64
		{108D8FA2-92DB-4D6F-8E94-1C138CFC15E8}.Release|x86.ActiveCfg = Release|x86
		{108D8FA2-92DB-4D6F-8E94-1C138CFC15E8}.Release|x86.Build.0 = Release|x86
		{108D8FA2-92DB-4D6F-8E94-1C138CFC15E8}.Release|x86.Deploy.0 = Release|x86
		{FDA62359-1C0D-4661-8ACF-023EF7DAF2A0}.Debug|Any CPU.ActiveCfg = Debug|Any CPU
		{FDA62359-1C0D-4661-8ACF-023EF7DAF2A0}.Debug|Any CPU.Build.0 = Debug|Any CPU
		{FDA62359-1C0D-4661-8ACF-023EF7DAF2A0}.Debug|ARM.ActiveCfg = Debug|Any CPU
		{FDA62359-1C0D-4661-8ACF-023EF7DAF2A0}.Debug|ARM.Build.0 = Debug|Any CPU
		{FDA62359-1C0D-4661-8ACF-023EF7DAF2A0}.Debug|iPhone.ActiveCfg = Debug|Any CPU
		{FDA62359-1C0D-4661-8ACF-023EF7DAF2A0}.Debug|iPhone.Build.0 = Debug|Any CPU
		{FDA62359-1C0D-4661-8ACF-023EF7DAF2A0}.Debug|iPhoneSimulator.ActiveCfg = Debug|Any CPU
		{FDA62359-1C0D-4661-8ACF-023EF7DAF2A0}.Debug|iPhoneSimulator.Build.0 = Debug|Any CPU
		{FDA62359-1C0D-4661-8ACF-023EF7DAF2A0}.Debug|x64.ActiveCfg = Debug|Any CPU
		{FDA62359-1C0D-4661-8ACF-023EF7DAF2A0}.Debug|x64.Build.0 = Debug|Any CPU
		{FDA62359-1C0D-4661-8ACF-023EF7DAF2A0}.Debug|x86.ActiveCfg = Debug|Any CPU
		{FDA62359-1C0D-4661-8ACF-023EF7DAF2A0}.Debug|x86.Build.0 = Debug|Any CPU
		{FDA62359-1C0D-4661-8ACF-023EF7DAF2A0}.Release|Any CPU.ActiveCfg = Release|Any CPU
		{FDA62359-1C0D-4661-8ACF-023EF7DAF2A0}.Release|Any CPU.Build.0 = Release|Any CPU
		{FDA62359-1C0D-4661-8ACF-023EF7DAF2A0}.Release|ARM.ActiveCfg = Release|Any CPU
		{FDA62359-1C0D-4661-8ACF-023EF7DAF2A0}.Release|ARM.Build.0 = Release|Any CPU
		{FDA62359-1C0D-4661-8ACF-023EF7DAF2A0}.Release|iPhone.ActiveCfg = Release|Any CPU
		{FDA62359-1C0D-4661-8ACF-023EF7DAF2A0}.Release|iPhone.Build.0 = Release|Any CPU
		{FDA62359-1C0D-4661-8ACF-023EF7DAF2A0}.Release|iPhoneSimulator.ActiveCfg = Release|Any CPU
		{FDA62359-1C0D-4661-8ACF-023EF7DAF2A0}.Release|iPhoneSimulator.Build.0 = Release|Any CPU
		{FDA62359-1C0D-4661-8ACF-023EF7DAF2A0}.Release|x64.ActiveCfg = Release|Any CPU
		{FDA62359-1C0D-4661-8ACF-023EF7DAF2A0}.Release|x64.Build.0 = Release|Any CPU
		{FDA62359-1C0D-4661-8ACF-023EF7DAF2A0}.Release|x86.ActiveCfg = Release|Any CPU
		{FDA62359-1C0D-4661-8ACF-023EF7DAF2A0}.Release|x86.Build.0 = Release|Any CPU
		{854B652B-685E-4147-BBA3-0E1DA85FDEE5}.Debug|Any CPU.ActiveCfg = Debug|Any CPU
		{854B652B-685E-4147-BBA3-0E1DA85FDEE5}.Debug|Any CPU.Build.0 = Debug|Any CPU
		{854B652B-685E-4147-BBA3-0E1DA85FDEE5}.Debug|ARM.ActiveCfg = Debug|Any CPU
		{854B652B-685E-4147-BBA3-0E1DA85FDEE5}.Debug|ARM.Build.0 = Debug|Any CPU
		{854B652B-685E-4147-BBA3-0E1DA85FDEE5}.Debug|iPhone.ActiveCfg = Debug|Any CPU
		{854B652B-685E-4147-BBA3-0E1DA85FDEE5}.Debug|iPhone.Build.0 = Debug|Any CPU
		{854B652B-685E-4147-BBA3-0E1DA85FDEE5}.Debug|iPhoneSimulator.ActiveCfg = Debug|Any CPU
		{854B652B-685E-4147-BBA3-0E1DA85FDEE5}.Debug|iPhoneSimulator.Build.0 = Debug|Any CPU
		{854B652B-685E-4147-BBA3-0E1DA85FDEE5}.Debug|x64.ActiveCfg = Debug|Any CPU
		{854B652B-685E-4147-BBA3-0E1DA85FDEE5}.Debug|x64.Build.0 = Debug|Any CPU
		{854B652B-685E-4147-BBA3-0E1DA85FDEE5}.Debug|x86.ActiveCfg = Debug|Any CPU
		{854B652B-685E-4147-BBA3-0E1DA85FDEE5}.Debug|x86.Build.0 = Debug|Any CPU
		{854B652B-685E-4147-BBA3-0E1DA85FDEE5}.Release|Any CPU.ActiveCfg = Release|Any CPU
		{854B652B-685E-4147-BBA3-0E1DA85FDEE5}.Release|Any CPU.Build.0 = Release|Any CPU
		{854B652B-685E-4147-BBA3-0E1DA85FDEE5}.Release|ARM.ActiveCfg = Release|Any CPU
		{854B652B-685E-4147-BBA3-0E1DA85FDEE5}.Release|ARM.Build.0 = Release|Any CPU
		{854B652B-685E-4147-BBA3-0E1DA85FDEE5}.Release|iPhone.ActiveCfg = Release|Any CPU
		{854B652B-685E-4147-BBA3-0E1DA85FDEE5}.Release|iPhone.Build.0 = Release|Any CPU
		{854B652B-685E-4147-BBA3-0E1DA85FDEE5}.Release|iPhoneSimulator.ActiveCfg = Release|Any CPU
		{854B652B-685E-4147-BBA3-0E1DA85FDEE5}.Release|iPhoneSimulator.Build.0 = Release|Any CPU
		{854B652B-685E-4147-BBA3-0E1DA85FDEE5}.Release|x64.ActiveCfg = Release|Any CPU
		{854B652B-685E-4147-BBA3-0E1DA85FDEE5}.Release|x64.Build.0 = Release|Any CPU
		{854B652B-685E-4147-BBA3-0E1DA85FDEE5}.Release|x86.ActiveCfg = Release|Any CPU
		{854B652B-685E-4147-BBA3-0E1DA85FDEE5}.Release|x86.Build.0 = Release|Any CPU
		{941BC633-58F2-4D38-ACFA-DA4B381AC406}.Debug|Any CPU.ActiveCfg = Debug|Any CPU
		{941BC633-58F2-4D38-ACFA-DA4B381AC406}.Debug|Any CPU.Build.0 = Debug|Any CPU
		{941BC633-58F2-4D38-ACFA-DA4B381AC406}.Debug|ARM.ActiveCfg = Debug|Any CPU
		{941BC633-58F2-4D38-ACFA-DA4B381AC406}.Debug|ARM.Build.0 = Debug|Any CPU
		{941BC633-58F2-4D38-ACFA-DA4B381AC406}.Debug|iPhone.ActiveCfg = Debug|Any CPU
		{941BC633-58F2-4D38-ACFA-DA4B381AC406}.Debug|iPhone.Build.0 = Debug|Any CPU
		{941BC633-58F2-4D38-ACFA-DA4B381AC406}.Debug|iPhoneSimulator.ActiveCfg = Debug|Any CPU
		{941BC633-58F2-4D38-ACFA-DA4B381AC406}.Debug|iPhoneSimulator.Build.0 = Debug|Any CPU
		{941BC633-58F2-4D38-ACFA-DA4B381AC406}.Debug|x64.ActiveCfg = Debug|Any CPU
		{941BC633-58F2-4D38-ACFA-DA4B381AC406}.Debug|x64.Build.0 = Debug|Any CPU
		{941BC633-58F2-4D38-ACFA-DA4B381AC406}.Debug|x86.ActiveCfg = Debug|Any CPU
		{941BC633-58F2-4D38-ACFA-DA4B381AC406}.Debug|x86.Build.0 = Debug|Any CPU
		{941BC633-58F2-4D38-ACFA-DA4B381AC406}.Release|Any CPU.ActiveCfg = Release|Any CPU
		{941BC633-58F2-4D38-ACFA-DA4B381AC406}.Release|Any CPU.Build.0 = Release|Any CPU
		{941BC633-58F2-4D38-ACFA-DA4B381AC406}.Release|ARM.ActiveCfg = Release|Any CPU
		{941BC633-58F2-4D38-ACFA-DA4B381AC406}.Release|ARM.Build.0 = Release|Any CPU
		{941BC633-58F2-4D38-ACFA-DA4B381AC406}.Release|iPhone.ActiveCfg = Release|Any CPU
		{941BC633-58F2-4D38-ACFA-DA4B381AC406}.Release|iPhone.Build.0 = Release|Any CPU
		{941BC633-58F2-4D38-ACFA-DA4B381AC406}.Release|iPhoneSimulator.ActiveCfg = Release|Any CPU
		{941BC633-58F2-4D38-ACFA-DA4B381AC406}.Release|iPhoneSimulator.Build.0 = Release|Any CPU
		{941BC633-58F2-4D38-ACFA-DA4B381AC406}.Release|x64.ActiveCfg = Release|Any CPU
		{941BC633-58F2-4D38-ACFA-DA4B381AC406}.Release|x64.Build.0 = Release|Any CPU
		{941BC633-58F2-4D38-ACFA-DA4B381AC406}.Release|x86.ActiveCfg = Release|Any CPU
		{941BC633-58F2-4D38-ACFA-DA4B381AC406}.Release|x86.Build.0 = Release|Any CPU
		{C4320934-1A4F-4037-813F-5159C3FB97EE}.Debug|Any CPU.ActiveCfg = Debug|Any CPU
		{C4320934-1A4F-4037-813F-5159C3FB97EE}.Debug|Any CPU.Build.0 = Debug|Any CPU
		{C4320934-1A4F-4037-813F-5159C3FB97EE}.Debug|ARM.ActiveCfg = Debug|Any CPU
		{C4320934-1A4F-4037-813F-5159C3FB97EE}.Debug|ARM.Build.0 = Debug|Any CPU
		{C4320934-1A4F-4037-813F-5159C3FB97EE}.Debug|iPhone.ActiveCfg = Debug|Any CPU
		{C4320934-1A4F-4037-813F-5159C3FB97EE}.Debug|iPhone.Build.0 = Debug|Any CPU
		{C4320934-1A4F-4037-813F-5159C3FB97EE}.Debug|iPhoneSimulator.ActiveCfg = Debug|Any CPU
		{C4320934-1A4F-4037-813F-5159C3FB97EE}.Debug|iPhoneSimulator.Build.0 = Debug|Any CPU
		{C4320934-1A4F-4037-813F-5159C3FB97EE}.Debug|x64.ActiveCfg = Debug|Any CPU
		{C4320934-1A4F-4037-813F-5159C3FB97EE}.Debug|x64.Build.0 = Debug|Any CPU
		{C4320934-1A4F-4037-813F-5159C3FB97EE}.Debug|x86.ActiveCfg = Debug|Any CPU
		{C4320934-1A4F-4037-813F-5159C3FB97EE}.Debug|x86.Build.0 = Debug|Any CPU
		{C4320934-1A4F-4037-813F-5159C3FB97EE}.Release|Any CPU.ActiveCfg = Release|Any CPU
		{C4320934-1A4F-4037-813F-5159C3FB97EE}.Release|Any CPU.Build.0 = Release|Any CPU
		{C4320934-1A4F-4037-813F-5159C3FB97EE}.Release|ARM.ActiveCfg = Release|Any CPU
		{C4320934-1A4F-4037-813F-5159C3FB97EE}.Release|ARM.Build.0 = Release|Any CPU
		{C4320934-1A4F-4037-813F-5159C3FB97EE}.Release|iPhone.ActiveCfg = Release|Any CPU
		{C4320934-1A4F-4037-813F-5159C3FB97EE}.Release|iPhone.Build.0 = Release|Any CPU
		{C4320934-1A4F-4037-813F-5159C3FB97EE}.Release|iPhoneSimulator.ActiveCfg = Release|Any CPU
		{C4320934-1A4F-4037-813F-5159C3FB97EE}.Release|iPhoneSimulator.Build.0 = Release|Any CPU
		{C4320934-1A4F-4037-813F-5159C3FB97EE}.Release|x64.ActiveCfg = Release|Any CPU
		{C4320934-1A4F-4037-813F-5159C3FB97EE}.Release|x64.Build.0 = Release|Any CPU
		{C4320934-1A4F-4037-813F-5159C3FB97EE}.Release|x86.ActiveCfg = Release|Any CPU
		{C4320934-1A4F-4037-813F-5159C3FB97EE}.Release|x86.Build.0 = Release|Any CPU
		{EE925218-F50F-40DE-8C2A-5065EAC76932}.Debug|Any CPU.ActiveCfg = Debug|Any CPU
		{EE925218-F50F-40DE-8C2A-5065EAC76932}.Debug|Any CPU.Build.0 = Debug|Any CPU
		{EE925218-F50F-40DE-8C2A-5065EAC76932}.Debug|ARM.ActiveCfg = Debug|Any CPU
		{EE925218-F50F-40DE-8C2A-5065EAC76932}.Debug|ARM.Build.0 = Debug|Any CPU
		{EE925218-F50F-40DE-8C2A-5065EAC76932}.Debug|iPhone.ActiveCfg = Debug|Any CPU
		{EE925218-F50F-40DE-8C2A-5065EAC76932}.Debug|iPhone.Build.0 = Debug|Any CPU
		{EE925218-F50F-40DE-8C2A-5065EAC76932}.Debug|iPhoneSimulator.ActiveCfg = Debug|Any CPU
		{EE925218-F50F-40DE-8C2A-5065EAC76932}.Debug|iPhoneSimulator.Build.0 = Debug|Any CPU
		{EE925218-F50F-40DE-8C2A-5065EAC76932}.Debug|x64.ActiveCfg = Debug|Any CPU
		{EE925218-F50F-40DE-8C2A-5065EAC76932}.Debug|x64.Build.0 = Debug|Any CPU
		{EE925218-F50F-40DE-8C2A-5065EAC76932}.Debug|x86.ActiveCfg = Debug|Any CPU
		{EE925218-F50F-40DE-8C2A-5065EAC76932}.Debug|x86.Build.0 = Debug|Any CPU
		{EE925218-F50F-40DE-8C2A-5065EAC76932}.Release|Any CPU.ActiveCfg = Release|Any CPU
		{EE925218-F50F-40DE-8C2A-5065EAC76932}.Release|Any CPU.Build.0 = Release|Any CPU
		{EE925218-F50F-40DE-8C2A-5065EAC76932}.Release|ARM.ActiveCfg = Release|Any CPU
		{EE925218-F50F-40DE-8C2A-5065EAC76932}.Release|ARM.Build.0 = Release|Any CPU
		{EE925218-F50F-40DE-8C2A-5065EAC76932}.Release|iPhone.ActiveCfg = Release|Any CPU
		{EE925218-F50F-40DE-8C2A-5065EAC76932}.Release|iPhone.Build.0 = Release|Any CPU
		{EE925218-F50F-40DE-8C2A-5065EAC76932}.Release|iPhoneSimulator.ActiveCfg = Release|Any CPU
		{EE925218-F50F-40DE-8C2A-5065EAC76932}.Release|iPhoneSimulator.Build.0 = Release|Any CPU
		{EE925218-F50F-40DE-8C2A-5065EAC76932}.Release|x64.ActiveCfg = Release|Any CPU
		{EE925218-F50F-40DE-8C2A-5065EAC76932}.Release|x64.Build.0 = Release|Any CPU
		{EE925218-F50F-40DE-8C2A-5065EAC76932}.Release|x86.ActiveCfg = Release|Any CPU
		{EE925218-F50F-40DE-8C2A-5065EAC76932}.Release|x86.Build.0 = Release|Any CPU
		{AE75FEC5-5673-4351-B296-BE0BAEA1C090}.Debug|Any CPU.ActiveCfg = Debug|Any CPU
		{AE75FEC5-5673-4351-B296-BE0BAEA1C090}.Debug|Any CPU.Build.0 = Debug|Any CPU
		{AE75FEC5-5673-4351-B296-BE0BAEA1C090}.Debug|ARM.ActiveCfg = Debug|Any CPU
		{AE75FEC5-5673-4351-B296-BE0BAEA1C090}.Debug|ARM.Build.0 = Debug|Any CPU
		{AE75FEC5-5673-4351-B296-BE0BAEA1C090}.Debug|iPhone.ActiveCfg = Debug|Any CPU
		{AE75FEC5-5673-4351-B296-BE0BAEA1C090}.Debug|iPhone.Build.0 = Debug|Any CPU
		{AE75FEC5-5673-4351-B296-BE0BAEA1C090}.Debug|iPhoneSimulator.ActiveCfg = Debug|Any CPU
		{AE75FEC5-5673-4351-B296-BE0BAEA1C090}.Debug|iPhoneSimulator.Build.0 = Debug|Any CPU
		{AE75FEC5-5673-4351-B296-BE0BAEA1C090}.Debug|x64.ActiveCfg = Debug|Any CPU
		{AE75FEC5-5673-4351-B296-BE0BAEA1C090}.Debug|x64.Build.0 = Debug|Any CPU
		{AE75FEC5-5673-4351-B296-BE0BAEA1C090}.Debug|x86.ActiveCfg = Debug|Any CPU
		{AE75FEC5-5673-4351-B296-BE0BAEA1C090}.Debug|x86.Build.0 = Debug|Any CPU
		{AE75FEC5-5673-4351-B296-BE0BAEA1C090}.Release|Any CPU.ActiveCfg = Release|Any CPU
		{AE75FEC5-5673-4351-B296-BE0BAEA1C090}.Release|Any CPU.Build.0 = Release|Any CPU
		{AE75FEC5-5673-4351-B296-BE0BAEA1C090}.Release|ARM.ActiveCfg = Release|Any CPU
		{AE75FEC5-5673-4351-B296-BE0BAEA1C090}.Release|ARM.Build.0 = Release|Any CPU
		{AE75FEC5-5673-4351-B296-BE0BAEA1C090}.Release|iPhone.ActiveCfg = Release|Any CPU
		{AE75FEC5-5673-4351-B296-BE0BAEA1C090}.Release|iPhone.Build.0 = Release|Any CPU
		{AE75FEC5-5673-4351-B296-BE0BAEA1C090}.Release|iPhoneSimulator.ActiveCfg = Release|Any CPU
		{AE75FEC5-5673-4351-B296-BE0BAEA1C090}.Release|iPhoneSimulator.Build.0 = Release|Any CPU
		{AE75FEC5-5673-4351-B296-BE0BAEA1C090}.Release|x64.ActiveCfg = Release|Any CPU
		{AE75FEC5-5673-4351-B296-BE0BAEA1C090}.Release|x64.Build.0 = Release|Any CPU
		{AE75FEC5-5673-4351-B296-BE0BAEA1C090}.Release|x86.ActiveCfg = Release|Any CPU
		{AE75FEC5-5673-4351-B296-BE0BAEA1C090}.Release|x86.Build.0 = Release|Any CPU
		{6370B6B2-A1F4-4A7C-A24F-D58E8DA7C47D}.Debug|Any CPU.ActiveCfg = Debug|Any CPU
		{6370B6B2-A1F4-4A7C-A24F-D58E8DA7C47D}.Debug|Any CPU.Build.0 = Debug|Any CPU
		{6370B6B2-A1F4-4A7C-A24F-D58E8DA7C47D}.Debug|ARM.ActiveCfg = Debug|Any CPU
		{6370B6B2-A1F4-4A7C-A24F-D58E8DA7C47D}.Debug|ARM.Build.0 = Debug|Any CPU
		{6370B6B2-A1F4-4A7C-A24F-D58E8DA7C47D}.Debug|iPhone.ActiveCfg = Debug|Any CPU
		{6370B6B2-A1F4-4A7C-A24F-D58E8DA7C47D}.Debug|iPhone.Build.0 = Debug|Any CPU
		{6370B6B2-A1F4-4A7C-A24F-D58E8DA7C47D}.Debug|iPhoneSimulator.ActiveCfg = Debug|Any CPU
		{6370B6B2-A1F4-4A7C-A24F-D58E8DA7C47D}.Debug|iPhoneSimulator.Build.0 = Debug|Any CPU
		{6370B6B2-A1F4-4A7C-A24F-D58E8DA7C47D}.Debug|x64.ActiveCfg = Debug|Any CPU
		{6370B6B2-A1F4-4A7C-A24F-D58E8DA7C47D}.Debug|x64.Build.0 = Debug|Any CPU
		{6370B6B2-A1F4-4A7C-A24F-D58E8DA7C47D}.Debug|x86.ActiveCfg = Debug|Any CPU
		{6370B6B2-A1F4-4A7C-A24F-D58E8DA7C47D}.Debug|x86.Build.0 = Debug|Any CPU
		{6370B6B2-A1F4-4A7C-A24F-D58E8DA7C47D}.Release|Any CPU.ActiveCfg = Release|Any CPU
		{6370B6B2-A1F4-4A7C-A24F-D58E8DA7C47D}.Release|Any CPU.Build.0 = Release|Any CPU
		{6370B6B2-A1F4-4A7C-A24F-D58E8DA7C47D}.Release|ARM.ActiveCfg = Release|Any CPU
		{6370B6B2-A1F4-4A7C-A24F-D58E8DA7C47D}.Release|ARM.Build.0 = Release|Any CPU
		{6370B6B2-A1F4-4A7C-A24F-D58E8DA7C47D}.Release|iPhone.ActiveCfg = Release|Any CPU
		{6370B6B2-A1F4-4A7C-A24F-D58E8DA7C47D}.Release|iPhone.Build.0 = Release|Any CPU
		{6370B6B2-A1F4-4A7C-A24F-D58E8DA7C47D}.Release|iPhoneSimulator.ActiveCfg = Release|Any CPU
		{6370B6B2-A1F4-4A7C-A24F-D58E8DA7C47D}.Release|iPhoneSimulator.Build.0 = Release|Any CPU
		{6370B6B2-A1F4-4A7C-A24F-D58E8DA7C47D}.Release|x64.ActiveCfg = Release|Any CPU
		{6370B6B2-A1F4-4A7C-A24F-D58E8DA7C47D}.Release|x64.Build.0 = Release|Any CPU
		{6370B6B2-A1F4-4A7C-A24F-D58E8DA7C47D}.Release|x86.ActiveCfg = Release|Any CPU
		{6370B6B2-A1F4-4A7C-A24F-D58E8DA7C47D}.Release|x86.Build.0 = Release|Any CPU
		{836B21CF-10F0-4DB6-A437-BC43F15EAC86}.Debug|Any CPU.ActiveCfg = Debug|Any CPU
		{836B21CF-10F0-4DB6-A437-BC43F15EAC86}.Debug|Any CPU.Build.0 = Debug|Any CPU
		{836B21CF-10F0-4DB6-A437-BC43F15EAC86}.Debug|ARM.ActiveCfg = Debug|Any CPU
		{836B21CF-10F0-4DB6-A437-BC43F15EAC86}.Debug|ARM.Build.0 = Debug|Any CPU
		{836B21CF-10F0-4DB6-A437-BC43F15EAC86}.Debug|iPhone.ActiveCfg = Debug|Any CPU
		{836B21CF-10F0-4DB6-A437-BC43F15EAC86}.Debug|iPhone.Build.0 = Debug|Any CPU
		{836B21CF-10F0-4DB6-A437-BC43F15EAC86}.Debug|iPhoneSimulator.ActiveCfg = Debug|Any CPU
		{836B21CF-10F0-4DB6-A437-BC43F15EAC86}.Debug|iPhoneSimulator.Build.0 = Debug|Any CPU
		{836B21CF-10F0-4DB6-A437-BC43F15EAC86}.Debug|x64.ActiveCfg = Debug|Any CPU
		{836B21CF-10F0-4DB6-A437-BC43F15EAC86}.Debug|x64.Build.0 = Debug|Any CPU
		{836B21CF-10F0-4DB6-A437-BC43F15EAC86}.Debug|x86.ActiveCfg = Debug|Any CPU
		{836B21CF-10F0-4DB6-A437-BC43F15EAC86}.Debug|x86.Build.0 = Debug|Any CPU
		{836B21CF-10F0-4DB6-A437-BC43F15EAC86}.Release|Any CPU.ActiveCfg = Release|Any CPU
		{836B21CF-10F0-4DB6-A437-BC43F15EAC86}.Release|Any CPU.Build.0 = Release|Any CPU
		{836B21CF-10F0-4DB6-A437-BC43F15EAC86}.Release|ARM.ActiveCfg = Release|Any CPU
		{836B21CF-10F0-4DB6-A437-BC43F15EAC86}.Release|ARM.Build.0 = Release|Any CPU
		{836B21CF-10F0-4DB6-A437-BC43F15EAC86}.Release|iPhone.ActiveCfg = Release|Any CPU
		{836B21CF-10F0-4DB6-A437-BC43F15EAC86}.Release|iPhone.Build.0 = Release|Any CPU
		{836B21CF-10F0-4DB6-A437-BC43F15EAC86}.Release|iPhoneSimulator.ActiveCfg = Release|Any CPU
		{836B21CF-10F0-4DB6-A437-BC43F15EAC86}.Release|iPhoneSimulator.Build.0 = Release|Any CPU
		{836B21CF-10F0-4DB6-A437-BC43F15EAC86}.Release|x64.ActiveCfg = Release|Any CPU
		{836B21CF-10F0-4DB6-A437-BC43F15EAC86}.Release|x64.Build.0 = Release|Any CPU
		{836B21CF-10F0-4DB6-A437-BC43F15EAC86}.Release|x86.ActiveCfg = Release|Any CPU
		{836B21CF-10F0-4DB6-A437-BC43F15EAC86}.Release|x86.Build.0 = Release|Any CPU
		{C55C8DD2-0CEF-4D71-A75D-F495F2ABAEE8}.Debug|Any CPU.ActiveCfg = Debug|Any CPU
		{C55C8DD2-0CEF-4D71-A75D-F495F2ABAEE8}.Debug|Any CPU.Build.0 = Debug|Any CPU
		{C55C8DD2-0CEF-4D71-A75D-F495F2ABAEE8}.Debug|ARM.ActiveCfg = Debug|Any CPU
		{C55C8DD2-0CEF-4D71-A75D-F495F2ABAEE8}.Debug|ARM.Build.0 = Debug|Any CPU
		{C55C8DD2-0CEF-4D71-A75D-F495F2ABAEE8}.Debug|iPhone.ActiveCfg = Debug|Any CPU
		{C55C8DD2-0CEF-4D71-A75D-F495F2ABAEE8}.Debug|iPhone.Build.0 = Debug|Any CPU
		{C55C8DD2-0CEF-4D71-A75D-F495F2ABAEE8}.Debug|iPhoneSimulator.ActiveCfg = Debug|Any CPU
		{C55C8DD2-0CEF-4D71-A75D-F495F2ABAEE8}.Debug|iPhoneSimulator.Build.0 = Debug|Any CPU
		{C55C8DD2-0CEF-4D71-A75D-F495F2ABAEE8}.Debug|x64.ActiveCfg = Debug|Any CPU
		{C55C8DD2-0CEF-4D71-A75D-F495F2ABAEE8}.Debug|x64.Build.0 = Debug|Any CPU
		{C55C8DD2-0CEF-4D71-A75D-F495F2ABAEE8}.Debug|x86.ActiveCfg = Debug|Any CPU
		{C55C8DD2-0CEF-4D71-A75D-F495F2ABAEE8}.Debug|x86.Build.0 = Debug|Any CPU
		{C55C8DD2-0CEF-4D71-A75D-F495F2ABAEE8}.Release|Any CPU.ActiveCfg = Release|Any CPU
		{C55C8DD2-0CEF-4D71-A75D-F495F2ABAEE8}.Release|Any CPU.Build.0 = Release|Any CPU
		{C55C8DD2-0CEF-4D71-A75D-F495F2ABAEE8}.Release|ARM.ActiveCfg = Release|Any CPU
		{C55C8DD2-0CEF-4D71-A75D-F495F2ABAEE8}.Release|ARM.Build.0 = Release|Any CPU
		{C55C8DD2-0CEF-4D71-A75D-F495F2ABAEE8}.Release|iPhone.ActiveCfg = Release|Any CPU
		{C55C8DD2-0CEF-4D71-A75D-F495F2ABAEE8}.Release|iPhone.Build.0 = Release|Any CPU
		{C55C8DD2-0CEF-4D71-A75D-F495F2ABAEE8}.Release|iPhoneSimulator.ActiveCfg = Release|Any CPU
		{C55C8DD2-0CEF-4D71-A75D-F495F2ABAEE8}.Release|iPhoneSimulator.Build.0 = Release|Any CPU
		{C55C8DD2-0CEF-4D71-A75D-F495F2ABAEE8}.Release|x64.ActiveCfg = Release|Any CPU
		{C55C8DD2-0CEF-4D71-A75D-F495F2ABAEE8}.Release|x64.Build.0 = Release|Any CPU
		{C55C8DD2-0CEF-4D71-A75D-F495F2ABAEE8}.Release|x86.ActiveCfg = Release|Any CPU
		{C55C8DD2-0CEF-4D71-A75D-F495F2ABAEE8}.Release|x86.Build.0 = Release|Any CPU
		{91DF572A-CB40-4D5F-9F09-6244E60C7625}.Debug|Any CPU.ActiveCfg = Debug|Any CPU
		{91DF572A-CB40-4D5F-9F09-6244E60C7625}.Debug|Any CPU.Build.0 = Debug|Any CPU
		{91DF572A-CB40-4D5F-9F09-6244E60C7625}.Debug|ARM.ActiveCfg = Debug|Any CPU
		{91DF572A-CB40-4D5F-9F09-6244E60C7625}.Debug|ARM.Build.0 = Debug|Any CPU
		{91DF572A-CB40-4D5F-9F09-6244E60C7625}.Debug|iPhone.ActiveCfg = Debug|Any CPU
		{91DF572A-CB40-4D5F-9F09-6244E60C7625}.Debug|iPhone.Build.0 = Debug|Any CPU
		{91DF572A-CB40-4D5F-9F09-6244E60C7625}.Debug|iPhoneSimulator.ActiveCfg = Debug|Any CPU
		{91DF572A-CB40-4D5F-9F09-6244E60C7625}.Debug|iPhoneSimulator.Build.0 = Debug|Any CPU
		{91DF572A-CB40-4D5F-9F09-6244E60C7625}.Debug|x64.ActiveCfg = Debug|Any CPU
		{91DF572A-CB40-4D5F-9F09-6244E60C7625}.Debug|x64.Build.0 = Debug|Any CPU
		{91DF572A-CB40-4D5F-9F09-6244E60C7625}.Debug|x86.ActiveCfg = Debug|Any CPU
		{91DF572A-CB40-4D5F-9F09-6244E60C7625}.Debug|x86.Build.0 = Debug|Any CPU
		{91DF572A-CB40-4D5F-9F09-6244E60C7625}.Release|Any CPU.ActiveCfg = Release|Any CPU
		{91DF572A-CB40-4D5F-9F09-6244E60C7625}.Release|Any CPU.Build.0 = Release|Any CPU
		{91DF572A-CB40-4D5F-9F09-6244E60C7625}.Release|ARM.ActiveCfg = Release|Any CPU
		{91DF572A-CB40-4D5F-9F09-6244E60C7625}.Release|ARM.Build.0 = Release|Any CPU
		{91DF572A-CB40-4D5F-9F09-6244E60C7625}.Release|iPhone.ActiveCfg = Release|Any CPU
		{91DF572A-CB40-4D5F-9F09-6244E60C7625}.Release|iPhone.Build.0 = Release|Any CPU
		{91DF572A-CB40-4D5F-9F09-6244E60C7625}.Release|iPhoneSimulator.ActiveCfg = Release|Any CPU
		{91DF572A-CB40-4D5F-9F09-6244E60C7625}.Release|iPhoneSimulator.Build.0 = Release|Any CPU
		{91DF572A-CB40-4D5F-9F09-6244E60C7625}.Release|x64.ActiveCfg = Release|Any CPU
		{91DF572A-CB40-4D5F-9F09-6244E60C7625}.Release|x64.Build.0 = Release|Any CPU
		{91DF572A-CB40-4D5F-9F09-6244E60C7625}.Release|x86.ActiveCfg = Release|Any CPU
		{91DF572A-CB40-4D5F-9F09-6244E60C7625}.Release|x86.Build.0 = Release|Any CPU
		{4B690A05-D653-4CC5-A34E-CB4A6472729A}.Debug|Any CPU.ActiveCfg = Debug|Any CPU
		{4B690A05-D653-4CC5-A34E-CB4A6472729A}.Debug|Any CPU.Build.0 = Debug|Any CPU
		{4B690A05-D653-4CC5-A34E-CB4A6472729A}.Debug|ARM.ActiveCfg = Debug|Any CPU
		{4B690A05-D653-4CC5-A34E-CB4A6472729A}.Debug|ARM.Build.0 = Debug|Any CPU
		{4B690A05-D653-4CC5-A34E-CB4A6472729A}.Debug|iPhone.ActiveCfg = Debug|Any CPU
		{4B690A05-D653-4CC5-A34E-CB4A6472729A}.Debug|iPhone.Build.0 = Debug|Any CPU
		{4B690A05-D653-4CC5-A34E-CB4A6472729A}.Debug|iPhoneSimulator.ActiveCfg = Debug|Any CPU
		{4B690A05-D653-4CC5-A34E-CB4A6472729A}.Debug|iPhoneSimulator.Build.0 = Debug|Any CPU
		{4B690A05-D653-4CC5-A34E-CB4A6472729A}.Debug|x64.ActiveCfg = Debug|Any CPU
		{4B690A05-D653-4CC5-A34E-CB4A6472729A}.Debug|x64.Build.0 = Debug|Any CPU
		{4B690A05-D653-4CC5-A34E-CB4A6472729A}.Debug|x86.ActiveCfg = Debug|Any CPU
		{4B690A05-D653-4CC5-A34E-CB4A6472729A}.Debug|x86.Build.0 = Debug|Any CPU
		{4B690A05-D653-4CC5-A34E-CB4A6472729A}.Release|Any CPU.ActiveCfg = Release|Any CPU
		{4B690A05-D653-4CC5-A34E-CB4A6472729A}.Release|Any CPU.Build.0 = Release|Any CPU
		{4B690A05-D653-4CC5-A34E-CB4A6472729A}.Release|ARM.ActiveCfg = Release|Any CPU
		{4B690A05-D653-4CC5-A34E-CB4A6472729A}.Release|ARM.Build.0 = Release|Any CPU
		{4B690A05-D653-4CC5-A34E-CB4A6472729A}.Release|iPhone.ActiveCfg = Release|Any CPU
		{4B690A05-D653-4CC5-A34E-CB4A6472729A}.Release|iPhone.Build.0 = Release|Any CPU
		{4B690A05-D653-4CC5-A34E-CB4A6472729A}.Release|iPhoneSimulator.ActiveCfg = Release|Any CPU
		{4B690A05-D653-4CC5-A34E-CB4A6472729A}.Release|iPhoneSimulator.Build.0 = Release|Any CPU
		{4B690A05-D653-4CC5-A34E-CB4A6472729A}.Release|x64.ActiveCfg = Release|Any CPU
		{4B690A05-D653-4CC5-A34E-CB4A6472729A}.Release|x64.Build.0 = Release|Any CPU
		{4B690A05-D653-4CC5-A34E-CB4A6472729A}.Release|x86.ActiveCfg = Release|Any CPU
		{4B690A05-D653-4CC5-A34E-CB4A6472729A}.Release|x86.Build.0 = Release|Any CPU
		{8E2211C7-EA20-4670-98DB-0489D2127DAB}.Debug|Any CPU.ActiveCfg = Debug|Any CPU
		{8E2211C7-EA20-4670-98DB-0489D2127DAB}.Debug|Any CPU.Build.0 = Debug|Any CPU
		{8E2211C7-EA20-4670-98DB-0489D2127DAB}.Debug|ARM.ActiveCfg = Debug|Any CPU
		{8E2211C7-EA20-4670-98DB-0489D2127DAB}.Debug|ARM.Build.0 = Debug|Any CPU
		{8E2211C7-EA20-4670-98DB-0489D2127DAB}.Debug|iPhone.ActiveCfg = Debug|Any CPU
		{8E2211C7-EA20-4670-98DB-0489D2127DAB}.Debug|iPhone.Build.0 = Debug|Any CPU
		{8E2211C7-EA20-4670-98DB-0489D2127DAB}.Debug|iPhoneSimulator.ActiveCfg = Debug|Any CPU
		{8E2211C7-EA20-4670-98DB-0489D2127DAB}.Debug|iPhoneSimulator.Build.0 = Debug|Any CPU
		{8E2211C7-EA20-4670-98DB-0489D2127DAB}.Debug|x64.ActiveCfg = Debug|Any CPU
		{8E2211C7-EA20-4670-98DB-0489D2127DAB}.Debug|x64.Build.0 = Debug|Any CPU
		{8E2211C7-EA20-4670-98DB-0489D2127DAB}.Debug|x86.ActiveCfg = Debug|Any CPU
		{8E2211C7-EA20-4670-98DB-0489D2127DAB}.Debug|x86.Build.0 = Debug|Any CPU
		{8E2211C7-EA20-4670-98DB-0489D2127DAB}.Release|Any CPU.ActiveCfg = Release|Any CPU
		{8E2211C7-EA20-4670-98DB-0489D2127DAB}.Release|Any CPU.Build.0 = Release|Any CPU
		{8E2211C7-EA20-4670-98DB-0489D2127DAB}.Release|ARM.ActiveCfg = Release|Any CPU
		{8E2211C7-EA20-4670-98DB-0489D2127DAB}.Release|ARM.Build.0 = Release|Any CPU
		{8E2211C7-EA20-4670-98DB-0489D2127DAB}.Release|iPhone.ActiveCfg = Release|Any CPU
		{8E2211C7-EA20-4670-98DB-0489D2127DAB}.Release|iPhone.Build.0 = Release|Any CPU
		{8E2211C7-EA20-4670-98DB-0489D2127DAB}.Release|iPhoneSimulator.ActiveCfg = Release|Any CPU
		{8E2211C7-EA20-4670-98DB-0489D2127DAB}.Release|iPhoneSimulator.Build.0 = Release|Any CPU
		{8E2211C7-EA20-4670-98DB-0489D2127DAB}.Release|x64.ActiveCfg = Release|Any CPU
		{8E2211C7-EA20-4670-98DB-0489D2127DAB}.Release|x64.Build.0 = Release|Any CPU
		{8E2211C7-EA20-4670-98DB-0489D2127DAB}.Release|x86.ActiveCfg = Release|Any CPU
		{8E2211C7-EA20-4670-98DB-0489D2127DAB}.Release|x86.Build.0 = Release|Any CPU
		{4EDBF443-6305-48DA-90E7-9943E6E97B03}.Debug|Any CPU.ActiveCfg = Debug|Any CPU
		{4EDBF443-6305-48DA-90E7-9943E6E97B03}.Debug|Any CPU.Build.0 = Debug|Any CPU
		{4EDBF443-6305-48DA-90E7-9943E6E97B03}.Debug|ARM.ActiveCfg = Debug|Any CPU
		{4EDBF443-6305-48DA-90E7-9943E6E97B03}.Debug|ARM.Build.0 = Debug|Any CPU
		{4EDBF443-6305-48DA-90E7-9943E6E97B03}.Debug|iPhone.ActiveCfg = Debug|Any CPU
		{4EDBF443-6305-48DA-90E7-9943E6E97B03}.Debug|iPhone.Build.0 = Debug|Any CPU
		{4EDBF443-6305-48DA-90E7-9943E6E97B03}.Debug|iPhoneSimulator.ActiveCfg = Debug|Any CPU
		{4EDBF443-6305-48DA-90E7-9943E6E97B03}.Debug|iPhoneSimulator.Build.0 = Debug|Any CPU
		{4EDBF443-6305-48DA-90E7-9943E6E97B03}.Debug|x64.ActiveCfg = Debug|Any CPU
		{4EDBF443-6305-48DA-90E7-9943E6E97B03}.Debug|x64.Build.0 = Debug|Any CPU
		{4EDBF443-6305-48DA-90E7-9943E6E97B03}.Debug|x86.ActiveCfg = Debug|Any CPU
		{4EDBF443-6305-48DA-90E7-9943E6E97B03}.Debug|x86.Build.0 = Debug|Any CPU
		{4EDBF443-6305-48DA-90E7-9943E6E97B03}.Release|Any CPU.ActiveCfg = Release|Any CPU
		{4EDBF443-6305-48DA-90E7-9943E6E97B03}.Release|Any CPU.Build.0 = Release|Any CPU
		{4EDBF443-6305-48DA-90E7-9943E6E97B03}.Release|ARM.ActiveCfg = Release|Any CPU
		{4EDBF443-6305-48DA-90E7-9943E6E97B03}.Release|ARM.Build.0 = Release|Any CPU
		{4EDBF443-6305-48DA-90E7-9943E6E97B03}.Release|iPhone.ActiveCfg = Release|Any CPU
		{4EDBF443-6305-48DA-90E7-9943E6E97B03}.Release|iPhone.Build.0 = Release|Any CPU
		{4EDBF443-6305-48DA-90E7-9943E6E97B03}.Release|iPhoneSimulator.ActiveCfg = Release|Any CPU
		{4EDBF443-6305-48DA-90E7-9943E6E97B03}.Release|iPhoneSimulator.Build.0 = Release|Any CPU
		{4EDBF443-6305-48DA-90E7-9943E6E97B03}.Release|x64.ActiveCfg = Release|Any CPU
		{4EDBF443-6305-48DA-90E7-9943E6E97B03}.Release|x64.Build.0 = Release|Any CPU
		{4EDBF443-6305-48DA-90E7-9943E6E97B03}.Release|x86.ActiveCfg = Release|Any CPU
		{4EDBF443-6305-48DA-90E7-9943E6E97B03}.Release|x86.Build.0 = Release|Any CPU
		{B5A95CCE-FF80-4ACA-AA49-F150C23C65D5}.Debug|Any CPU.ActiveCfg = Debug|Any CPU
		{B5A95CCE-FF80-4ACA-AA49-F150C23C65D5}.Debug|Any CPU.Build.0 = Debug|Any CPU
		{B5A95CCE-FF80-4ACA-AA49-F150C23C65D5}.Debug|ARM.ActiveCfg = Debug|Any CPU
		{B5A95CCE-FF80-4ACA-AA49-F150C23C65D5}.Debug|ARM.Build.0 = Debug|Any CPU
		{B5A95CCE-FF80-4ACA-AA49-F150C23C65D5}.Debug|iPhone.ActiveCfg = Debug|Any CPU
		{B5A95CCE-FF80-4ACA-AA49-F150C23C65D5}.Debug|iPhone.Build.0 = Debug|Any CPU
		{B5A95CCE-FF80-4ACA-AA49-F150C23C65D5}.Debug|iPhoneSimulator.ActiveCfg = Debug|Any CPU
		{B5A95CCE-FF80-4ACA-AA49-F150C23C65D5}.Debug|iPhoneSimulator.Build.0 = Debug|Any CPU
		{B5A95CCE-FF80-4ACA-AA49-F150C23C65D5}.Debug|x64.ActiveCfg = Debug|Any CPU
		{B5A95CCE-FF80-4ACA-AA49-F150C23C65D5}.Debug|x64.Build.0 = Debug|Any CPU
		{B5A95CCE-FF80-4ACA-AA49-F150C23C65D5}.Debug|x86.ActiveCfg = Debug|Any CPU
		{B5A95CCE-FF80-4ACA-AA49-F150C23C65D5}.Debug|x86.Build.0 = Debug|Any CPU
		{B5A95CCE-FF80-4ACA-AA49-F150C23C65D5}.Release|Any CPU.ActiveCfg = Release|Any CPU
		{B5A95CCE-FF80-4ACA-AA49-F150C23C65D5}.Release|Any CPU.Build.0 = Release|Any CPU
		{B5A95CCE-FF80-4ACA-AA49-F150C23C65D5}.Release|ARM.ActiveCfg = Release|Any CPU
		{B5A95CCE-FF80-4ACA-AA49-F150C23C65D5}.Release|ARM.Build.0 = Release|Any CPU
		{B5A95CCE-FF80-4ACA-AA49-F150C23C65D5}.Release|iPhone.ActiveCfg = Release|Any CPU
		{B5A95CCE-FF80-4ACA-AA49-F150C23C65D5}.Release|iPhone.Build.0 = Release|Any CPU
		{B5A95CCE-FF80-4ACA-AA49-F150C23C65D5}.Release|iPhoneSimulator.ActiveCfg = Release|Any CPU
		{B5A95CCE-FF80-4ACA-AA49-F150C23C65D5}.Release|iPhoneSimulator.Build.0 = Release|Any CPU
		{B5A95CCE-FF80-4ACA-AA49-F150C23C65D5}.Release|x64.ActiveCfg = Release|Any CPU
		{B5A95CCE-FF80-4ACA-AA49-F150C23C65D5}.Release|x64.Build.0 = Release|Any CPU
		{B5A95CCE-FF80-4ACA-AA49-F150C23C65D5}.Release|x86.ActiveCfg = Release|Any CPU
		{B5A95CCE-FF80-4ACA-AA49-F150C23C65D5}.Release|x86.Build.0 = Release|Any CPU
		{AFCC1DB4-0405-4DA7-BCEE-D78F524A1F05}.Debug|Any CPU.ActiveCfg = Debug|Any CPU
		{AFCC1DB4-0405-4DA7-BCEE-D78F524A1F05}.Debug|Any CPU.Build.0 = Debug|Any CPU
		{AFCC1DB4-0405-4DA7-BCEE-D78F524A1F05}.Debug|ARM.ActiveCfg = Debug|Any CPU
		{AFCC1DB4-0405-4DA7-BCEE-D78F524A1F05}.Debug|ARM.Build.0 = Debug|Any CPU
		{AFCC1DB4-0405-4DA7-BCEE-D78F524A1F05}.Debug|iPhone.ActiveCfg = Debug|Any CPU
		{AFCC1DB4-0405-4DA7-BCEE-D78F524A1F05}.Debug|iPhone.Build.0 = Debug|Any CPU
		{AFCC1DB4-0405-4DA7-BCEE-D78F524A1F05}.Debug|iPhoneSimulator.ActiveCfg = Debug|Any CPU
		{AFCC1DB4-0405-4DA7-BCEE-D78F524A1F05}.Debug|iPhoneSimulator.Build.0 = Debug|Any CPU
		{AFCC1DB4-0405-4DA7-BCEE-D78F524A1F05}.Debug|x64.ActiveCfg = Debug|Any CPU
		{AFCC1DB4-0405-4DA7-BCEE-D78F524A1F05}.Debug|x64.Build.0 = Debug|Any CPU
		{AFCC1DB4-0405-4DA7-BCEE-D78F524A1F05}.Debug|x86.ActiveCfg = Debug|Any CPU
		{AFCC1DB4-0405-4DA7-BCEE-D78F524A1F05}.Debug|x86.Build.0 = Debug|Any CPU
		{AFCC1DB4-0405-4DA7-BCEE-D78F524A1F05}.Release|Any CPU.ActiveCfg = Release|Any CPU
		{AFCC1DB4-0405-4DA7-BCEE-D78F524A1F05}.Release|Any CPU.Build.0 = Release|Any CPU
		{AFCC1DB4-0405-4DA7-BCEE-D78F524A1F05}.Release|ARM.ActiveCfg = Release|Any CPU
		{AFCC1DB4-0405-4DA7-BCEE-D78F524A1F05}.Release|ARM.Build.0 = Release|Any CPU
		{AFCC1DB4-0405-4DA7-BCEE-D78F524A1F05}.Release|iPhone.ActiveCfg = Release|Any CPU
		{AFCC1DB4-0405-4DA7-BCEE-D78F524A1F05}.Release|iPhone.Build.0 = Release|Any CPU
		{AFCC1DB4-0405-4DA7-BCEE-D78F524A1F05}.Release|iPhoneSimulator.ActiveCfg = Release|Any CPU
		{AFCC1DB4-0405-4DA7-BCEE-D78F524A1F05}.Release|iPhoneSimulator.Build.0 = Release|Any CPU
		{AFCC1DB4-0405-4DA7-BCEE-D78F524A1F05}.Release|x64.ActiveCfg = Release|Any CPU
		{AFCC1DB4-0405-4DA7-BCEE-D78F524A1F05}.Release|x64.Build.0 = Release|Any CPU
		{AFCC1DB4-0405-4DA7-BCEE-D78F524A1F05}.Release|x86.ActiveCfg = Release|Any CPU
		{AFCC1DB4-0405-4DA7-BCEE-D78F524A1F05}.Release|x86.Build.0 = Release|Any CPU
		{33B974F8-1076-4D66-A212-75614C888B26}.Debug|Any CPU.ActiveCfg = Debug|Any CPU
		{33B974F8-1076-4D66-A212-75614C888B26}.Debug|Any CPU.Build.0 = Debug|Any CPU
		{33B974F8-1076-4D66-A212-75614C888B26}.Debug|ARM.ActiveCfg = Debug|Any CPU
		{33B974F8-1076-4D66-A212-75614C888B26}.Debug|ARM.Build.0 = Debug|Any CPU
		{33B974F8-1076-4D66-A212-75614C888B26}.Debug|iPhone.ActiveCfg = Debug|Any CPU
		{33B974F8-1076-4D66-A212-75614C888B26}.Debug|iPhone.Build.0 = Debug|Any CPU
		{33B974F8-1076-4D66-A212-75614C888B26}.Debug|iPhoneSimulator.ActiveCfg = Debug|Any CPU
		{33B974F8-1076-4D66-A212-75614C888B26}.Debug|iPhoneSimulator.Build.0 = Debug|Any CPU
		{33B974F8-1076-4D66-A212-75614C888B26}.Debug|x64.ActiveCfg = Debug|Any CPU
		{33B974F8-1076-4D66-A212-75614C888B26}.Debug|x64.Build.0 = Debug|Any CPU
		{33B974F8-1076-4D66-A212-75614C888B26}.Debug|x86.ActiveCfg = Debug|Any CPU
		{33B974F8-1076-4D66-A212-75614C888B26}.Debug|x86.Build.0 = Debug|Any CPU
		{33B974F8-1076-4D66-A212-75614C888B26}.Release|Any CPU.ActiveCfg = Release|Any CPU
		{33B974F8-1076-4D66-A212-75614C888B26}.Release|Any CPU.Build.0 = Release|Any CPU
		{33B974F8-1076-4D66-A212-75614C888B26}.Release|ARM.ActiveCfg = Release|Any CPU
		{33B974F8-1076-4D66-A212-75614C888B26}.Release|ARM.Build.0 = Release|Any CPU
		{33B974F8-1076-4D66-A212-75614C888B26}.Release|iPhone.ActiveCfg = Release|Any CPU
		{33B974F8-1076-4D66-A212-75614C888B26}.Release|iPhone.Build.0 = Release|Any CPU
		{33B974F8-1076-4D66-A212-75614C888B26}.Release|iPhoneSimulator.ActiveCfg = Release|Any CPU
		{33B974F8-1076-4D66-A212-75614C888B26}.Release|iPhoneSimulator.Build.0 = Release|Any CPU
		{33B974F8-1076-4D66-A212-75614C888B26}.Release|x64.ActiveCfg = Release|Any CPU
		{33B974F8-1076-4D66-A212-75614C888B26}.Release|x64.Build.0 = Release|Any CPU
		{33B974F8-1076-4D66-A212-75614C888B26}.Release|x86.ActiveCfg = Release|Any CPU
		{33B974F8-1076-4D66-A212-75614C888B26}.Release|x86.Build.0 = Release|Any CPU
	EndGlobalSection
	GlobalSection(SolutionProperties) = preSolution
		HideSolutionNode = FALSE
	EndGlobalSection
	GlobalSection(NestedProjects) = preSolution
		{A2563433-9CE0-42ED-BB51-640A0FFA9D0F} = {51B0C2C7-732B-4A5C-A4F2-55655D147866}
		{9B960D09-426D-4D5A-90AC-8971D255E48F} = {51B0C2C7-732B-4A5C-A4F2-55655D147866}
		{C9938859-CB05-4AAD-909A-8118F3D6B47A} = {51B0C2C7-732B-4A5C-A4F2-55655D147866}
		{F9CC0B31-7A41-46A6-9A23-EECF765F4E2C} = {51B0C2C7-732B-4A5C-A4F2-55655D147866}
		{108D8FA2-92DB-4D6F-8E94-1C138CFC15E8} = {51B0C2C7-732B-4A5C-A4F2-55655D147866}
		{854B652B-685E-4147-BBA3-0E1DA85FDEE5} = {7BB41E64-A9E4-4675-8CE6-98360BF6AB0C}
		{941BC633-58F2-4D38-ACFA-DA4B381AC406} = {7BB41E64-A9E4-4675-8CE6-98360BF6AB0C}
		{C4320934-1A4F-4037-813F-5159C3FB97EE} = {7BB41E64-A9E4-4675-8CE6-98360BF6AB0C}
		{EE925218-F50F-40DE-8C2A-5065EAC76932} = {7BB41E64-A9E4-4675-8CE6-98360BF6AB0C}
		{AE75FEC5-5673-4351-B296-BE0BAEA1C090} = {7BB41E64-A9E4-4675-8CE6-98360BF6AB0C}
		{6370B6B2-A1F4-4A7C-A24F-D58E8DA7C47D} = {7BB41E64-A9E4-4675-8CE6-98360BF6AB0C}
		{836B21CF-10F0-4DB6-A437-BC43F15EAC86} = {7BB41E64-A9E4-4675-8CE6-98360BF6AB0C}
		{C55C8DD2-0CEF-4D71-A75D-F495F2ABAEE8} = {7BB41E64-A9E4-4675-8CE6-98360BF6AB0C}
		{91DF572A-CB40-4D5F-9F09-6244E60C7625} = {7BB41E64-A9E4-4675-8CE6-98360BF6AB0C}
		{4B690A05-D653-4CC5-A34E-CB4A6472729A} = {7BB41E64-A9E4-4675-8CE6-98360BF6AB0C}
		{8E2211C7-EA20-4670-98DB-0489D2127DAB} = {E546FFE2-58F6-4F5B-8EDB-15056F9810BA}
		{4EDBF443-6305-48DA-90E7-9943E6E97B03} = {5555F827-12DF-4D15-BF07-3A720FC2EF3F}
		{B5A95CCE-FF80-4ACA-AA49-F150C23C65D5} = {5555F827-12DF-4D15-BF07-3A720FC2EF3F}
		{33B974F8-1076-4D66-A212-75614C888B26} = {5555F827-12DF-4D15-BF07-3A720FC2EF3F}
	EndGlobalSection
	GlobalSection(ExtensibilityGlobals) = postSolution
		SolutionGuid = {08D78153-5DD7-4C52-A348-46AA448B2CFC}
	EndGlobalSection
EndGlobal
