<Solution>
  <Folder Name="/samples/">
    <Project Path="samples/SkiaSharpDemo.Blazor/SkiaSharpDemo.Blazor.csproj" />
    <Project Path="samples/SkiaSharpDemo/SkiaSharpDemo.csproj" />
  </Folder>
  <Folder Name="/source/">
    <Project Path="source/SkiaSharp.Drawing/SkiaSharp.Drawing.csproj" />
    <Project Path="source/SkiaSharp.Extended.UI.Maui/SkiaSharp.Extended.UI.Maui.csproj" />
    <Project Path="source/SkiaSharp.Extended/SkiaSharp.Extended.csproj" />
  </Folder>
  <Folder Name="/tests/">
    <Project Path="tests/SkiaSharp.Extended.Tests/SkiaSharp.Extended.Tests.csproj" />
    <Project Path="tests/SkiaSharp.Extended.UI.Maui.Tests/SkiaSharp.Extended.UI.Maui.Tests.csproj" />
  </Folder>
</Solution>
