
Microsoft Visual Studio Solution File, Format Version 12.00
# Visual Studio Version 17
VisualStudioVersion = 17.3.32515.10
MinimumVisualStudioVersion = 10.0.40219.1
Project("{2150E333-8FDC-42A3-9474-1A3956D46DE8}") = "source", "source", "{5DEC7961-7CE3-44D7-A7FC-6185BA2D37FE}"
EndProject
Project("{2150E333-8FDC-42A3-9474-1A3956D46DE8}") = "samples", "samples", "{51B0C2C7-732B-4A5C-A4F2-55655D147866}"
EndProject
Project("{9A19103F-16F7-4668-BE54-9A1E7A4F7556}") = "SkiaSharp.Extended", "source\SkiaSharp.Extended\SkiaSharp.Extended.csproj", "{FDA62359-1C0D-4661-8ACF-023EF7DAF2A0}"
EndProject
Project("{2150E333-8FDC-42A3-9474-1A3956D46DE8}") = "tests", "tests", "{5555F827-12DF-4D15-BF07-3A720FC2EF3F}"
EndProject
Project("{9A19103F-16F7-4668-BE54-9A1E7A4F7556}") = "SkiaSharp.Extended.Tests", "tests\SkiaSharp.Extended.Tests\SkiaSharp.Extended.Tests.csproj", "{B5A95CCE-FF80-4ACA-AA49-F150C23C65D5}"
EndProject
Project("{9A19103F-16F7-4668-BE54-9A1E7A4F7556}") = "SkiaSharp.Extended.UI.Maui", "source\SkiaSharp.Extended.UI.Maui\SkiaSharp.Extended.UI.Maui.csproj", "{2C0DAB3F-1246-4AE7-BFA5-E7F5DDD7E1C4}"
EndProject
Project("{9A19103F-16F7-4668-BE54-9A1E7A4F7556}") = "SkiaSharpDemo", "samples\SkiaSharpDemo\SkiaSharpDemo.csproj", "{2C67033A-2C49-4146-B942-9CDD2E0BA412}"
EndProject
Project("{9A19103F-16F7-4668-BE54-9A1E7A4F7556}") = "SkiaSharp.Extended.UI.Maui.Tests", "tests\SkiaSharp.Extended.UI.Maui.Tests\SkiaSharp.Extended.UI.Maui.Tests.csproj", "{4B4EC78C-33B5-456D-BD7D-4358D16272F4}"
EndProject
Project("{FAE04EC0-301F-11D3-BF4B-00C04F79EFBC}") = "SkiaSharp.Extended.DeepZoom", "source\SkiaSharp.Extended.DeepZoom\SkiaSharp.Extended.DeepZoom.csproj", "{96220448-FE2A-4BE4-845B-97639413A14F}"
EndProject
Project("{FAE04EC0-301F-11D3-BF4B-00C04F79EFBC}") = "SkiaSharp.Extended.PivotViewer", "source\SkiaSharp.Extended.PivotViewer\SkiaSharp.Extended.PivotViewer.csproj", "{56CCE31E-6F64-467B-9E30-D8EF4D949F8C}"
EndProject
Project("{FAE04EC0-301F-11D3-BF4B-00C04F79EFBC}") = "SkiaSharp.Extended.DeepZoom.Tests", "tests\SkiaSharp.Extended.DeepZoom.Tests\SkiaSharp.Extended.DeepZoom.Tests.csproj", "{51B9A8D1-D15D-42F3-9E10-0104D8171DD7}"
EndProject
Project("{FAE04EC0-301F-11D3-BF4B-00C04F79EFBC}") = "SkiaSharp.Extended.PivotViewer.Tests", "tests\SkiaSharp.Extended.PivotViewer.Tests\SkiaSharp.Extended.PivotViewer.Tests.csproj", "{4762F8C1-9C2E-44A0-A6BF-7529FF281FF1}"
EndProject
Project("{FAE04EC0-301F-11D3-BF4B-00C04F79EFBC}") = "MauiPivotViewer", "samples\MauiPivotViewer\MauiPivotViewer.csproj", "{46BD5BE3-DCEC-4751-BB53-86B4C7FA4652}"
EndProject
Project("{FAE04EC0-301F-11D3-BF4B-00C04F79EFBC}") = "SkiaSharp.Extended.UI.Maui.PivotViewer", "source\SkiaSharp.Extended.UI.Maui.PivotViewer\SkiaSharp.Extended.UI.Maui.PivotViewer.csproj", "{F1CCF25B-22E5-41A2-943A-0A307EC885C5}"
EndProject
Project("{FAE04EC0-301F-11D3-BF4B-00C04F79EFBC}") = "SkiaSharp.Extended.UI.Maui.DeepZoom", "source\SkiaSharp.Extended.UI.Maui.DeepZoom\SkiaSharp.Extended.UI.Maui.DeepZoom.csproj", "{2E15CADA-4F93-4F6F-8BB3-8D13E26ED94F}"
EndProject
Project("{FAE04EC0-301F-11D3-BF4B-00C04F79EFBC}") = "MauiDeepZoom", "samples\MauiDeepZoom\MauiDeepZoom.csproj", "{231CCBB4-1767-4884-91EF-3B585B5E16F8}"
EndProject
Global
	GlobalSection(SolutionConfigurationPlatforms) = preSolution
		Debug|Any CPU = Debug|Any CPU
		Debug|x64 = Debug|x64
		Debug|x86 = Debug|x86
		Release|Any CPU = Release|Any CPU
		Release|x64 = Release|x64
		Release|x86 = Release|x86
	EndGlobalSection
	GlobalSection(ProjectConfigurationPlatforms) = postSolution
		{FDA62359-1C0D-4661-8ACF-023EF7DAF2A0}.Debug|Any CPU.ActiveCfg = Debug|Any CPU
		{FDA62359-1C0D-4661-8ACF-023EF7DAF2A0}.Debug|Any CPU.Build.0 = Debug|Any CPU
		{FDA62359-1C0D-4661-8ACF-023EF7DAF2A0}.Debug|x64.ActiveCfg = Debug|Any CPU
		{FDA62359-1C0D-4661-8ACF-023EF7DAF2A0}.Debug|x64.Build.0 = Debug|Any CPU
		{FDA62359-1C0D-4661-8ACF-023EF7DAF2A0}.Debug|x86.ActiveCfg = Debug|Any CPU
		{FDA62359-1C0D-4661-8ACF-023EF7DAF2A0}.Debug|x86.Build.0 = Debug|Any CPU
		{FDA62359-1C0D-4661-8ACF-023EF7DAF2A0}.Release|Any CPU.ActiveCfg = Release|Any CPU
		{FDA62359-1C0D-4661-8ACF-023EF7DAF2A0}.Release|Any CPU.Build.0 = Release|Any CPU
		{FDA62359-1C0D-4661-8ACF-023EF7DAF2A0}.Release|x64.ActiveCfg = Release|Any CPU
		{FDA62359-1C0D-4661-8ACF-023EF7DAF2A0}.Release|x64.Build.0 = Release|Any CPU
		{FDA62359-1C0D-4661-8ACF-023EF7DAF2A0}.Release|x86.ActiveCfg = Release|Any CPU
		{FDA62359-1C0D-4661-8ACF-023EF7DAF2A0}.Release|x86.Build.0 = Release|Any CPU
		{B5A95CCE-FF80-4ACA-AA49-F150C23C65D5}.Debug|Any CPU.ActiveCfg = Debug|Any CPU
		{B5A95CCE-FF80-4ACA-AA49-F150C23C65D5}.Debug|Any CPU.Build.0 = Debug|Any CPU
		{B5A95CCE-FF80-4ACA-AA49-F150C23C65D5}.Debug|x64.ActiveCfg = Debug|Any CPU
		{B5A95CCE-FF80-4ACA-AA49-F150C23C65D5}.Debug|x64.Build.0 = Debug|Any CPU
		{B5A95CCE-FF80-4ACA-AA49-F150C23C65D5}.Debug|x86.ActiveCfg = Debug|Any CPU
		{B5A95CCE-FF80-4ACA-AA49-F150C23C65D5}.Debug|x86.Build.0 = Debug|Any CPU
		{B5A95CCE-FF80-4ACA-AA49-F150C23C65D5}.Release|Any CPU.ActiveCfg = Release|Any CPU
		{B5A95CCE-FF80-4ACA-AA49-F150C23C65D5}.Release|Any CPU.Build.0 = Release|Any CPU
		{B5A95CCE-FF80-4ACA-AA49-F150C23C65D5}.Release|x64.ActiveCfg = Release|Any CPU
		{B5A95CCE-FF80-4ACA-AA49-F150C23C65D5}.Release|x64.Build.0 = Release|Any CPU
		{B5A95CCE-FF80-4ACA-AA49-F150C23C65D5}.Release|x86.ActiveCfg = Release|Any CPU
		{B5A95CCE-FF80-4ACA-AA49-F150C23C65D5}.Release|x86.Build.0 = Release|Any CPU
		{2C0DAB3F-1246-4AE7-BFA5-E7F5DDD7E1C4}.Debug|Any CPU.ActiveCfg = Debug|Any CPU
		{2C0DAB3F-1246-4AE7-BFA5-E7F5DDD7E1C4}.Debug|Any CPU.Build.0 = Debug|Any CPU
		{2C0DAB3F-1246-4AE7-BFA5-E7F5DDD7E1C4}.Debug|x64.ActiveCfg = Debug|Any CPU
		{2C0DAB3F-1246-4AE7-BFA5-E7F5DDD7E1C4}.Debug|x64.Build.0 = Debug|Any CPU
		{2C0DAB3F-1246-4AE7-BFA5-E7F5DDD7E1C4}.Debug|x86.ActiveCfg = Debug|Any CPU
		{2C0DAB3F-1246-4AE7-BFA5-E7F5DDD7E1C4}.Debug|x86.Build.0 = Debug|Any CPU
		{2C0DAB3F-1246-4AE7-BFA5-E7F5DDD7E1C4}.Release|Any CPU.ActiveCfg = Release|Any CPU
		{2C0DAB3F-1246-4AE7-BFA5-E7F5DDD7E1C4}.Release|Any CPU.Build.0 = Release|Any CPU
		{2C0DAB3F-1246-4AE7-BFA5-E7F5DDD7E1C4}.Release|x64.ActiveCfg = Release|Any CPU
		{2C0DAB3F-1246-4AE7-BFA5-E7F5DDD7E1C4}.Release|x64.Build.0 = Release|Any CPU
		{2C0DAB3F-1246-4AE7-BFA5-E7F5DDD7E1C4}.Release|x86.ActiveCfg = Release|Any CPU
		{2C0DAB3F-1246-4AE7-BFA5-E7F5DDD7E1C4}.Release|x86.Build.0 = Release|Any CPU
		{2C67033A-2C49-4146-B942-9CDD2E0BA412}.Debug|Any CPU.ActiveCfg = Debug|Any CPU
		{2C67033A-2C49-4146-B942-9CDD2E0BA412}.Debug|Any CPU.Build.0 = Debug|Any CPU
		{2C67033A-2C49-4146-B942-9CDD2E0BA412}.Debug|Any CPU.Deploy.0 = Debug|Any CPU
		{2C67033A-2C49-4146-B942-9CDD2E0BA412}.Debug|x64.ActiveCfg = Debug|Any CPU
		{2C67033A-2C49-4146-B942-9CDD2E0BA412}.Debug|x64.Build.0 = Debug|Any CPU
		{2C67033A-2C49-4146-B942-9CDD2E0BA412}.Debug|x86.ActiveCfg = Debug|Any CPU
		{2C67033A-2C49-4146-B942-9CDD2E0BA412}.Debug|x86.Build.0 = Debug|Any CPU
		{2C67033A-2C49-4146-B942-9CDD2E0BA412}.Release|Any CPU.ActiveCfg = Release|Any CPU
		{2C67033A-2C49-4146-B942-9CDD2E0BA412}.Release|Any CPU.Build.0 = Release|Any CPU
		{2C67033A-2C49-4146-B942-9CDD2E0BA412}.Release|Any CPU.Deploy.0 = Release|Any CPU
		{2C67033A-2C49-4146-B942-9CDD2E0BA412}.Release|x64.ActiveCfg = Release|Any CPU
		{2C67033A-2C49-4146-B942-9CDD2E0BA412}.Release|x64.Build.0 = Release|Any CPU
		{2C67033A-2C49-4146-B942-9CDD2E0BA412}.Release|x86.ActiveCfg = Release|Any CPU
		{2C67033A-2C49-4146-B942-9CDD2E0BA412}.Release|x86.Build.0 = Release|Any CPU
		{4B4EC78C-33B5-456D-BD7D-4358D16272F4}.Debug|Any CPU.ActiveCfg = Debug|Any CPU
		{4B4EC78C-33B5-456D-BD7D-4358D16272F4}.Debug|Any CPU.Build.0 = Debug|Any CPU
		{4B4EC78C-33B5-456D-BD7D-4358D16272F4}.Debug|x64.ActiveCfg = Debug|Any CPU
		{4B4EC78C-33B5-456D-BD7D-4358D16272F4}.Debug|x64.Build.0 = Debug|Any CPU
		{4B4EC78C-33B5-456D-BD7D-4358D16272F4}.Debug|x86.ActiveCfg = Debug|Any CPU
		{4B4EC78C-33B5-456D-BD7D-4358D16272F4}.Debug|x86.Build.0 = Debug|Any CPU
		{4B4EC78C-33B5-456D-BD7D-4358D16272F4}.Release|Any CPU.ActiveCfg = Release|Any CPU
		{4B4EC78C-33B5-456D-BD7D-4358D16272F4}.Release|Any CPU.Build.0 = Release|Any CPU
		{4B4EC78C-33B5-456D-BD7D-4358D16272F4}.Release|x64.ActiveCfg = Release|Any CPU
		{4B4EC78C-33B5-456D-BD7D-4358D16272F4}.Release|x64.Build.0 = Release|Any CPU
		{4B4EC78C-33B5-456D-BD7D-4358D16272F4}.Release|x86.ActiveCfg = Release|Any CPU
		{4B4EC78C-33B5-456D-BD7D-4358D16272F4}.Release|x86.Build.0 = Release|Any CPU
		{96220448-FE2A-4BE4-845B-97639413A14F}.Debug|Any CPU.ActiveCfg = Debug|Any CPU
		{96220448-FE2A-4BE4-845B-97639413A14F}.Debug|Any CPU.Build.0 = Debug|Any CPU
		{96220448-FE2A-4BE4-845B-97639413A14F}.Debug|x64.ActiveCfg = Debug|Any CPU
		{96220448-FE2A-4BE4-845B-97639413A14F}.Debug|x64.Build.0 = Debug|Any CPU
		{96220448-FE2A-4BE4-845B-97639413A14F}.Debug|x86.ActiveCfg = Debug|Any CPU
		{96220448-FE2A-4BE4-845B-97639413A14F}.Debug|x86.Build.0 = Debug|Any CPU
		{96220448-FE2A-4BE4-845B-97639413A14F}.Release|Any CPU.ActiveCfg = Release|Any CPU
		{96220448-FE2A-4BE4-845B-97639413A14F}.Release|Any CPU.Build.0 = Release|Any CPU
		{96220448-FE2A-4BE4-845B-97639413A14F}.Release|x64.ActiveCfg = Release|Any CPU
		{96220448-FE2A-4BE4-845B-97639413A14F}.Release|x64.Build.0 = Release|Any CPU
		{96220448-FE2A-4BE4-845B-97639413A14F}.Release|x86.ActiveCfg = Release|Any CPU
		{96220448-FE2A-4BE4-845B-97639413A14F}.Release|x86.Build.0 = Release|Any CPU
		{56CCE31E-6F64-467B-9E30-D8EF4D949F8C}.Debug|Any CPU.ActiveCfg = Debug|Any CPU
		{56CCE31E-6F64-467B-9E30-D8EF4D949F8C}.Debug|Any CPU.Build.0 = Debug|Any CPU
		{56CCE31E-6F64-467B-9E30-D8EF4D949F8C}.Debug|x64.ActiveCfg = Debug|Any CPU
		{56CCE31E-6F64-467B-9E30-D8EF4D949F8C}.Debug|x64.Build.0 = Debug|Any CPU
		{56CCE31E-6F64-467B-9E30-D8EF4D949F8C}.Debug|x86.ActiveCfg = Debug|Any CPU
		{56CCE31E-6F64-467B-9E30-D8EF4D949F8C}.Debug|x86.Build.0 = Debug|Any CPU
		{56CCE31E-6F64-467B-9E30-D8EF4D949F8C}.Release|Any CPU.ActiveCfg = Release|Any CPU
		{56CCE31E-6F64-467B-9E30-D8EF4D949F8C}.Release|Any CPU.Build.0 = Release|Any CPU
		{56CCE31E-6F64-467B-9E30-D8EF4D949F8C}.Release|x64.ActiveCfg = Release|Any CPU
		{56CCE31E-6F64-467B-9E30-D8EF4D949F8C}.Release|x64.Build.0 = Release|Any CPU
		{56CCE31E-6F64-467B-9E30-D8EF4D949F8C}.Release|x86.ActiveCfg = Release|Any CPU
		{56CCE31E-6F64-467B-9E30-D8EF4D949F8C}.Release|x86.Build.0 = Release|Any CPU
		{51B9A8D1-D15D-42F3-9E10-0104D8171DD7}.Debug|Any CPU.ActiveCfg = Debug|Any CPU
		{51B9A8D1-D15D-42F3-9E10-0104D8171DD7}.Debug|Any CPU.Build.0 = Debug|Any CPU
		{51B9A8D1-D15D-42F3-9E10-0104D8171DD7}.Debug|x64.ActiveCfg = Debug|Any CPU
		{51B9A8D1-D15D-42F3-9E10-0104D8171DD7}.Debug|x64.Build.0 = Debug|Any CPU
		{51B9A8D1-D15D-42F3-9E10-0104D8171DD7}.Debug|x86.ActiveCfg = Debug|Any CPU
		{51B9A8D1-D15D-42F3-9E10-0104D8171DD7}.Debug|x86.Build.0 = Debug|Any CPU
		{51B9A8D1-D15D-42F3-9E10-0104D8171DD7}.Release|Any CPU.ActiveCfg = Release|Any CPU
		{51B9A8D1-D15D-42F3-9E10-0104D8171DD7}.Release|Any CPU.Build.0 = Release|Any CPU
		{51B9A8D1-D15D-42F3-9E10-0104D8171DD7}.Release|x64.ActiveCfg = Release|Any CPU
		{51B9A8D1-D15D-42F3-9E10-0104D8171DD7}.Release|x64.Build.0 = Release|Any CPU
		{51B9A8D1-D15D-42F3-9E10-0104D8171DD7}.Release|x86.ActiveCfg = Release|Any CPU
		{51B9A8D1-D15D-42F3-9E10-0104D8171DD7}.Release|x86.Build.0 = Release|Any CPU
		{4762F8C1-9C2E-44A0-A6BF-7529FF281FF1}.Debug|Any CPU.ActiveCfg = Debug|Any CPU
		{4762F8C1-9C2E-44A0-A6BF-7529FF281FF1}.Debug|Any CPU.Build.0 = Debug|Any CPU
		{4762F8C1-9C2E-44A0-A6BF-7529FF281FF1}.Debug|x64.ActiveCfg = Debug|Any CPU
		{4762F8C1-9C2E-44A0-A6BF-7529FF281FF1}.Debug|x64.Build.0 = Debug|Any CPU
		{4762F8C1-9C2E-44A0-A6BF-7529FF281FF1}.Debug|x86.ActiveCfg = Debug|Any CPU
		{4762F8C1-9C2E-44A0-A6BF-7529FF281FF1}.Debug|x86.Build.0 = Debug|Any CPU
		{4762F8C1-9C2E-44A0-A6BF-7529FF281FF1}.Release|Any CPU.ActiveCfg = Release|Any CPU
		{4762F8C1-9C2E-44A0-A6BF-7529FF281FF1}.Release|Any CPU.Build.0 = Release|Any CPU
		{4762F8C1-9C2E-44A0-A6BF-7529FF281FF1}.Release|x64.ActiveCfg = Release|Any CPU
		{4762F8C1-9C2E-44A0-A6BF-7529FF281FF1}.Release|x64.Build.0 = Release|Any CPU
		{4762F8C1-9C2E-44A0-A6BF-7529FF281FF1}.Release|x86.ActiveCfg = Release|Any CPU
		{4762F8C1-9C2E-44A0-A6BF-7529FF281FF1}.Release|x86.Build.0 = Release|Any CPU
		{46BD5BE3-DCEC-4751-BB53-86B4C7FA4652}.Debug|Any CPU.ActiveCfg = Debug|Any CPU
		{46BD5BE3-DCEC-4751-BB53-86B4C7FA4652}.Debug|Any CPU.Build.0 = Debug|Any CPU
		{46BD5BE3-DCEC-4751-BB53-86B4C7FA4652}.Debug|x64.ActiveCfg = Debug|Any CPU
		{46BD5BE3-DCEC-4751-BB53-86B4C7FA4652}.Debug|x64.Build.0 = Debug|Any CPU
		{46BD5BE3-DCEC-4751-BB53-86B4C7FA4652}.Debug|x86.ActiveCfg = Debug|Any CPU
		{46BD5BE3-DCEC-4751-BB53-86B4C7FA4652}.Debug|x86.Build.0 = Debug|Any CPU
		{46BD5BE3-DCEC-4751-BB53-86B4C7FA4652}.Release|Any CPU.ActiveCfg = Release|Any CPU
		{46BD5BE3-DCEC-4751-BB53-86B4C7FA4652}.Release|Any CPU.Build.0 = Release|Any CPU
		{46BD5BE3-DCEC-4751-BB53-86B4C7FA4652}.Release|x64.ActiveCfg = Release|Any CPU
		{46BD5BE3-DCEC-4751-BB53-86B4C7FA4652}.Release|x64.Build.0 = Release|Any CPU
		{46BD5BE3-DCEC-4751-BB53-86B4C7FA4652}.Release|x86.ActiveCfg = Release|Any CPU
		{46BD5BE3-DCEC-4751-BB53-86B4C7FA4652}.Release|x86.Build.0 = Release|Any CPU
		{F1CCF25B-22E5-41A2-943A-0A307EC885C5}.Debug|Any CPU.ActiveCfg = Debug|Any CPU
		{F1CCF25B-22E5-41A2-943A-0A307EC885C5}.Debug|Any CPU.Build.0 = Debug|Any CPU
		{F1CCF25B-22E5-41A2-943A-0A307EC885C5}.Debug|x64.ActiveCfg = Debug|Any CPU
		{F1CCF25B-22E5-41A2-943A-0A307EC885C5}.Debug|x64.Build.0 = Debug|Any CPU
		{F1CCF25B-22E5-41A2-943A-0A307EC885C5}.Debug|x86.ActiveCfg = Debug|Any CPU
		{F1CCF25B-22E5-41A2-943A-0A307EC885C5}.Debug|x86.Build.0 = Debug|Any CPU
		{F1CCF25B-22E5-41A2-943A-0A307EC885C5}.Release|Any CPU.ActiveCfg = Release|Any CPU
		{F1CCF25B-22E5-41A2-943A-0A307EC885C5}.Release|Any CPU.Build.0 = Release|Any CPU
		{F1CCF25B-22E5-41A2-943A-0A307EC885C5}.Release|x64.ActiveCfg = Release|Any CPU
		{F1CCF25B-22E5-41A2-943A-0A307EC885C5}.Release|x64.Build.0 = Release|Any CPU
		{F1CCF25B-22E5-41A2-943A-0A307EC885C5}.Release|x86.ActiveCfg = Release|Any CPU
		{F1CCF25B-22E5-41A2-943A-0A307EC885C5}.Release|x86.Build.0 = Release|Any CPU
		{2E15CADA-4F93-4F6F-8BB3-8D13E26ED94F}.Debug|Any CPU.ActiveCfg = Debug|Any CPU
		{2E15CADA-4F93-4F6F-8BB3-8D13E26ED94F}.Debug|Any CPU.Build.0 = Debug|Any CPU
		{2E15CADA-4F93-4F6F-8BB3-8D13E26ED94F}.Debug|x64.ActiveCfg = Debug|Any CPU
		{2E15CADA-4F93-4F6F-8BB3-8D13E26ED94F}.Debug|x64.Build.0 = Debug|Any CPU
		{2E15CADA-4F93-4F6F-8BB3-8D13E26ED94F}.Debug|x86.ActiveCfg = Debug|Any CPU
		{2E15CADA-4F93-4F6F-8BB3-8D13E26ED94F}.Debug|x86.Build.0 = Debug|Any CPU
		{2E15CADA-4F93-4F6F-8BB3-8D13E26ED94F}.Release|Any CPU.ActiveCfg = Release|Any CPU
		{2E15CADA-4F93-4F6F-8BB3-8D13E26ED94F}.Release|Any CPU.Build.0 = Release|Any CPU
		{2E15CADA-4F93-4F6F-8BB3-8D13E26ED94F}.Release|x64.ActiveCfg = Release|Any CPU
		{2E15CADA-4F93-4F6F-8BB3-8D13E26ED94F}.Release|x64.Build.0 = Release|Any CPU
		{2E15CADA-4F93-4F6F-8BB3-8D13E26ED94F}.Release|x86.ActiveCfg = Release|Any CPU
		{2E15CADA-4F93-4F6F-8BB3-8D13E26ED94F}.Release|x86.Build.0 = Release|Any CPU
		{231CCBB4-1767-4884-91EF-3B585B5E16F8}.Debug|Any CPU.ActiveCfg = Debug|Any CPU
		{231CCBB4-1767-4884-91EF-3B585B5E16F8}.Debug|Any CPU.Build.0 = Debug|Any CPU
		{231CCBB4-1767-4884-91EF-3B585B5E16F8}.Debug|x64.ActiveCfg = Debug|Any CPU
		{231CCBB4-1767-4884-91EF-3B585B5E16F8}.Debug|x64.Build.0 = Debug|Any CPU
		{231CCBB4-1767-4884-91EF-3B585B5E16F8}.Debug|x86.ActiveCfg = Debug|Any CPU
		{231CCBB4-1767-4884-91EF-3B585B5E16F8}.Debug|x86.Build.0 = Debug|Any CPU
		{231CCBB4-1767-4884-91EF-3B585B5E16F8}.Release|Any CPU.ActiveCfg = Release|Any CPU
		{231CCBB4-1767-4884-91EF-3B585B5E16F8}.Release|Any CPU.Build.0 = Release|Any CPU
		{231CCBB4-1767-4884-91EF-3B585B5E16F8}.Release|x64.ActiveCfg = Release|Any CPU
		{231CCBB4-1767-4884-91EF-3B585B5E16F8}.Release|x64.Build.0 = Release|Any CPU
		{231CCBB4-1767-4884-91EF-3B585B5E16F8}.Release|x86.ActiveCfg = Release|Any CPU
		{231CCBB4-1767-4884-91EF-3B585B5E16F8}.Release|x86.Build.0 = Release|Any CPU
	EndGlobalSection
	GlobalSection(SolutionProperties) = preSolution
		HideSolutionNode = FALSE
	EndGlobalSection
	GlobalSection(NestedProjects) = preSolution
		{FDA62359-1C0D-4661-8ACF-023EF7DAF2A0} = {5DEC7961-7CE3-44D7-A7FC-6185BA2D37FE}
		{B5A95CCE-FF80-4ACA-AA49-F150C23C65D5} = {5555F827-12DF-4D15-BF07-3A720FC2EF3F}
		{2C0DAB3F-1246-4AE7-BFA5-E7F5DDD7E1C4} = {5DEC7961-7CE3-44D7-A7FC-6185BA2D37FE}
		{2C67033A-2C49-4146-B942-9CDD2E0BA412} = {51B0C2C7-732B-4A5C-A4F2-55655D147866}
		{4B4EC78C-33B5-456D-BD7D-4358D16272F4} = {5555F827-12DF-4D15-BF07-3A720FC2EF3F}
		{96220448-FE2A-4BE4-845B-97639413A14F} = {5DEC7961-7CE3-44D7-A7FC-6185BA2D37FE}
		{56CCE31E-6F64-467B-9E30-D8EF4D949F8C} = {5DEC7961-7CE3-44D7-A7FC-6185BA2D37FE}
		{51B9A8D1-D15D-42F3-9E10-0104D8171DD7} = {5555F827-12DF-4D15-BF07-3A720FC2EF3F}
		{4762F8C1-9C2E-44A0-A6BF-7529FF281FF1} = {5555F827-12DF-4D15-BF07-3A720FC2EF3F}
		{46BD5BE3-DCEC-4751-BB53-86B4C7FA4652} = {51B0C2C7-732B-4A5C-A4F2-55655D147866}
		{F1CCF25B-22E5-41A2-943A-0A307EC885C5} = {51B0C2C7-732B-4A5C-A4F2-55655D147866}
		{2E15CADA-4F93-4F6F-8BB3-8D13E26ED94F} = {51B0C2C7-732B-4A5C-A4F2-55655D147866}
		{231CCBB4-1767-4884-91EF-3B585B5E16F8} = {51B0C2C7-732B-4A5C-A4F2-55655D147866}
	EndGlobalSection
	GlobalSection(ExtensibilityGlobals) = postSolution
		SolutionGuid = {08D78153-5DD7-4C52-A348-46AA448B2CFC}
	EndGlobalSection
EndGlobal
