Microsoft Visual Studio Solution File, Format Version 12.00
# Visual Studio 15
VisualStudioVersion = 15.0.26430.12
MinimumVisualStudioVersion = 10.0.40219.1
Project("{FAE04EC0-301F-11D3-BF4B-00C04F79EFBC}") = "SkiaSharp.Extended.Iconify", "SkiaSharp.Extended.Iconify\SkiaSharp.Extended.Iconify.csproj", "{B32E4823-D151-4A32-8C25-914BC7FB7B2C}"
EndProject
Project("{FAE04EC0-301F-11D3-BF4B-00C04F79EFBC}") = "SkiaSharp.Extended.Iconify.FontAwesome", "SkiaSharp.Extended.Iconify.FontAwesome\SkiaSharp.Extended.Iconify.FontAwesome.csproj", "{D74CA2AC-F45F-4E6A-9830-E9A9135E4D76}"
EndProject
Project("{FAE04EC0-301F-11D3-BF4B-00C04F79EFBC}") = "SkiaSharp.Extended.Iconify.IonIcons", "SkiaSharp.Extended.Iconify.IonIcons\SkiaSharp.Extended.Iconify.IonIcons.csproj", "{14A21586-B844-4955-9E17-90968EE71FFD}"
EndProject
Project("{FAE04EC0-301F-11D3-BF4B-00C04F79EFBC}") = "SkiaSharp.Extended.Iconify.MaterialDesignIcons", "SkiaSharp.Extended.Iconify.MaterialDesignIcons\SkiaSharp.Extended.Iconify.MaterialDesignIcons.csproj", "{E4E220CE-0F9E-4963-9ECF-43F13B8DE8D0}"
EndProject
Project("{FAE04EC0-301F-11D3-BF4B-00C04F79EFBC}") = "SkiaSharp.Extended.Iconify.MaterialIcons", "SkiaSharp.Extended.Iconify.MaterialIcons\SkiaSharp.Extended.Iconify.MaterialIcons.csproj", "{E4E220CE-0F9E-4963-9ECF-43F13B8DE8FF}"
EndProject
Project("{FAE04EC0-301F-11D3-BF4B-00C04F79EFBC}") = "SkiaSharp.Extended.Iconify.Meteocons", "SkiaSharp.Extended.Iconify.Meteocons\SkiaSharp.Extended.Iconify.Meteocons.csproj", "{E4E220CE-0F9E-4963-9ECF-43F13B8DEABC}"
EndProject
Project("{FAE04EC0-301F-11D3-BF4B-00C04F79EFBC}") = "SkiaSharp.Extended.Iconify.SimpleLineIcons", "SkiaSharp.Extended.Iconify.SimpleLineIcons\SkiaSharp.Extended.Iconify.SimpleLineIcons.csproj", "{14A21586-B844-4955-9E17-90968EE71FCC}"
EndProject
Project("{FAE04EC0-301F-11D3-BF4B-00C04F79EFBC}") = "SkiaSharp.Extended.Iconify.Typicons", "SkiaSharp.Extended.Iconify.Typicons\SkiaSharp.Extended.Iconify.Typicons.csproj", "{14A21586-B844-4955-9E17-90968EE71ABC}"
EndProject
Project("{FAE04EC0-301F-11D3-BF4B-00C04F79EFBC}") = "SkiaSharp.Extended.Iconify.WeatherIcons", "SkiaSharp.Extended.Iconify.WeatherIcons\SkiaSharp.Extended.Iconify.WeatherIcons.csproj", "{408778E6-355A-42D4-851C-7E327423A09D}"
EndProject
Global
	GlobalSection(SolutionConfigurationPlatforms) = preSolution
		Debug|Any CPU = Debug|Any CPU
		Release|Any CPU = Release|Any CPU
	EndGlobalSection
	GlobalSection(ProjectConfigurationPlatforms) = postSolution
		{B32E4823-D151-4A32-8C25-914BC7FB7B2C}.Debug|Any CPU.ActiveCfg = Debug|Any CPU
		{B32E4823-D151-4A32-8C25-914BC7FB7B2C}.Debug|Any CPU.Build.0 = Debug|Any CPU
		{B32E4823-D151-4A32-8C25-914BC7FB7B2C}.Release|Any CPU.ActiveCfg = Release|Any CPU
		{B32E4823-D151-4A32-8C25-914BC7FB7B2C}.Release|Any CPU.Build.0 = Release|Any CPU
		{D74CA2AC-F45F-4E6A-9830-E9A9135E4D76}.Debug|Any CPU.ActiveCfg = Debug|Any CPU
		{D74CA2AC-F45F-4E6A-9830-E9A9135E4D76}.Debug|Any CPU.Build.0 = Debug|Any CPU
		{D74CA2AC-F45F-4E6A-9830-E9A9135E4D76}.Release|Any CPU.ActiveCfg = Release|Any CPU
		{D74CA2AC-F45F-4E6A-9830-E9A9135E4D76}.Release|Any CPU.Build.0 = Release|Any CPU
		{14A21586-B844-4955-9E17-90968EE71FFD}.Debug|Any CPU.ActiveCfg = Debug|Any CPU
		{14A21586-B844-4955-9E17-90968EE71FFD}.Debug|Any CPU.Build.0 = Debug|Any CPU
		{14A21586-B844-4955-9E17-90968EE71FFD}.Release|Any CPU.ActiveCfg = Release|Any CPU
		{14A21586-B844-4955-9E17-90968EE71FFD}.Release|Any CPU.Build.0 = Release|Any CPU
		{E4E220CE-0F9E-4963-9ECF-43F13B8DE8D0}.Debug|Any CPU.ActiveCfg = Debug|Any CPU
		{E4E220CE-0F9E-4963-9ECF-43F13B8DE8D0}.Debug|Any CPU.Build.0 = Debug|Any CPU
		{E4E220CE-0F9E-4963-9ECF-43F13B8DE8D0}.Release|Any CPU.ActiveCfg = Release|Any CPU
		{E4E220CE-0F9E-4963-9ECF-43F13B8DE8D0}.Release|Any CPU.Build.0 = Release|Any CPU
		{E4E220CE-0F9E-4963-9ECF-43F13B8DE8FF}.Debug|Any CPU.ActiveCfg = Debug|Any CPU
		{E4E220CE-0F9E-4963-9ECF-43F13B8DE8FF}.Debug|Any CPU.Build.0 = Debug|Any CPU
		{E4E220CE-0F9E-4963-9ECF-43F13B8DE8FF}.Release|Any CPU.ActiveCfg = Release|Any CPU
		{E4E220CE-0F9E-4963-9ECF-43F13B8DE8FF}.Release|Any CPU.Build.0 = Release|Any CPU
		{E4E220CE-0F9E-4963-9ECF-43F13B8DEABC}.Debug|Any CPU.ActiveCfg = Debug|Any CPU
		{E4E220CE-0F9E-4963-9ECF-43F13B8DEABC}.Debug|Any CPU.Build.0 = Debug|Any CPU
		{E4E220CE-0F9E-4963-9ECF-43F13B8DEABC}.Release|Any CPU.ActiveCfg = Release|Any CPU
		{E4E220CE-0F9E-4963-9ECF-43F13B8DEABC}.Release|Any CPU.Build.0 = Release|Any CPU
		{14A21586-B844-4955-9E17-90968EE71FCC}.Debug|Any CPU.ActiveCfg = Debug|Any CPU
		{14A21586-B844-4955-9E17-90968EE71FCC}.Debug|Any CPU.Build.0 = Debug|Any CPU
		{14A21586-B844-4955-9E17-90968EE71FCC}.Release|Any CPU.ActiveCfg = Release|Any CPU
		{14A21586-B844-4955-9E17-90968EE71FCC}.Release|Any CPU.Build.0 = Release|Any CPU
		{14A21586-B844-4955-9E17-90968EE71ABC}.Debug|Any CPU.ActiveCfg = Debug|Any CPU
		{14A21586-B844-4955-9E17-90968EE71ABC}.Debug|Any CPU.Build.0 = Debug|Any CPU
		{14A21586-B844-4955-9E17-90968EE71ABC}.Release|Any CPU.ActiveCfg = Release|Any CPU
		{14A21586-B844-4955-9E17-90968EE71ABC}.Release|Any CPU.Build.0 = Release|Any CPU
		{408778E6-355A-42D4-851C-7E327423A09D}.Debug|Any CPU.ActiveCfg = Debug|Any CPU
		{408778E6-355A-42D4-851C-7E327423A09D}.Debug|Any CPU.Build.0 = Debug|Any CPU
		{408778E6-355A-42D4-851C-7E327423A09D}.Release|Any CPU.ActiveCfg = Release|Any CPU
		{408778E6-355A-42D4-851C-7E327423A09D}.Release|Any CPU.Build.0 = Release|Any CPU
	EndGlobalSection
	GlobalSection(SolutionProperties) = preSolution
		HideSolutionNode = FALSE
	EndGlobalSection
EndGlobal
