
Microsoft Visual Studio Solution File, Format Version 12.00
# Visual Studio 15
VisualStudioVersion = 15.0.26403.7
MinimumVisualStudioVersion = 10.0.40219.1
Project("{FAE04EC0-301F-11D3-BF4B-00C04F79EFBC}") = "SkiaSharpDemo", "SkiaSharpDemo\SkiaSharpDemo\SkiaSharpDemo.csproj", "{813F582A-A2EC-4C1C-8A32-50AB8D4EF0BD}"
EndProject
Project("{FAE04EC0-301F-11D3-BF4B-00C04F79EFBC}") = "SkiaSharpDemo.Droid", "SkiaSharpDemo\SkiaSharpDemo.Droid\SkiaSharpDemo.Droid.csproj", "{9B960D09-426D-4D5A-90AC-8971D255E48F}"
EndProject
Project("{FAE04EC0-301F-11D3-BF4B-00C04F79EFBC}") = "SkiaSharpDemo.iOS", "SkiaSharpDemo\SkiaSharpDemo.iOS\SkiaSharpDemo.iOS.csproj", "{C9938859-CB05-4AAD-909A-8118F3D6B47A}"
EndProject
Project("{FAE04EC0-301F-11D3-BF4B-00C04F79EFBC}") = "SkiaSharpDemo.UWP", "SkiaSharpDemo\SkiaSharpDemo.UWP\SkiaSharpDemo.UWP.csproj", "{108D8FA2-92DB-4D6F-8E94-1C138CFC15E8}"
EndProject
Project("{FAE04EC0-301F-11D3-BF4B-00C04F79EFBC}") = "SkiaSharpDemo.macOS", "SkiaSharpDemo\SkiaSharpDemo.macOS\SkiaSharpDemo.macOS.csproj", "{F9CC0B31-7A41-46A6-9A23-EECF765F4E2C}"
EndProject
Project("{FAE04EC0-301F-11D3-BF4B-00C04F79EFBC}") = "SkiaSharp.Extended.Iconify", "..\source\SkiaSharp.Extended.Iconify\SkiaSharp.Extended.Iconify.csproj", "{B32E4823-D151-4A32-8C25-914BC7FB7B2C}"
EndProject
Project("{FAE04EC0-301F-11D3-BF4B-00C04F79EFBC}") = "SkiaSharp.Extended.Iconify.FontAwesome", "..\source\SkiaSharp.Extended.Iconify.FontAwesome\SkiaSharp.Extended.Iconify.FontAwesome.csproj", "{D74CA2AC-F45F-4E6A-9830-E9A9135E4D76}"
EndProject
Project("{FAE04EC0-301F-11D3-BF4B-00C04F79EFBC}") = "SkiaSharp.Extended.Iconify.IonIcons", "..\source\SkiaSharp.Extended.Iconify.IonIcons\SkiaSharp.Extended.Iconify.IonIcons.csproj", "{14A21586-B844-4955-9E17-90968EE71FFD}"
EndProject
Project("{FAE04EC0-301F-11D3-BF4B-00C04F79EFBC}") = "SkiaSharp.Extended.Iconify.MaterialDesignIcons", "..\source\SkiaSharp.Extended.Iconify.MaterialDesignIcons\SkiaSharp.Extended.Iconify.MaterialDesignIcons.csproj", "{E4E220CE-0F9E-4963-9ECF-43F13B8DE8D0}"
EndProject
Project("{FAE04EC0-301F-11D3-BF4B-00C04F79EFBC}") = "SkiaSharp.Extended.Iconify.MaterialIcons", "..\source\SkiaSharp.Extended.Iconify.MaterialIcons\SkiaSharp.Extended.Iconify.MaterialIcons.csproj", "{E4E220CE-0F9E-4963-9ECF-43F13B8DE8FF}"
EndProject
Project("{FAE04EC0-301F-11D3-BF4B-00C04F79EFBC}") = "SkiaSharp.Extended.Iconify.Meteocons", "..\source\SkiaSharp.Extended.Iconify.Meteocons\SkiaSharp.Extended.Iconify.Meteocons.csproj", "{E4E220CE-0F9E-4963-9ECF-43F13B8DEABC}"
EndProject
Project("{FAE04EC0-301F-11D3-BF4B-00C04F79EFBC}") = "SkiaSharp.Extended.Iconify.SimpleLineIcons", "..\source\SkiaSharp.Extended.Iconify.SimpleLineIcons\SkiaSharp.Extended.Iconify.SimpleLineIcons.csproj", "{14A21586-B844-4955-9E17-90968EE71FCC}"
EndProject
Project("{FAE04EC0-301F-11D3-BF4B-00C04F79EFBC}") = "SkiaSharp.Extended.Iconify.Typicons", "..\source\SkiaSharp.Extended.Iconify.Typicons\SkiaSharp.Extended.Iconify.Typicons.csproj", "{14A21586-B844-4955-9E17-90968EE71ABC}"
EndProject
Project("{FAE04EC0-301F-11D3-BF4B-00C04F79EFBC}") = "SkiaSharp.Extended.Iconify.WeatherIcons", "..\source\SkiaSharp.Extended.Iconify.WeatherIcons\SkiaSharp.Extended.Iconify.WeatherIcons.csproj", "{408778E6-355A-42D4-851C-7E327423A09D}"
EndProject
Global
	GlobalSection(SolutionConfigurationPlatforms) = preSolution
		Ad-Hoc|Any CPU = Ad-Hoc|Any CPU
		Ad-Hoc|ARM = Ad-Hoc|ARM
		Ad-Hoc|iPhone = Ad-Hoc|iPhone
		Ad-Hoc|iPhoneSimulator = Ad-Hoc|iPhoneSimulator
		Ad-Hoc|x64 = Ad-Hoc|x64
		Ad-Hoc|x86 = Ad-Hoc|x86
		AppStore|Any CPU = AppStore|Any CPU
		AppStore|ARM = AppStore|ARM
		AppStore|iPhone = AppStore|iPhone
		AppStore|iPhoneSimulator = AppStore|iPhoneSimulator
		AppStore|x64 = AppStore|x64
		AppStore|x86 = AppStore|x86
		Debug|Any CPU = Debug|Any CPU
		Debug|ARM = Debug|ARM
		Debug|iPhone = Debug|iPhone
		Debug|iPhoneSimulator = Debug|iPhoneSimulator
		Debug|x64 = Debug|x64
		Debug|x86 = Debug|x86
		Release|Any CPU = Release|Any CPU
		Release|ARM = Release|ARM
		Release|iPhone = Release|iPhone
		Release|iPhoneSimulator = Release|iPhoneSimulator
		Release|x64 = Release|x64
		Release|x86 = Release|x86
	EndGlobalSection
	GlobalSection(ProjectConfigurationPlatforms) = postSolution
		{813F582A-A2EC-4C1C-8A32-50AB8D4EF0BD}.Ad-Hoc|Any CPU.ActiveCfg = Release|Any CPU
		{813F582A-A2EC-4C1C-8A32-50AB8D4EF0BD}.Ad-Hoc|Any CPU.Build.0 = Release|Any CPU
		{813F582A-A2EC-4C1C-8A32-50AB8D4EF0BD}.Ad-Hoc|ARM.ActiveCfg = Release|Any CPU
		{813F582A-A2EC-4C1C-8A32-50AB8D4EF0BD}.Ad-Hoc|ARM.Build.0 = Release|Any CPU
		{813F582A-A2EC-4C1C-8A32-50AB8D4EF0BD}.Ad-Hoc|iPhone.ActiveCfg = Release|Any CPU
		{813F582A-A2EC-4C1C-8A32-50AB8D4EF0BD}.Ad-Hoc|iPhone.Build.0 = Release|Any CPU
		{813F582A-A2EC-4C1C-8A32-50AB8D4EF0BD}.Ad-Hoc|iPhoneSimulator.ActiveCfg = Release|Any CPU
		{813F582A-A2EC-4C1C-8A32-50AB8D4EF0BD}.Ad-Hoc|iPhoneSimulator.Build.0 = Release|Any CPU
		{813F582A-A2EC-4C1C-8A32-50AB8D4EF0BD}.Ad-Hoc|x64.ActiveCfg = Release|Any CPU
		{813F582A-A2EC-4C1C-8A32-50AB8D4EF0BD}.Ad-Hoc|x64.Build.0 = Release|Any CPU
		{813F582A-A2EC-4C1C-8A32-50AB8D4EF0BD}.Ad-Hoc|x86.ActiveCfg = Release|Any CPU
		{813F582A-A2EC-4C1C-8A32-50AB8D4EF0BD}.Ad-Hoc|x86.Build.0 = Release|Any CPU
		{813F582A-A2EC-4C1C-8A32-50AB8D4EF0BD}.AppStore|Any CPU.ActiveCfg = Release|Any CPU
		{813F582A-A2EC-4C1C-8A32-50AB8D4EF0BD}.AppStore|Any CPU.Build.0 = Release|Any CPU
		{813F582A-A2EC-4C1C-8A32-50AB8D4EF0BD}.AppStore|ARM.ActiveCfg = Release|Any CPU
		{813F582A-A2EC-4C1C-8A32-50AB8D4EF0BD}.AppStore|ARM.Build.0 = Release|Any CPU
		{813F582A-A2EC-4C1C-8A32-50AB8D4EF0BD}.AppStore|iPhone.ActiveCfg = Release|Any CPU
		{813F582A-A2EC-4C1C-8A32-50AB8D4EF0BD}.AppStore|iPhone.Build.0 = Release|Any CPU
		{813F582A-A2EC-4C1C-8A32-50AB8D4EF0BD}.AppStore|iPhoneSimulator.ActiveCfg = Release|Any CPU
		{813F582A-A2EC-4C1C-8A32-50AB8D4EF0BD}.AppStore|iPhoneSimulator.Build.0 = Release|Any CPU
		{813F582A-A2EC-4C1C-8A32-50AB8D4EF0BD}.AppStore|x64.ActiveCfg = Release|Any CPU
		{813F582A-A2EC-4C1C-8A32-50AB8D4EF0BD}.AppStore|x64.Build.0 = Release|Any CPU
		{813F582A-A2EC-4C1C-8A32-50AB8D4EF0BD}.AppStore|x86.ActiveCfg = Release|Any CPU
		{813F582A-A2EC-4C1C-8A32-50AB8D4EF0BD}.AppStore|x86.Build.0 = Release|Any CPU
		{813F582A-A2EC-4C1C-8A32-50AB8D4EF0BD}.Debug|Any CPU.ActiveCfg = Debug|Any CPU
		{813F582A-A2EC-4C1C-8A32-50AB8D4EF0BD}.Debug|Any CPU.Build.0 = Debug|Any CPU
		{813F582A-A2EC-4C1C-8A32-50AB8D4EF0BD}.Debug|ARM.ActiveCfg = Debug|Any CPU
		{813F582A-A2EC-4C1C-8A32-50AB8D4EF0BD}.Debug|ARM.Build.0 = Debug|Any CPU
		{813F582A-A2EC-4C1C-8A32-50AB8D4EF0BD}.Debug|iPhone.ActiveCfg = Debug|Any CPU
		{813F582A-A2EC-4C1C-8A32-50AB8D4EF0BD}.Debug|iPhone.Build.0 = Debug|Any CPU
		{813F582A-A2EC-4C1C-8A32-50AB8D4EF0BD}.Debug|iPhoneSimulator.ActiveCfg = Debug|Any CPU
		{813F582A-A2EC-4C1C-8A32-50AB8D4EF0BD}.Debug|iPhoneSimulator.Build.0 = Debug|Any CPU
		{813F582A-A2EC-4C1C-8A32-50AB8D4EF0BD}.Debug|x64.ActiveCfg = Debug|Any CPU
		{813F582A-A2EC-4C1C-8A32-50AB8D4EF0BD}.Debug|x64.Build.0 = Debug|Any CPU
		{813F582A-A2EC-4C1C-8A32-50AB8D4EF0BD}.Debug|x86.ActiveCfg = Debug|Any CPU
		{813F582A-A2EC-4C1C-8A32-50AB8D4EF0BD}.Debug|x86.Build.0 = Debug|Any CPU
		{813F582A-A2EC-4C1C-8A32-50AB8D4EF0BD}.Release|Any CPU.ActiveCfg = Release|Any CPU
		{813F582A-A2EC-4C1C-8A32-50AB8D4EF0BD}.Release|Any CPU.Build.0 = Release|Any CPU
		{813F582A-A2EC-4C1C-8A32-50AB8D4EF0BD}.Release|ARM.ActiveCfg = Release|Any CPU
		{813F582A-A2EC-4C1C-8A32-50AB8D4EF0BD}.Release|ARM.Build.0 = Release|Any CPU
		{813F582A-A2EC-4C1C-8A32-50AB8D4EF0BD}.Release|iPhone.ActiveCfg = Release|Any CPU
		{813F582A-A2EC-4C1C-8A32-50AB8D4EF0BD}.Release|iPhone.Build.0 = Release|Any CPU
		{813F582A-A2EC-4C1C-8A32-50AB8D4EF0BD}.Release|iPhoneSimulator.ActiveCfg = Release|Any CPU
		{813F582A-A2EC-4C1C-8A32-50AB8D4EF0BD}.Release|iPhoneSimulator.Build.0 = Release|Any CPU
		{813F582A-A2EC-4C1C-8A32-50AB8D4EF0BD}.Release|x64.ActiveCfg = Release|Any CPU
		{813F582A-A2EC-4C1C-8A32-50AB8D4EF0BD}.Release|x64.Build.0 = Release|Any CPU
		{813F582A-A2EC-4C1C-8A32-50AB8D4EF0BD}.Release|x86.ActiveCfg = Release|Any CPU
		{813F582A-A2EC-4C1C-8A32-50AB8D4EF0BD}.Release|x86.Build.0 = Release|Any CPU
		{9B960D09-426D-4D5A-90AC-8971D255E48F}.Ad-Hoc|Any CPU.ActiveCfg = Release|Any CPU
		{9B960D09-426D-4D5A-90AC-8971D255E48F}.Ad-Hoc|Any CPU.Build.0 = Release|Any CPU
		{9B960D09-426D-4D5A-90AC-8971D255E48F}.Ad-Hoc|Any CPU.Deploy.0 = Release|Any CPU
		{9B960D09-426D-4D5A-90AC-8971D255E48F}.Ad-Hoc|ARM.ActiveCfg = Release|Any CPU
		{9B960D09-426D-4D5A-90AC-8971D255E48F}.Ad-Hoc|ARM.Build.0 = Release|Any CPU
		{9B960D09-426D-4D5A-90AC-8971D255E48F}.Ad-Hoc|ARM.Deploy.0 = Release|Any CPU
		{9B960D09-426D-4D5A-90AC-8971D255E48F}.Ad-Hoc|iPhone.ActiveCfg = Release|Any CPU
		{9B960D09-426D-4D5A-90AC-8971D255E48F}.Ad-Hoc|iPhone.Build.0 = Release|Any CPU
		{9B960D09-426D-4D5A-90AC-8971D255E48F}.Ad-Hoc|iPhone.Deploy.0 = Release|Any CPU
		{9B960D09-426D-4D5A-90AC-8971D255E48F}.Ad-Hoc|iPhoneSimulator.ActiveCfg = Release|Any CPU
		{9B960D09-426D-4D5A-90AC-8971D255E48F}.Ad-Hoc|iPhoneSimulator.Build.0 = Release|Any CPU
		{9B960D09-426D-4D5A-90AC-8971D255E48F}.Ad-Hoc|iPhoneSimulator.Deploy.0 = Release|Any CPU
		{9B960D09-426D-4D5A-90AC-8971D255E48F}.Ad-Hoc|x64.ActiveCfg = Release|Any CPU
		{9B960D09-426D-4D5A-90AC-8971D255E48F}.Ad-Hoc|x64.Build.0 = Release|Any CPU
		{9B960D09-426D-4D5A-90AC-8971D255E48F}.Ad-Hoc|x64.Deploy.0 = Release|Any CPU
		{9B960D09-426D-4D5A-90AC-8971D255E48F}.Ad-Hoc|x86.ActiveCfg = Release|Any CPU
		{9B960D09-426D-4D5A-90AC-8971D255E48F}.Ad-Hoc|x86.Build.0 = Release|Any CPU
		{9B960D09-426D-4D5A-90AC-8971D255E48F}.Ad-Hoc|x86.Deploy.0 = Release|Any CPU
		{9B960D09-426D-4D5A-90AC-8971D255E48F}.AppStore|Any CPU.ActiveCfg = Release|Any CPU
		{9B960D09-426D-4D5A-90AC-8971D255E48F}.AppStore|Any CPU.Build.0 = Release|Any CPU
		{9B960D09-426D-4D5A-90AC-8971D255E48F}.AppStore|Any CPU.Deploy.0 = Release|Any CPU
		{9B960D09-426D-4D5A-90AC-8971D255E48F}.AppStore|ARM.ActiveCfg = Release|Any CPU
		{9B960D09-426D-4D5A-90AC-8971D255E48F}.AppStore|ARM.Build.0 = Release|Any CPU
		{9B960D09-426D-4D5A-90AC-8971D255E48F}.AppStore|ARM.Deploy.0 = Release|Any CPU
		{9B960D09-426D-4D5A-90AC-8971D255E48F}.AppStore|iPhone.ActiveCfg = Release|Any CPU
		{9B960D09-426D-4D5A-90AC-8971D255E48F}.AppStore|iPhone.Build.0 = Release|Any CPU
		{9B960D09-426D-4D5A-90AC-8971D255E48F}.AppStore|iPhone.Deploy.0 = Release|Any CPU
		{9B960D09-426D-4D5A-90AC-8971D255E48F}.AppStore|iPhoneSimulator.ActiveCfg = Release|Any CPU
		{9B960D09-426D-4D5A-90AC-8971D255E48F}.AppStore|iPhoneSimulator.Build.0 = Release|Any CPU
		{9B960D09-426D-4D5A-90AC-8971D255E48F}.AppStore|iPhoneSimulator.Deploy.0 = Release|Any CPU
		{9B960D09-426D-4D5A-90AC-8971D255E48F}.AppStore|x64.ActiveCfg = Release|Any CPU
		{9B960D09-426D-4D5A-90AC-8971D255E48F}.AppStore|x64.Build.0 = Release|Any CPU
		{9B960D09-426D-4D5A-90AC-8971D255E48F}.AppStore|x64.Deploy.0 = Release|Any CPU
		{9B960D09-426D-4D5A-90AC-8971D255E48F}.AppStore|x86.ActiveCfg = Release|Any CPU
		{9B960D09-426D-4D5A-90AC-8971D255E48F}.AppStore|x86.Build.0 = Release|Any CPU
		{9B960D09-426D-4D5A-90AC-8971D255E48F}.AppStore|x86.Deploy.0 = Release|Any CPU
		{9B960D09-426D-4D5A-90AC-8971D255E48F}.Debug|Any CPU.ActiveCfg = Debug|Any CPU
		{9B960D09-426D-4D5A-90AC-8971D255E48F}.Debug|Any CPU.Build.0 = Debug|Any CPU
		{9B960D09-426D-4D5A-90AC-8971D255E48F}.Debug|Any CPU.Deploy.0 = Debug|Any CPU
		{9B960D09-426D-4D5A-90AC-8971D255E48F}.Debug|ARM.ActiveCfg = Debug|Any CPU
		{9B960D09-426D-4D5A-90AC-8971D255E48F}.Debug|ARM.Build.0 = Debug|Any CPU
		{9B960D09-426D-4D5A-90AC-8971D255E48F}.Debug|ARM.Deploy.0 = Debug|Any CPU
		{9B960D09-426D-4D5A-90AC-8971D255E48F}.Debug|iPhone.ActiveCfg = Debug|Any CPU
		{9B960D09-426D-4D5A-90AC-8971D255E48F}.Debug|iPhone.Build.0 = Debug|Any CPU
		{9B960D09-426D-4D5A-90AC-8971D255E48F}.Debug|iPhone.Deploy.0 = Debug|Any CPU
		{9B960D09-426D-4D5A-90AC-8971D255E48F}.Debug|iPhoneSimulator.ActiveCfg = Debug|Any CPU
		{9B960D09-426D-4D5A-90AC-8971D255E48F}.Debug|iPhoneSimulator.Build.0 = Debug|Any CPU
		{9B960D09-426D-4D5A-90AC-8971D255E48F}.Debug|iPhoneSimulator.Deploy.0 = Debug|Any CPU
		{9B960D09-426D-4D5A-90AC-8971D255E48F}.Debug|x64.ActiveCfg = Debug|Any CPU
		{9B960D09-426D-4D5A-90AC-8971D255E48F}.Debug|x64.Build.0 = Debug|Any CPU
		{9B960D09-426D-4D5A-90AC-8971D255E48F}.Debug|x64.Deploy.0 = Debug|Any CPU
		{9B960D09-426D-4D5A-90AC-8971D255E48F}.Debug|x86.ActiveCfg = Debug|Any CPU
		{9B960D09-426D-4D5A-90AC-8971D255E48F}.Debug|x86.Build.0 = Debug|Any CPU
		{9B960D09-426D-4D5A-90AC-8971D255E48F}.Debug|x86.Deploy.0 = Debug|Any CPU
		{9B960D09-426D-4D5A-90AC-8971D255E48F}.Release|Any CPU.ActiveCfg = Release|Any CPU
		{9B960D09-426D-4D5A-90AC-8971D255E48F}.Release|Any CPU.Build.0 = Release|Any CPU
		{9B960D09-426D-4D5A-90AC-8971D255E48F}.Release|Any CPU.Deploy.0 = Release|Any CPU
		{9B960D09-426D-4D5A-90AC-8971D255E48F}.Release|ARM.ActiveCfg = Release|Any CPU
		{9B960D09-426D-4D5A-90AC-8971D255E48F}.Release|ARM.Build.0 = Release|Any CPU
		{9B960D09-426D-4D5A-90AC-8971D255E48F}.Release|ARM.Deploy.0 = Release|Any CPU
		{9B960D09-426D-4D5A-90AC-8971D255E48F}.Release|iPhone.ActiveCfg = Release|Any CPU
		{9B960D09-426D-4D5A-90AC-8971D255E48F}.Release|iPhone.Build.0 = Release|Any CPU
		{9B960D09-426D-4D5A-90AC-8971D255E48F}.Release|iPhone.Deploy.0 = Release|Any CPU
		{9B960D09-426D-4D5A-90AC-8971D255E48F}.Release|iPhoneSimulator.ActiveCfg = Release|Any CPU
		{9B960D09-426D-4D5A-90AC-8971D255E48F}.Release|iPhoneSimulator.Build.0 = Release|Any CPU
		{9B960D09-426D-4D5A-90AC-8971D255E48F}.Release|iPhoneSimulator.Deploy.0 = Release|Any CPU
		{9B960D09-426D-4D5A-90AC-8971D255E48F}.Release|x64.ActiveCfg = Release|Any CPU
		{9B960D09-426D-4D5A-90AC-8971D255E48F}.Release|x64.Build.0 = Release|Any CPU
		{9B960D09-426D-4D5A-90AC-8971D255E48F}.Release|x64.Deploy.0 = Release|Any CPU
		{9B960D09-426D-4D5A-90AC-8971D255E48F}.Release|x86.ActiveCfg = Release|Any CPU
		{9B960D09-426D-4D5A-90AC-8971D255E48F}.Release|x86.Build.0 = Release|Any CPU
		{9B960D09-426D-4D5A-90AC-8971D255E48F}.Release|x86.Deploy.0 = Release|Any CPU
		{C9938859-CB05-4AAD-909A-8118F3D6B47A}.Ad-Hoc|Any CPU.ActiveCfg = Ad-Hoc|iPhone
		{C9938859-CB05-4AAD-909A-8118F3D6B47A}.Ad-Hoc|ARM.ActiveCfg = Ad-Hoc|iPhone
		{C9938859-CB05-4AAD-909A-8118F3D6B47A}.Ad-Hoc|iPhone.ActiveCfg = Ad-Hoc|iPhone
		{C9938859-CB05-4AAD-909A-8118F3D6B47A}.Ad-Hoc|iPhone.Build.0 = Ad-Hoc|iPhone
		{C9938859-CB05-4AAD-909A-8118F3D6B47A}.Ad-Hoc|iPhoneSimulator.ActiveCfg = Ad-Hoc|iPhoneSimulator
		{C9938859-CB05-4AAD-909A-8118F3D6B47A}.Ad-Hoc|iPhoneSimulator.Build.0 = Ad-Hoc|iPhoneSimulator
		{C9938859-CB05-4AAD-909A-8118F3D6B47A}.Ad-Hoc|x64.ActiveCfg = Ad-Hoc|iPhone
		{C9938859-CB05-4AAD-909A-8118F3D6B47A}.Ad-Hoc|x86.ActiveCfg = Ad-Hoc|iPhone
		{C9938859-CB05-4AAD-909A-8118F3D6B47A}.AppStore|Any CPU.ActiveCfg = AppStore|iPhone
		{C9938859-CB05-4AAD-909A-8118F3D6B47A}.AppStore|ARM.ActiveCfg = AppStore|iPhone
		{C9938859-CB05-4AAD-909A-8118F3D6B47A}.AppStore|iPhone.ActiveCfg = AppStore|iPhone
		{C9938859-CB05-4AAD-909A-8118F3D6B47A}.AppStore|iPhone.Build.0 = AppStore|iPhone
		{C9938859-CB05-4AAD-909A-8118F3D6B47A}.AppStore|iPhoneSimulator.ActiveCfg = AppStore|iPhoneSimulator
		{C9938859-CB05-4AAD-909A-8118F3D6B47A}.AppStore|iPhoneSimulator.Build.0 = AppStore|iPhoneSimulator
		{C9938859-CB05-4AAD-909A-8118F3D6B47A}.AppStore|x64.ActiveCfg = AppStore|iPhone
		{C9938859-CB05-4AAD-909A-8118F3D6B47A}.AppStore|x86.ActiveCfg = AppStore|iPhone
		{C9938859-CB05-4AAD-909A-8118F3D6B47A}.Debug|Any CPU.ActiveCfg = Debug|iPhoneSimulator
		{C9938859-CB05-4AAD-909A-8118F3D6B47A}.Debug|Any CPU.Build.0 = Debug|iPhoneSimulator
		{C9938859-CB05-4AAD-909A-8118F3D6B47A}.Debug|ARM.ActiveCfg = Debug|iPhone
		{C9938859-CB05-4AAD-909A-8118F3D6B47A}.Debug|iPhone.ActiveCfg = Debug|iPhone
		{C9938859-CB05-4AAD-909A-8118F3D6B47A}.Debug|iPhone.Build.0 = Debug|iPhone
		{C9938859-CB05-4AAD-909A-8118F3D6B47A}.Debug|iPhoneSimulator.ActiveCfg = Debug|iPhoneSimulator
		{C9938859-CB05-4AAD-909A-8118F3D6B47A}.Debug|iPhoneSimulator.Build.0 = Debug|iPhoneSimulator
		{C9938859-CB05-4AAD-909A-8118F3D6B47A}.Debug|x64.ActiveCfg = Debug|iPhone
		{C9938859-CB05-4AAD-909A-8118F3D6B47A}.Debug|x86.ActiveCfg = Debug|iPhone
		{C9938859-CB05-4AAD-909A-8118F3D6B47A}.Release|Any CPU.ActiveCfg = Release|iPhone
		{C9938859-CB05-4AAD-909A-8118F3D6B47A}.Release|ARM.ActiveCfg = Release|iPhone
		{C9938859-CB05-4AAD-909A-8118F3D6B47A}.Release|iPhone.ActiveCfg = Release|iPhone
		{C9938859-CB05-4AAD-909A-8118F3D6B47A}.Release|iPhone.Build.0 = Release|iPhone
		{C9938859-CB05-4AAD-909A-8118F3D6B47A}.Release|iPhoneSimulator.ActiveCfg = Release|iPhoneSimulator
		{C9938859-CB05-4AAD-909A-8118F3D6B47A}.Release|iPhoneSimulator.Build.0 = Release|iPhoneSimulator
		{C9938859-CB05-4AAD-909A-8118F3D6B47A}.Release|x64.ActiveCfg = Release|iPhone
		{C9938859-CB05-4AAD-909A-8118F3D6B47A}.Release|x86.ActiveCfg = Release|iPhone
		{108D8FA2-92DB-4D6F-8E94-1C138CFC15E8}.Ad-Hoc|Any CPU.ActiveCfg = Release|x86
		{108D8FA2-92DB-4D6F-8E94-1C138CFC15E8}.Ad-Hoc|Any CPU.Build.0 = Release|x86
		{108D8FA2-92DB-4D6F-8E94-1C138CFC15E8}.Ad-Hoc|Any CPU.Deploy.0 = Release|x86
		{108D8FA2-92DB-4D6F-8E94-1C138CFC15E8}.Ad-Hoc|ARM.ActiveCfg = Release|ARM
		{108D8FA2-92DB-4D6F-8E94-1C138CFC15E8}.Ad-Hoc|ARM.Build.0 = Release|ARM
		{108D8FA2-92DB-4D6F-8E94-1C138CFC15E8}.Ad-Hoc|ARM.Deploy.0 = Release|ARM
		{108D8FA2-92DB-4D6F-8E94-1C138CFC15E8}.Ad-Hoc|iPhone.ActiveCfg = Release|x86
		{108D8FA2-92DB-4D6F-8E94-1C138CFC15E8}.Ad-Hoc|iPhone.Build.0 = Release|x86
		{108D8FA2-92DB-4D6F-8E94-1C138CFC15E8}.Ad-Hoc|iPhone.Deploy.0 = Release|x86
		{108D8FA2-92DB-4D6F-8E94-1C138CFC15E8}.Ad-Hoc|iPhoneSimulator.ActiveCfg = Release|x86
		{108D8FA2-92DB-4D6F-8E94-1C138CFC15E8}.Ad-Hoc|iPhoneSimulator.Build.0 = Release|x86
		{108D8FA2-92DB-4D6F-8E94-1C138CFC15E8}.Ad-Hoc|iPhoneSimulator.Deploy.0 = Release|x86
		{108D8FA2-92DB-4D6F-8E94-1C138CFC15E8}.Ad-Hoc|x64.ActiveCfg = Release|x64
		{108D8FA2-92DB-4D6F-8E94-1C138CFC15E8}.Ad-Hoc|x64.Build.0 = Release|x64
		{108D8FA2-92DB-4D6F-8E94-1C138CFC15E8}.Ad-Hoc|x64.Deploy.0 = Release|x64
		{108D8FA2-92DB-4D6F-8E94-1C138CFC15E8}.Ad-Hoc|x86.ActiveCfg = Release|x86
		{108D8FA2-92DB-4D6F-8E94-1C138CFC15E8}.Ad-Hoc|x86.Build.0 = Release|x86
		{108D8FA2-92DB-4D6F-8E94-1C138CFC15E8}.Ad-Hoc|x86.Deploy.0 = Release|x86
		{108D8FA2-92DB-4D6F-8E94-1C138CFC15E8}.AppStore|Any CPU.ActiveCfg = Release|x86
		{108D8FA2-92DB-4D6F-8E94-1C138CFC15E8}.AppStore|Any CPU.Build.0 = Release|x86
		{108D8FA2-92DB-4D6F-8E94-1C138CFC15E8}.AppStore|Any CPU.Deploy.0 = Release|x86
		{108D8FA2-92DB-4D6F-8E94-1C138CFC15E8}.AppStore|ARM.ActiveCfg = Release|ARM
		{108D8FA2-92DB-4D6F-8E94-1C138CFC15E8}.AppStore|ARM.Build.0 = Release|ARM
		{108D8FA2-92DB-4D6F-8E94-1C138CFC15E8}.AppStore|ARM.Deploy.0 = Release|ARM
		{108D8FA2-92DB-4D6F-8E94-1C138CFC15E8}.AppStore|iPhone.ActiveCfg = Release|x86
		{108D8FA2-92DB-4D6F-8E94-1C138CFC15E8}.AppStore|iPhone.Build.0 = Release|x86
		{108D8FA2-92DB-4D6F-8E94-1C138CFC15E8}.AppStore|iPhone.Deploy.0 = Release|x86
		{108D8FA2-92DB-4D6F-8E94-1C138CFC15E8}.AppStore|iPhoneSimulator.ActiveCfg = Release|x86
		{108D8FA2-92DB-4D6F-8E94-1C138CFC15E8}.AppStore|iPhoneSimulator.Build.0 = Release|x86
		{108D8FA2-92DB-4D6F-8E94-1C138CFC15E8}.AppStore|iPhoneSimulator.Deploy.0 = Release|x86
		{108D8FA2-92DB-4D6F-8E94-1C138CFC15E8}.AppStore|x64.ActiveCfg = Release|x64
		{108D8FA2-92DB-4D6F-8E94-1C138CFC15E8}.AppStore|x64.Build.0 = Release|x64
		{108D8FA2-92DB-4D6F-8E94-1C138CFC15E8}.AppStore|x64.Deploy.0 = Release|x64
		{108D8FA2-92DB-4D6F-8E94-1C138CFC15E8}.AppStore|x86.ActiveCfg = Release|x86
		{108D8FA2-92DB-4D6F-8E94-1C138CFC15E8}.AppStore|x86.Build.0 = Release|x86
		{108D8FA2-92DB-4D6F-8E94-1C138CFC15E8}.AppStore|x86.Deploy.0 = Release|x86
		{108D8FA2-92DB-4D6F-8E94-1C138CFC15E8}.Debug|Any CPU.ActiveCfg = Debug|x64
		{108D8FA2-92DB-4D6F-8E94-1C138CFC15E8}.Debug|Any CPU.Build.0 = Debug|x64
		{108D8FA2-92DB-4D6F-8E94-1C138CFC15E8}.Debug|Any CPU.Deploy.0 = Debug|x64
		{108D8FA2-92DB-4D6F-8E94-1C138CFC15E8}.Debug|ARM.ActiveCfg = Debug|ARM
		{108D8FA2-92DB-4D6F-8E94-1C138CFC15E8}.Debug|ARM.Build.0 = Debug|ARM
		{108D8FA2-92DB-4D6F-8E94-1C138CFC15E8}.Debug|ARM.Deploy.0 = Debug|ARM
		{108D8FA2-92DB-4D6F-8E94-1C138CFC15E8}.Debug|iPhone.ActiveCfg = Debug|x86
		{108D8FA2-92DB-4D6F-8E94-1C138CFC15E8}.Debug|iPhoneSimulator.ActiveCfg = Debug|x86
		{108D8FA2-92DB-4D6F-8E94-1C138CFC15E8}.Debug|x64.ActiveCfg = Debug|x64
		{108D8FA2-92DB-4D6F-8E94-1C138CFC15E8}.Debug|x64.Build.0 = Debug|x64
		{108D8FA2-92DB-4D6F-8E94-1C138CFC15E8}.Debug|x64.Deploy.0 = Debug|x64
		{108D8FA2-92DB-4D6F-8E94-1C138CFC15E8}.Debug|x86.ActiveCfg = Debug|x86
		{108D8FA2-92DB-4D6F-8E94-1C138CFC15E8}.Debug|x86.Build.0 = Debug|x86
		{108D8FA2-92DB-4D6F-8E94-1C138CFC15E8}.Debug|x86.Deploy.0 = Debug|x86
		{108D8FA2-92DB-4D6F-8E94-1C138CFC15E8}.Release|Any CPU.ActiveCfg = Release|x86
		{108D8FA2-92DB-4D6F-8E94-1C138CFC15E8}.Release|ARM.ActiveCfg = Release|ARM
		{108D8FA2-92DB-4D6F-8E94-1C138CFC15E8}.Release|ARM.Build.0 = Release|ARM
		{108D8FA2-92DB-4D6F-8E94-1C138CFC15E8}.Release|ARM.Deploy.0 = Release|ARM
		{108D8FA2-92DB-4D6F-8E94-1C138CFC15E8}.Release|iPhone.ActiveCfg = Release|x86
		{108D8FA2-92DB-4D6F-8E94-1C138CFC15E8}.Release|iPhoneSimulator.ActiveCfg = Release|x86
		{108D8FA2-92DB-4D6F-8E94-1C138CFC15E8}.Release|x64.ActiveCfg = Release|x64
		{108D8FA2-92DB-4D6F-8E94-1C138CFC15E8}.Release|x64.Build.0 = Release|x64
		{108D8FA2-92DB-4D6F-8E94-1C138CFC15E8}.Release|x64.Deploy.0 = Release|x64
		{108D8FA2-92DB-4D6F-8E94-1C138CFC15E8}.Release|x86.ActiveCfg = Release|x86
		{108D8FA2-92DB-4D6F-8E94-1C138CFC15E8}.Release|x86.Build.0 = Release|x86
		{108D8FA2-92DB-4D6F-8E94-1C138CFC15E8}.Release|x86.Deploy.0 = Release|x86
		{F9CC0B31-7A41-46A6-9A23-EECF765F4E2C}.Ad-Hoc|Any CPU.ActiveCfg = Release|Any CPU
		{F9CC0B31-7A41-46A6-9A23-EECF765F4E2C}.Ad-Hoc|Any CPU.Build.0 = Release|Any CPU
		{F9CC0B31-7A41-46A6-9A23-EECF765F4E2C}.Ad-Hoc|ARM.ActiveCfg = Release|Any CPU
		{F9CC0B31-7A41-46A6-9A23-EECF765F4E2C}.Ad-Hoc|ARM.Build.0 = Release|Any CPU
		{F9CC0B31-7A41-46A6-9A23-EECF765F4E2C}.Ad-Hoc|iPhone.ActiveCfg = Release|Any CPU
		{F9CC0B31-7A41-46A6-9A23-EECF765F4E2C}.Ad-Hoc|iPhone.Build.0 = Release|Any CPU
		{F9CC0B31-7A41-46A6-9A23-EECF765F4E2C}.Ad-Hoc|iPhoneSimulator.ActiveCfg = Release|Any CPU
		{F9CC0B31-7A41-46A6-9A23-EECF765F4E2C}.Ad-Hoc|iPhoneSimulator.Build.0 = Release|Any CPU
		{F9CC0B31-7A41-46A6-9A23-EECF765F4E2C}.Ad-Hoc|x64.ActiveCfg = Release|Any CPU
		{F9CC0B31-7A41-46A6-9A23-EECF765F4E2C}.Ad-Hoc|x64.Build.0 = Release|Any CPU
		{F9CC0B31-7A41-46A6-9A23-EECF765F4E2C}.Ad-Hoc|x86.ActiveCfg = Release|Any CPU
		{F9CC0B31-7A41-46A6-9A23-EECF765F4E2C}.Ad-Hoc|x86.Build.0 = Release|Any CPU
		{F9CC0B31-7A41-46A6-9A23-EECF765F4E2C}.AppStore|Any CPU.ActiveCfg = Release|Any CPU
		{F9CC0B31-7A41-46A6-9A23-EECF765F4E2C}.AppStore|Any CPU.Build.0 = Release|Any CPU
		{F9CC0B31-7A41-46A6-9A23-EECF765F4E2C}.AppStore|ARM.ActiveCfg = Release|Any CPU
		{F9CC0B31-7A41-46A6-9A23-EECF765F4E2C}.AppStore|ARM.Build.0 = Release|Any CPU
		{F9CC0B31-7A41-46A6-9A23-EECF765F4E2C}.AppStore|iPhone.ActiveCfg = Release|Any CPU
		{F9CC0B31-7A41-46A6-9A23-EECF765F4E2C}.AppStore|iPhone.Build.0 = Release|Any CPU
		{F9CC0B31-7A41-46A6-9A23-EECF765F4E2C}.AppStore|iPhoneSimulator.ActiveCfg = Release|Any CPU
		{F9CC0B31-7A41-46A6-9A23-EECF765F4E2C}.AppStore|iPhoneSimulator.Build.0 = Release|Any CPU
		{F9CC0B31-7A41-46A6-9A23-EECF765F4E2C}.AppStore|x64.ActiveCfg = Release|Any CPU
		{F9CC0B31-7A41-46A6-9A23-EECF765F4E2C}.AppStore|x64.Build.0 = Release|Any CPU
		{F9CC0B31-7A41-46A6-9A23-EECF765F4E2C}.AppStore|x86.ActiveCfg = Release|Any CPU
		{F9CC0B31-7A41-46A6-9A23-EECF765F4E2C}.AppStore|x86.Build.0 = Release|Any CPU
		{F9CC0B31-7A41-46A6-9A23-EECF765F4E2C}.Debug|Any CPU.ActiveCfg = Debug|Any CPU
		{F9CC0B31-7A41-46A6-9A23-EECF765F4E2C}.Debug|Any CPU.Build.0 = Debug|Any CPU
		{F9CC0B31-7A41-46A6-9A23-EECF765F4E2C}.Debug|ARM.ActiveCfg = Debug|Any CPU
		{F9CC0B31-7A41-46A6-9A23-EECF765F4E2C}.Debug|ARM.Build.0 = Debug|Any CPU
		{F9CC0B31-7A41-46A6-9A23-EECF765F4E2C}.Debug|iPhone.ActiveCfg = Debug|Any CPU
		{F9CC0B31-7A41-46A6-9A23-EECF765F4E2C}.Debug|iPhone.Build.0 = Debug|Any CPU
		{F9CC0B31-7A41-46A6-9A23-EECF765F4E2C}.Debug|iPhoneSimulator.ActiveCfg = Debug|Any CPU
		{F9CC0B31-7A41-46A6-9A23-EECF765F4E2C}.Debug|iPhoneSimulator.Build.0 = Debug|Any CPU
		{F9CC0B31-7A41-46A6-9A23-EECF765F4E2C}.Debug|x64.ActiveCfg = Debug|Any CPU
		{F9CC0B31-7A41-46A6-9A23-EECF765F4E2C}.Debug|x64.Build.0 = Debug|Any CPU
		{F9CC0B31-7A41-46A6-9A23-EECF765F4E2C}.Debug|x86.ActiveCfg = Debug|Any CPU
		{F9CC0B31-7A41-46A6-9A23-EECF765F4E2C}.Debug|x86.Build.0 = Debug|Any CPU
		{F9CC0B31-7A41-46A6-9A23-EECF765F4E2C}.Release|Any CPU.ActiveCfg = Release|Any CPU
		{F9CC0B31-7A41-46A6-9A23-EECF765F4E2C}.Release|Any CPU.Build.0 = Release|Any CPU
		{F9CC0B31-7A41-46A6-9A23-EECF765F4E2C}.Release|ARM.ActiveCfg = Release|Any CPU
		{F9CC0B31-7A41-46A6-9A23-EECF765F4E2C}.Release|ARM.Build.0 = Release|Any CPU
		{F9CC0B31-7A41-46A6-9A23-EECF765F4E2C}.Release|iPhone.ActiveCfg = Release|Any CPU
		{F9CC0B31-7A41-46A6-9A23-EECF765F4E2C}.Release|iPhone.Build.0 = Release|Any CPU
		{F9CC0B31-7A41-46A6-9A23-EECF765F4E2C}.Release|iPhoneSimulator.ActiveCfg = Release|Any CPU
		{F9CC0B31-7A41-46A6-9A23-EECF765F4E2C}.Release|iPhoneSimulator.Build.0 = Release|Any CPU
		{F9CC0B31-7A41-46A6-9A23-EECF765F4E2C}.Release|x64.ActiveCfg = Release|Any CPU
		{F9CC0B31-7A41-46A6-9A23-EECF765F4E2C}.Release|x64.Build.0 = Release|Any CPU
		{F9CC0B31-7A41-46A6-9A23-EECF765F4E2C}.Release|x86.ActiveCfg = Release|Any CPU
		{F9CC0B31-7A41-46A6-9A23-EECF765F4E2C}.Release|x86.Build.0 = Release|Any CPU
		{B32E4823-D151-4A32-8C25-914BC7FB7B2C}.Ad-Hoc|Any CPU.ActiveCfg = Release|Any CPU
		{B32E4823-D151-4A32-8C25-914BC7FB7B2C}.Ad-Hoc|Any CPU.Build.0 = Release|Any CPU
		{B32E4823-D151-4A32-8C25-914BC7FB7B2C}.Ad-Hoc|ARM.ActiveCfg = Release|Any CPU
		{B32E4823-D151-4A32-8C25-914BC7FB7B2C}.Ad-Hoc|ARM.Build.0 = Release|Any CPU
		{B32E4823-D151-4A32-8C25-914BC7FB7B2C}.Ad-Hoc|iPhone.ActiveCfg = Release|Any CPU
		{B32E4823-D151-4A32-8C25-914BC7FB7B2C}.Ad-Hoc|iPhone.Build.0 = Release|Any CPU
		{B32E4823-D151-4A32-8C25-914BC7FB7B2C}.Ad-Hoc|iPhoneSimulator.ActiveCfg = Release|Any CPU
		{B32E4823-D151-4A32-8C25-914BC7FB7B2C}.Ad-Hoc|iPhoneSimulator.Build.0 = Release|Any CPU
		{B32E4823-D151-4A32-8C25-914BC7FB7B2C}.Ad-Hoc|x64.ActiveCfg = Release|Any CPU
		{B32E4823-D151-4A32-8C25-914BC7FB7B2C}.Ad-Hoc|x64.Build.0 = Release|Any CPU
		{B32E4823-D151-4A32-8C25-914BC7FB7B2C}.Ad-Hoc|x86.ActiveCfg = Release|Any CPU
		{B32E4823-D151-4A32-8C25-914BC7FB7B2C}.Ad-Hoc|x86.Build.0 = Release|Any CPU
		{B32E4823-D151-4A32-8C25-914BC7FB7B2C}.AppStore|Any CPU.ActiveCfg = Release|Any CPU
		{B32E4823-D151-4A32-8C25-914BC7FB7B2C}.AppStore|Any CPU.Build.0 = Release|Any CPU
		{B32E4823-D151-4A32-8C25-914BC7FB7B2C}.AppStore|ARM.ActiveCfg = Release|Any CPU
		{B32E4823-D151-4A32-8C25-914BC7FB7B2C}.AppStore|ARM.Build.0 = Release|Any CPU
		{B32E4823-D151-4A32-8C25-914BC7FB7B2C}.AppStore|iPhone.ActiveCfg = Release|Any CPU
		{B32E4823-D151-4A32-8C25-914BC7FB7B2C}.AppStore|iPhone.Build.0 = Release|Any CPU
		{B32E4823-D151-4A32-8C25-914BC7FB7B2C}.AppStore|iPhoneSimulator.ActiveCfg = Release|Any CPU
		{B32E4823-D151-4A32-8C25-914BC7FB7B2C}.AppStore|iPhoneSimulator.Build.0 = Release|Any CPU
		{B32E4823-D151-4A32-8C25-914BC7FB7B2C}.AppStore|x64.ActiveCfg = Release|Any CPU
		{B32E4823-D151-4A32-8C25-914BC7FB7B2C}.AppStore|x64.Build.0 = Release|Any CPU
		{B32E4823-D151-4A32-8C25-914BC7FB7B2C}.AppStore|x86.ActiveCfg = Release|Any CPU
		{B32E4823-D151-4A32-8C25-914BC7FB7B2C}.AppStore|x86.Build.0 = Release|Any CPU
		{B32E4823-D151-4A32-8C25-914BC7FB7B2C}.Debug|Any CPU.ActiveCfg = Debug|Any CPU
		{B32E4823-D151-4A32-8C25-914BC7FB7B2C}.Debug|Any CPU.Build.0 = Debug|Any CPU
		{B32E4823-D151-4A32-8C25-914BC7FB7B2C}.Debug|ARM.ActiveCfg = Debug|Any CPU
		{B32E4823-D151-4A32-8C25-914BC7FB7B2C}.Debug|ARM.Build.0 = Debug|Any CPU
		{B32E4823-D151-4A32-8C25-914BC7FB7B2C}.Debug|iPhone.ActiveCfg = Debug|Any CPU
		{B32E4823-D151-4A32-8C25-914BC7FB7B2C}.Debug|iPhone.Build.0 = Debug|Any CPU
		{B32E4823-D151-4A32-8C25-914BC7FB7B2C}.Debug|iPhoneSimulator.ActiveCfg = Debug|Any CPU
		{B32E4823-D151-4A32-8C25-914BC7FB7B2C}.Debug|iPhoneSimulator.Build.0 = Debug|Any CPU
		{B32E4823-D151-4A32-8C25-914BC7FB7B2C}.Debug|x64.ActiveCfg = Debug|Any CPU
		{B32E4823-D151-4A32-8C25-914BC7FB7B2C}.Debug|x64.Build.0 = Debug|Any CPU
		{B32E4823-D151-4A32-8C25-914BC7FB7B2C}.Debug|x86.ActiveCfg = Debug|Any CPU
		{B32E4823-D151-4A32-8C25-914BC7FB7B2C}.Debug|x86.Build.0 = Debug|Any CPU
		{B32E4823-D151-4A32-8C25-914BC7FB7B2C}.Release|Any CPU.ActiveCfg = Release|Any CPU
		{B32E4823-D151-4A32-8C25-914BC7FB7B2C}.Release|Any CPU.Build.0 = Release|Any CPU
		{B32E4823-D151-4A32-8C25-914BC7FB7B2C}.Release|ARM.ActiveCfg = Release|Any CPU
		{B32E4823-D151-4A32-8C25-914BC7FB7B2C}.Release|ARM.Build.0 = Release|Any CPU
		{B32E4823-D151-4A32-8C25-914BC7FB7B2C}.Release|iPhone.ActiveCfg = Release|Any CPU
		{B32E4823-D151-4A32-8C25-914BC7FB7B2C}.Release|iPhone.Build.0 = Release|Any CPU
		{B32E4823-D151-4A32-8C25-914BC7FB7B2C}.Release|iPhoneSimulator.ActiveCfg = Release|Any CPU
		{B32E4823-D151-4A32-8C25-914BC7FB7B2C}.Release|iPhoneSimulator.Build.0 = Release|Any CPU
		{B32E4823-D151-4A32-8C25-914BC7FB7B2C}.Release|x64.ActiveCfg = Release|Any CPU
		{B32E4823-D151-4A32-8C25-914BC7FB7B2C}.Release|x64.Build.0 = Release|Any CPU
		{B32E4823-D151-4A32-8C25-914BC7FB7B2C}.Release|x86.ActiveCfg = Release|Any CPU
		{B32E4823-D151-4A32-8C25-914BC7FB7B2C}.Release|x86.Build.0 = Release|Any CPU
		{D74CA2AC-F45F-4E6A-9830-E9A9135E4D76}.Ad-Hoc|Any CPU.ActiveCfg = Release|Any CPU
		{D74CA2AC-F45F-4E6A-9830-E9A9135E4D76}.Ad-Hoc|Any CPU.Build.0 = Release|Any CPU
		{D74CA2AC-F45F-4E6A-9830-E9A9135E4D76}.Ad-Hoc|ARM.ActiveCfg = Release|Any CPU
		{D74CA2AC-F45F-4E6A-9830-E9A9135E4D76}.Ad-Hoc|ARM.Build.0 = Release|Any CPU
		{D74CA2AC-F45F-4E6A-9830-E9A9135E4D76}.Ad-Hoc|iPhone.ActiveCfg = Release|Any CPU
		{D74CA2AC-F45F-4E6A-9830-E9A9135E4D76}.Ad-Hoc|iPhone.Build.0 = Release|Any CPU
		{D74CA2AC-F45F-4E6A-9830-E9A9135E4D76}.Ad-Hoc|iPhoneSimulator.ActiveCfg = Release|Any CPU
		{D74CA2AC-F45F-4E6A-9830-E9A9135E4D76}.Ad-Hoc|iPhoneSimulator.Build.0 = Release|Any CPU
		{D74CA2AC-F45F-4E6A-9830-E9A9135E4D76}.Ad-Hoc|x64.ActiveCfg = Release|Any CPU
		{D74CA2AC-F45F-4E6A-9830-E9A9135E4D76}.Ad-Hoc|x64.Build.0 = Release|Any CPU
		{D74CA2AC-F45F-4E6A-9830-E9A9135E4D76}.Ad-Hoc|x86.ActiveCfg = Release|Any CPU
		{D74CA2AC-F45F-4E6A-9830-E9A9135E4D76}.Ad-Hoc|x86.Build.0 = Release|Any CPU
		{D74CA2AC-F45F-4E6A-9830-E9A9135E4D76}.AppStore|Any CPU.ActiveCfg = Release|Any CPU
		{D74CA2AC-F45F-4E6A-9830-E9A9135E4D76}.AppStore|Any CPU.Build.0 = Release|Any CPU
		{D74CA2AC-F45F-4E6A-9830-E9A9135E4D76}.AppStore|ARM.ActiveCfg = Release|Any CPU
		{D74CA2AC-F45F-4E6A-9830-E9A9135E4D76}.AppStore|ARM.Build.0 = Release|Any CPU
		{D74CA2AC-F45F-4E6A-9830-E9A9135E4D76}.AppStore|iPhone.ActiveCfg = Release|Any CPU
		{D74CA2AC-F45F-4E6A-9830-E9A9135E4D76}.AppStore|iPhone.Build.0 = Release|Any CPU
		{D74CA2AC-F45F-4E6A-9830-E9A9135E4D76}.AppStore|iPhoneSimulator.ActiveCfg = Release|Any CPU
		{D74CA2AC-F45F-4E6A-9830-E9A9135E4D76}.AppStore|iPhoneSimulator.Build.0 = Release|Any CPU
		{D74CA2AC-F45F-4E6A-9830-E9A9135E4D76}.AppStore|x64.ActiveCfg = Release|Any CPU
		{D74CA2AC-F45F-4E6A-9830-E9A9135E4D76}.AppStore|x64.Build.0 = Release|Any CPU
		{D74CA2AC-F45F-4E6A-9830-E9A9135E4D76}.AppStore|x86.ActiveCfg = Release|Any CPU
		{D74CA2AC-F45F-4E6A-9830-E9A9135E4D76}.AppStore|x86.Build.0 = Release|Any CPU
		{D74CA2AC-F45F-4E6A-9830-E9A9135E4D76}.Debug|Any CPU.ActiveCfg = Debug|Any CPU
		{D74CA2AC-F45F-4E6A-9830-E9A9135E4D76}.Debug|Any CPU.Build.0 = Debug|Any CPU
		{D74CA2AC-F45F-4E6A-9830-E9A9135E4D76}.Debug|ARM.ActiveCfg = Debug|Any CPU
		{D74CA2AC-F45F-4E6A-9830-E9A9135E4D76}.Debug|ARM.Build.0 = Debug|Any CPU
		{D74CA2AC-F45F-4E6A-9830-E9A9135E4D76}.Debug|iPhone.ActiveCfg = Debug|Any CPU
		{D74CA2AC-F45F-4E6A-9830-E9A9135E4D76}.Debug|iPhone.Build.0 = Debug|Any CPU
		{D74CA2AC-F45F-4E6A-9830-E9A9135E4D76}.Debug|iPhoneSimulator.ActiveCfg = Debug|Any CPU
		{D74CA2AC-F45F-4E6A-9830-E9A9135E4D76}.Debug|iPhoneSimulator.Build.0 = Debug|Any CPU
		{D74CA2AC-F45F-4E6A-9830-E9A9135E4D76}.Debug|x64.ActiveCfg = Debug|Any CPU
		{D74CA2AC-F45F-4E6A-9830-E9A9135E4D76}.Debug|x64.Build.0 = Debug|Any CPU
		{D74CA2AC-F45F-4E6A-9830-E9A9135E4D76}.Debug|x86.ActiveCfg = Debug|Any CPU
		{D74CA2AC-F45F-4E6A-9830-E9A9135E4D76}.Debug|x86.Build.0 = Debug|Any CPU
		{D74CA2AC-F45F-4E6A-9830-E9A9135E4D76}.Release|Any CPU.ActiveCfg = Release|Any CPU
		{D74CA2AC-F45F-4E6A-9830-E9A9135E4D76}.Release|Any CPU.Build.0 = Release|Any CPU
		{D74CA2AC-F45F-4E6A-9830-E9A9135E4D76}.Release|ARM.ActiveCfg = Release|Any CPU
		{D74CA2AC-F45F-4E6A-9830-E9A9135E4D76}.Release|ARM.Build.0 = Release|Any CPU
		{D74CA2AC-F45F-4E6A-9830-E9A9135E4D76}.Release|iPhone.ActiveCfg = Release|Any CPU
		{D74CA2AC-F45F-4E6A-9830-E9A9135E4D76}.Release|iPhone.Build.0 = Release|Any CPU
		{D74CA2AC-F45F-4E6A-9830-E9A9135E4D76}.Release|iPhoneSimulator.ActiveCfg = Release|Any CPU
		{D74CA2AC-F45F-4E6A-9830-E9A9135E4D76}.Release|iPhoneSimulator.Build.0 = Release|Any CPU
		{D74CA2AC-F45F-4E6A-9830-E9A9135E4D76}.Release|x64.ActiveCfg = Release|Any CPU
		{D74CA2AC-F45F-4E6A-9830-E9A9135E4D76}.Release|x64.Build.0 = Release|Any CPU
		{D74CA2AC-F45F-4E6A-9830-E9A9135E4D76}.Release|x86.ActiveCfg = Release|Any CPU
		{D74CA2AC-F45F-4E6A-9830-E9A9135E4D76}.Release|x86.Build.0 = Release|Any CPU
		{14A21586-B844-4955-9E17-90968EE71FFD}.Ad-Hoc|Any CPU.ActiveCfg = Release|Any CPU
		{14A21586-B844-4955-9E17-90968EE71FFD}.Ad-Hoc|Any CPU.Build.0 = Release|Any CPU
		{14A21586-B844-4955-9E17-90968EE71FFD}.Ad-Hoc|ARM.ActiveCfg = Release|Any CPU
		{14A21586-B844-4955-9E17-90968EE71FFD}.Ad-Hoc|ARM.Build.0 = Release|Any CPU
		{14A21586-B844-4955-9E17-90968EE71FFD}.Ad-Hoc|iPhone.ActiveCfg = Release|Any CPU
		{14A21586-B844-4955-9E17-90968EE71FFD}.Ad-Hoc|iPhone.Build.0 = Release|Any CPU
		{14A21586-B844-4955-9E17-90968EE71FFD}.Ad-Hoc|iPhoneSimulator.ActiveCfg = Release|Any CPU
		{14A21586-B844-4955-9E17-90968EE71FFD}.Ad-Hoc|iPhoneSimulator.Build.0 = Release|Any CPU
		{14A21586-B844-4955-9E17-90968EE71FFD}.Ad-Hoc|x64.ActiveCfg = Release|Any CPU
		{14A21586-B844-4955-9E17-90968EE71FFD}.Ad-Hoc|x64.Build.0 = Release|Any CPU
		{14A21586-B844-4955-9E17-90968EE71FFD}.Ad-Hoc|x86.ActiveCfg = Release|Any CPU
		{14A21586-B844-4955-9E17-90968EE71FFD}.Ad-Hoc|x86.Build.0 = Release|Any CPU
		{14A21586-B844-4955-9E17-90968EE71FFD}.AppStore|Any CPU.ActiveCfg = Release|Any CPU
		{14A21586-B844-4955-9E17-90968EE71FFD}.AppStore|Any CPU.Build.0 = Release|Any CPU
		{14A21586-B844-4955-9E17-90968EE71FFD}.AppStore|ARM.ActiveCfg = Release|Any CPU
		{14A21586-B844-4955-9E17-90968EE71FFD}.AppStore|ARM.Build.0 = Release|Any CPU
		{14A21586-B844-4955-9E17-90968EE71FFD}.AppStore|iPhone.ActiveCfg = Release|Any CPU
		{14A21586-B844-4955-9E17-90968EE71FFD}.AppStore|iPhone.Build.0 = Release|Any CPU
		{14A21586-B844-4955-9E17-90968EE71FFD}.AppStore|iPhoneSimulator.ActiveCfg = Release|Any CPU
		{14A21586-B844-4955-9E17-90968EE71FFD}.AppStore|iPhoneSimulator.Build.0 = Release|Any CPU
		{14A21586-B844-4955-9E17-90968EE71FFD}.AppStore|x64.ActiveCfg = Release|Any CPU
		{14A21586-B844-4955-9E17-90968EE71FFD}.AppStore|x64.Build.0 = Release|Any CPU
		{14A21586-B844-4955-9E17-90968EE71FFD}.AppStore|x86.ActiveCfg = Release|Any CPU
		{14A21586-B844-4955-9E17-90968EE71FFD}.AppStore|x86.Build.0 = Release|Any CPU
		{14A21586-B844-4955-9E17-90968EE71FFD}.Debug|Any CPU.ActiveCfg = Debug|Any CPU
		{14A21586-B844-4955-9E17-90968EE71FFD}.Debug|Any CPU.Build.0 = Debug|Any CPU
		{14A21586-B844-4955-9E17-90968EE71FFD}.Debug|ARM.ActiveCfg = Debug|Any CPU
		{14A21586-B844-4955-9E17-90968EE71FFD}.Debug|ARM.Build.0 = Debug|Any CPU
		{14A21586-B844-4955-9E17-90968EE71FFD}.Debug|iPhone.ActiveCfg = Debug|Any CPU
		{14A21586-B844-4955-9E17-90968EE71FFD}.Debug|iPhone.Build.0 = Debug|Any CPU
		{14A21586-B844-4955-9E17-90968EE71FFD}.Debug|iPhoneSimulator.ActiveCfg = Debug|Any CPU
		{14A21586-B844-4955-9E17-90968EE71FFD}.Debug|iPhoneSimulator.Build.0 = Debug|Any CPU
		{14A21586-B844-4955-9E17-90968EE71FFD}.Debug|x64.ActiveCfg = Debug|Any CPU
		{14A21586-B844-4955-9E17-90968EE71FFD}.Debug|x64.Build.0 = Debug|Any CPU
		{14A21586-B844-4955-9E17-90968EE71FFD}.Debug|x86.ActiveCfg = Debug|Any CPU
		{14A21586-B844-4955-9E17-90968EE71FFD}.Debug|x86.Build.0 = Debug|Any CPU
		{14A21586-B844-4955-9E17-90968EE71FFD}.Release|Any CPU.ActiveCfg = Release|Any CPU
		{14A21586-B844-4955-9E17-90968EE71FFD}.Release|Any CPU.Build.0 = Release|Any CPU
		{14A21586-B844-4955-9E17-90968EE71FFD}.Release|ARM.ActiveCfg = Release|Any CPU
		{14A21586-B844-4955-9E17-90968EE71FFD}.Release|ARM.Build.0 = Release|Any CPU
		{14A21586-B844-4955-9E17-90968EE71FFD}.Release|iPhone.ActiveCfg = Release|Any CPU
		{14A21586-B844-4955-9E17-90968EE71FFD}.Release|iPhone.Build.0 = Release|Any CPU
		{14A21586-B844-4955-9E17-90968EE71FFD}.Release|iPhoneSimulator.ActiveCfg = Release|Any CPU
		{14A21586-B844-4955-9E17-90968EE71FFD}.Release|iPhoneSimulator.Build.0 = Release|Any CPU
		{14A21586-B844-4955-9E17-90968EE71FFD}.Release|x64.ActiveCfg = Release|Any CPU
		{14A21586-B844-4955-9E17-90968EE71FFD}.Release|x64.Build.0 = Release|Any CPU
		{14A21586-B844-4955-9E17-90968EE71FFD}.Release|x86.ActiveCfg = Release|Any CPU
		{14A21586-B844-4955-9E17-90968EE71FFD}.Release|x86.Build.0 = Release|Any CPU
		{E4E220CE-0F9E-4963-9ECF-43F13B8DE8D0}.Ad-Hoc|Any CPU.ActiveCfg = Release|Any CPU
		{E4E220CE-0F9E-4963-9ECF-43F13B8DE8D0}.Ad-Hoc|Any CPU.Build.0 = Release|Any CPU
		{E4E220CE-0F9E-4963-9ECF-43F13B8DE8D0}.Ad-Hoc|ARM.ActiveCfg = Release|Any CPU
		{E4E220CE-0F9E-4963-9ECF-43F13B8DE8D0}.Ad-Hoc|ARM.Build.0 = Release|Any CPU
		{E4E220CE-0F9E-4963-9ECF-43F13B8DE8D0}.Ad-Hoc|iPhone.ActiveCfg = Release|Any CPU
		{E4E220CE-0F9E-4963-9ECF-43F13B8DE8D0}.Ad-Hoc|iPhone.Build.0 = Release|Any CPU
		{E4E220CE-0F9E-4963-9ECF-43F13B8DE8D0}.Ad-Hoc|iPhoneSimulator.ActiveCfg = Release|Any CPU
		{E4E220CE-0F9E-4963-9ECF-43F13B8DE8D0}.Ad-Hoc|iPhoneSimulator.Build.0 = Release|Any CPU
		{E4E220CE-0F9E-4963-9ECF-43F13B8DE8D0}.Ad-Hoc|x64.ActiveCfg = Release|Any CPU
		{E4E220CE-0F9E-4963-9ECF-43F13B8DE8D0}.Ad-Hoc|x64.Build.0 = Release|Any CPU
		{E4E220CE-0F9E-4963-9ECF-43F13B8DE8D0}.Ad-Hoc|x86.ActiveCfg = Release|Any CPU
		{E4E220CE-0F9E-4963-9ECF-43F13B8DE8D0}.Ad-Hoc|x86.Build.0 = Release|Any CPU
		{E4E220CE-0F9E-4963-9ECF-43F13B8DE8D0}.AppStore|Any CPU.ActiveCfg = Release|Any CPU
		{E4E220CE-0F9E-4963-9ECF-43F13B8DE8D0}.AppStore|Any CPU.Build.0 = Release|Any CPU
		{E4E220CE-0F9E-4963-9ECF-43F13B8DE8D0}.AppStore|ARM.ActiveCfg = Release|Any CPU
		{E4E220CE-0F9E-4963-9ECF-43F13B8DE8D0}.AppStore|ARM.Build.0 = Release|Any CPU
		{E4E220CE-0F9E-4963-9ECF-43F13B8DE8D0}.AppStore|iPhone.ActiveCfg = Release|Any CPU
		{E4E220CE-0F9E-4963-9ECF-43F13B8DE8D0}.AppStore|iPhone.Build.0 = Release|Any CPU
		{E4E220CE-0F9E-4963-9ECF-43F13B8DE8D0}.AppStore|iPhoneSimulator.ActiveCfg = Release|Any CPU
		{E4E220CE-0F9E-4963-9ECF-43F13B8DE8D0}.AppStore|iPhoneSimulator.Build.0 = Release|Any CPU
		{E4E220CE-0F9E-4963-9ECF-43F13B8DE8D0}.AppStore|x64.ActiveCfg = Release|Any CPU
		{E4E220CE-0F9E-4963-9ECF-43F13B8DE8D0}.AppStore|x64.Build.0 = Release|Any CPU
		{E4E220CE-0F9E-4963-9ECF-43F13B8DE8D0}.AppStore|x86.ActiveCfg = Release|Any CPU
		{E4E220CE-0F9E-4963-9ECF-43F13B8DE8D0}.AppStore|x86.Build.0 = Release|Any CPU
		{E4E220CE-0F9E-4963-9ECF-43F13B8DE8D0}.Debug|Any CPU.ActiveCfg = Debug|Any CPU
		{E4E220CE-0F9E-4963-9ECF-43F13B8DE8D0}.Debug|Any CPU.Build.0 = Debug|Any CPU
		{E4E220CE-0F9E-4963-9ECF-43F13B8DE8D0}.Debug|ARM.ActiveCfg = Debug|Any CPU
		{E4E220CE-0F9E-4963-9ECF-43F13B8DE8D0}.Debug|ARM.Build.0 = Debug|Any CPU
		{E4E220CE-0F9E-4963-9ECF-43F13B8DE8D0}.Debug|iPhone.ActiveCfg = Debug|Any CPU
		{E4E220CE-0F9E-4963-9ECF-43F13B8DE8D0}.Debug|iPhone.Build.0 = Debug|Any CPU
		{E4E220CE-0F9E-4963-9ECF-43F13B8DE8D0}.Debug|iPhoneSimulator.ActiveCfg = Debug|Any CPU
		{E4E220CE-0F9E-4963-9ECF-43F13B8DE8D0}.Debug|iPhoneSimulator.Build.0 = Debug|Any CPU
		{E4E220CE-0F9E-4963-9ECF-43F13B8DE8D0}.Debug|x64.ActiveCfg = Debug|Any CPU
		{E4E220CE-0F9E-4963-9ECF-43F13B8DE8D0}.Debug|x64.Build.0 = Debug|Any CPU
		{E4E220CE-0F9E-4963-9ECF-43F13B8DE8D0}.Debug|x86.ActiveCfg = Debug|Any CPU
		{E4E220CE-0F9E-4963-9ECF-43F13B8DE8D0}.Debug|x86.Build.0 = Debug|Any CPU
		{E4E220CE-0F9E-4963-9ECF-43F13B8DE8D0}.Release|Any CPU.ActiveCfg = Release|Any CPU
		{E4E220CE-0F9E-4963-9ECF-43F13B8DE8D0}.Release|Any CPU.Build.0 = Release|Any CPU
		{E4E220CE-0F9E-4963-9ECF-43F13B8DE8D0}.Release|ARM.ActiveCfg = Release|Any CPU
		{E4E220CE-0F9E-4963-9ECF-43F13B8DE8D0}.Release|ARM.Build.0 = Release|Any CPU
		{E4E220CE-0F9E-4963-9ECF-43F13B8DE8D0}.Release|iPhone.ActiveCfg = Release|Any CPU
		{E4E220CE-0F9E-4963-9ECF-43F13B8DE8D0}.Release|iPhone.Build.0 = Release|Any CPU
		{E4E220CE-0F9E-4963-9ECF-43F13B8DE8D0}.Release|iPhoneSimulator.ActiveCfg = Release|Any CPU
		{E4E220CE-0F9E-4963-9ECF-43F13B8DE8D0}.Release|iPhoneSimulator.Build.0 = Release|Any CPU
		{E4E220CE-0F9E-4963-9ECF-43F13B8DE8D0}.Release|x64.ActiveCfg = Release|Any CPU
		{E4E220CE-0F9E-4963-9ECF-43F13B8DE8D0}.Release|x64.Build.0 = Release|Any CPU
		{E4E220CE-0F9E-4963-9ECF-43F13B8DE8D0}.Release|x86.ActiveCfg = Release|Any CPU
		{E4E220CE-0F9E-4963-9ECF-43F13B8DE8D0}.Release|x86.Build.0 = Release|Any CPU
		{E4E220CE-0F9E-4963-9ECF-43F13B8DE8FF}.Ad-Hoc|Any CPU.ActiveCfg = Release|Any CPU
		{E4E220CE-0F9E-4963-9ECF-43F13B8DE8FF}.Ad-Hoc|Any CPU.Build.0 = Release|Any CPU
		{E4E220CE-0F9E-4963-9ECF-43F13B8DE8FF}.Ad-Hoc|ARM.ActiveCfg = Release|Any CPU
		{E4E220CE-0F9E-4963-9ECF-43F13B8DE8FF}.Ad-Hoc|ARM.Build.0 = Release|Any CPU
		{E4E220CE-0F9E-4963-9ECF-43F13B8DE8FF}.Ad-Hoc|iPhone.ActiveCfg = Release|Any CPU
		{E4E220CE-0F9E-4963-9ECF-43F13B8DE8FF}.Ad-Hoc|iPhone.Build.0 = Release|Any CPU
		{E4E220CE-0F9E-4963-9ECF-43F13B8DE8FF}.Ad-Hoc|iPhoneSimulator.ActiveCfg = Release|Any CPU
		{E4E220CE-0F9E-4963-9ECF-43F13B8DE8FF}.Ad-Hoc|iPhoneSimulator.Build.0 = Release|Any CPU
		{E4E220CE-0F9E-4963-9ECF-43F13B8DE8FF}.Ad-Hoc|x64.ActiveCfg = Release|Any CPU
		{E4E220CE-0F9E-4963-9ECF-43F13B8DE8FF}.Ad-Hoc|x64.Build.0 = Release|Any CPU
		{E4E220CE-0F9E-4963-9ECF-43F13B8DE8FF}.Ad-Hoc|x86.ActiveCfg = Release|Any CPU
		{E4E220CE-0F9E-4963-9ECF-43F13B8DE8FF}.Ad-Hoc|x86.Build.0 = Release|Any CPU
		{E4E220CE-0F9E-4963-9ECF-43F13B8DE8FF}.AppStore|Any CPU.ActiveCfg = Release|Any CPU
		{E4E220CE-0F9E-4963-9ECF-43F13B8DE8FF}.AppStore|Any CPU.Build.0 = Release|Any CPU
		{E4E220CE-0F9E-4963-9ECF-43F13B8DE8FF}.AppStore|ARM.ActiveCfg = Release|Any CPU
		{E4E220CE-0F9E-4963-9ECF-43F13B8DE8FF}.AppStore|ARM.Build.0 = Release|Any CPU
		{E4E220CE-0F9E-4963-9ECF-43F13B8DE8FF}.AppStore|iPhone.ActiveCfg = Release|Any CPU
		{E4E220CE-0F9E-4963-9ECF-43F13B8DE8FF}.AppStore|iPhone.Build.0 = Release|Any CPU
		{E4E220CE-0F9E-4963-9ECF-43F13B8DE8FF}.AppStore|iPhoneSimulator.ActiveCfg = Release|Any CPU
		{E4E220CE-0F9E-4963-9ECF-43F13B8DE8FF}.AppStore|iPhoneSimulator.Build.0 = Release|Any CPU
		{E4E220CE-0F9E-4963-9ECF-43F13B8DE8FF}.AppStore|x64.ActiveCfg = Release|Any CPU
		{E4E220CE-0F9E-4963-9ECF-43F13B8DE8FF}.AppStore|x64.Build.0 = Release|Any CPU
		{E4E220CE-0F9E-4963-9ECF-43F13B8DE8FF}.AppStore|x86.ActiveCfg = Release|Any CPU
		{E4E220CE-0F9E-4963-9ECF-43F13B8DE8FF}.AppStore|x86.Build.0 = Release|Any CPU
		{E4E220CE-0F9E-4963-9ECF-43F13B8DE8FF}.Debug|Any CPU.ActiveCfg = Debug|Any CPU
		{E4E220CE-0F9E-4963-9ECF-43F13B8DE8FF}.Debug|Any CPU.Build.0 = Debug|Any CPU
		{E4E220CE-0F9E-4963-9ECF-43F13B8DE8FF}.Debug|ARM.ActiveCfg = Debug|Any CPU
		{E4E220CE-0F9E-4963-9ECF-43F13B8DE8FF}.Debug|ARM.Build.0 = Debug|Any CPU
		{E4E220CE-0F9E-4963-9ECF-43F13B8DE8FF}.Debug|iPhone.ActiveCfg = Debug|Any CPU
		{E4E220CE-0F9E-4963-9ECF-43F13B8DE8FF}.Debug|iPhone.Build.0 = Debug|Any CPU
		{E4E220CE-0F9E-4963-9ECF-43F13B8DE8FF}.Debug|iPhoneSimulator.ActiveCfg = Debug|Any CPU
		{E4E220CE-0F9E-4963-9ECF-43F13B8DE8FF}.Debug|iPhoneSimulator.Build.0 = Debug|Any CPU
		{E4E220CE-0F9E-4963-9ECF-43F13B8DE8FF}.Debug|x64.ActiveCfg = Debug|Any CPU
		{E4E220CE-0F9E-4963-9ECF-43F13B8DE8FF}.Debug|x64.Build.0 = Debug|Any CPU
		{E4E220CE-0F9E-4963-9ECF-43F13B8DE8FF}.Debug|x86.ActiveCfg = Debug|Any CPU
		{E4E220CE-0F9E-4963-9ECF-43F13B8DE8FF}.Debug|x86.Build.0 = Debug|Any CPU
		{E4E220CE-0F9E-4963-9ECF-43F13B8DE8FF}.Release|Any CPU.ActiveCfg = Release|Any CPU
		{E4E220CE-0F9E-4963-9ECF-43F13B8DE8FF}.Release|Any CPU.Build.0 = Release|Any CPU
		{E4E220CE-0F9E-4963-9ECF-43F13B8DE8FF}.Release|ARM.ActiveCfg = Release|Any CPU
		{E4E220CE-0F9E-4963-9ECF-43F13B8DE8FF}.Release|ARM.Build.0 = Release|Any CPU
		{E4E220CE-0F9E-4963-9ECF-43F13B8DE8FF}.Release|iPhone.ActiveCfg = Release|Any CPU
		{E4E220CE-0F9E-4963-9ECF-43F13B8DE8FF}.Release|iPhone.Build.0 = Release|Any CPU
		{E4E220CE-0F9E-4963-9ECF-43F13B8DE8FF}.Release|iPhoneSimulator.ActiveCfg = Release|Any CPU
		{E4E220CE-0F9E-4963-9ECF-43F13B8DE8FF}.Release|iPhoneSimulator.Build.0 = Release|Any CPU
		{E4E220CE-0F9E-4963-9ECF-43F13B8DE8FF}.Release|x64.ActiveCfg = Release|Any CPU
		{E4E220CE-0F9E-4963-9ECF-43F13B8DE8FF}.Release|x64.Build.0 = Release|Any CPU
		{E4E220CE-0F9E-4963-9ECF-43F13B8DE8FF}.Release|x86.ActiveCfg = Release|Any CPU
		{E4E220CE-0F9E-4963-9ECF-43F13B8DE8FF}.Release|x86.Build.0 = Release|Any CPU
		{E4E220CE-0F9E-4963-9ECF-43F13B8DEABC}.Ad-Hoc|Any CPU.ActiveCfg = Release|Any CPU
		{E4E220CE-0F9E-4963-9ECF-43F13B8DEABC}.Ad-Hoc|Any CPU.Build.0 = Release|Any CPU
		{E4E220CE-0F9E-4963-9ECF-43F13B8DEABC}.Ad-Hoc|ARM.ActiveCfg = Release|Any CPU
		{E4E220CE-0F9E-4963-9ECF-43F13B8DEABC}.Ad-Hoc|ARM.Build.0 = Release|Any CPU
		{E4E220CE-0F9E-4963-9ECF-43F13B8DEABC}.Ad-Hoc|iPhone.ActiveCfg = Release|Any CPU
		{E4E220CE-0F9E-4963-9ECF-43F13B8DEABC}.Ad-Hoc|iPhone.Build.0 = Release|Any CPU
		{E4E220CE-0F9E-4963-9ECF-43F13B8DEABC}.Ad-Hoc|iPhoneSimulator.ActiveCfg = Release|Any CPU
		{E4E220CE-0F9E-4963-9ECF-43F13B8DEABC}.Ad-Hoc|iPhoneSimulator.Build.0 = Release|Any CPU
		{E4E220CE-0F9E-4963-9ECF-43F13B8DEABC}.Ad-Hoc|x64.ActiveCfg = Release|Any CPU
		{E4E220CE-0F9E-4963-9ECF-43F13B8DEABC}.Ad-Hoc|x64.Build.0 = Release|Any CPU
		{E4E220CE-0F9E-4963-9ECF-43F13B8DEABC}.Ad-Hoc|x86.ActiveCfg = Release|Any CPU
		{E4E220CE-0F9E-4963-9ECF-43F13B8DEABC}.Ad-Hoc|x86.Build.0 = Release|Any CPU
		{E4E220CE-0F9E-4963-9ECF-43F13B8DEABC}.AppStore|Any CPU.ActiveCfg = Release|Any CPU
		{E4E220CE-0F9E-4963-9ECF-43F13B8DEABC}.AppStore|Any CPU.Build.0 = Release|Any CPU
		{E4E220CE-0F9E-4963-9ECF-43F13B8DEABC}.AppStore|ARM.ActiveCfg = Release|Any CPU
		{E4E220CE-0F9E-4963-9ECF-43F13B8DEABC}.AppStore|ARM.Build.0 = Release|Any CPU
		{E4E220CE-0F9E-4963-9ECF-43F13B8DEABC}.AppStore|iPhone.ActiveCfg = Release|Any CPU
		{E4E220CE-0F9E-4963-9ECF-43F13B8DEABC}.AppStore|iPhone.Build.0 = Release|Any CPU
		{E4E220CE-0F9E-4963-9ECF-43F13B8DEABC}.AppStore|iPhoneSimulator.ActiveCfg = Release|Any CPU
		{E4E220CE-0F9E-4963-9ECF-43F13B8DEABC}.AppStore|iPhoneSimulator.Build.0 = Release|Any CPU
		{E4E220CE-0F9E-4963-9ECF-43F13B8DEABC}.AppStore|x64.ActiveCfg = Release|Any CPU
		{E4E220CE-0F9E-4963-9ECF-43F13B8DEABC}.AppStore|x64.Build.0 = Release|Any CPU
		{E4E220CE-0F9E-4963-9ECF-43F13B8DEABC}.AppStore|x86.ActiveCfg = Release|Any CPU
		{E4E220CE-0F9E-4963-9ECF-43F13B8DEABC}.AppStore|x86.Build.0 = Release|Any CPU
		{E4E220CE-0F9E-4963-9ECF-43F13B8DEABC}.Debug|Any CPU.ActiveCfg = Debug|Any CPU
		{E4E220CE-0F9E-4963-9ECF-43F13B8DEABC}.Debug|Any CPU.Build.0 = Debug|Any CPU
		{E4E220CE-0F9E-4963-9ECF-43F13B8DEABC}.Debug|ARM.ActiveCfg = Debug|Any CPU
		{E4E220CE-0F9E-4963-9ECF-43F13B8DEABC}.Debug|ARM.Build.0 = Debug|Any CPU
		{E4E220CE-0F9E-4963-9ECF-43F13B8DEABC}.Debug|iPhone.ActiveCfg = Debug|Any CPU
		{E4E220CE-0F9E-4963-9ECF-43F13B8DEABC}.Debug|iPhone.Build.0 = Debug|Any CPU
		{E4E220CE-0F9E-4963-9ECF-43F13B8DEABC}.Debug|iPhoneSimulator.ActiveCfg = Debug|Any CPU
		{E4E220CE-0F9E-4963-9ECF-43F13B8DEABC}.Debug|iPhoneSimulator.Build.0 = Debug|Any CPU
		{E4E220CE-0F9E-4963-9ECF-43F13B8DEABC}.Debug|x64.ActiveCfg = Debug|Any CPU
		{E4E220CE-0F9E-4963-9ECF-43F13B8DEABC}.Debug|x64.Build.0 = Debug|Any CPU
		{E4E220CE-0F9E-4963-9ECF-43F13B8DEABC}.Debug|x86.ActiveCfg = Debug|Any CPU
		{E4E220CE-0F9E-4963-9ECF-43F13B8DEABC}.Debug|x86.Build.0 = Debug|Any CPU
		{E4E220CE-0F9E-4963-9ECF-43F13B8DEABC}.Release|Any CPU.ActiveCfg = Release|Any CPU
		{E4E220CE-0F9E-4963-9ECF-43F13B8DEABC}.Release|Any CPU.Build.0 = Release|Any CPU
		{E4E220CE-0F9E-4963-9ECF-43F13B8DEABC}.Release|ARM.ActiveCfg = Release|Any CPU
		{E4E220CE-0F9E-4963-9ECF-43F13B8DEABC}.Release|ARM.Build.0 = Release|Any CPU
		{E4E220CE-0F9E-4963-9ECF-43F13B8DEABC}.Release|iPhone.ActiveCfg = Release|Any CPU
		{E4E220CE-0F9E-4963-9ECF-43F13B8DEABC}.Release|iPhone.Build.0 = Release|Any CPU
		{E4E220CE-0F9E-4963-9ECF-43F13B8DEABC}.Release|iPhoneSimulator.ActiveCfg = Release|Any CPU
		{E4E220CE-0F9E-4963-9ECF-43F13B8DEABC}.Release|iPhoneSimulator.Build.0 = Release|Any CPU
		{E4E220CE-0F9E-4963-9ECF-43F13B8DEABC}.Release|x64.ActiveCfg = Release|Any CPU
		{E4E220CE-0F9E-4963-9ECF-43F13B8DEABC}.Release|x64.Build.0 = Release|Any CPU
		{E4E220CE-0F9E-4963-9ECF-43F13B8DEABC}.Release|x86.ActiveCfg = Release|Any CPU
		{E4E220CE-0F9E-4963-9ECF-43F13B8DEABC}.Release|x86.Build.0 = Release|Any CPU
		{14A21586-B844-4955-9E17-90968EE71FCC}.Ad-Hoc|Any CPU.ActiveCfg = Release|Any CPU
		{14A21586-B844-4955-9E17-90968EE71FCC}.Ad-Hoc|Any CPU.Build.0 = Release|Any CPU
		{14A21586-B844-4955-9E17-90968EE71FCC}.Ad-Hoc|ARM.ActiveCfg = Release|Any CPU
		{14A21586-B844-4955-9E17-90968EE71FCC}.Ad-Hoc|ARM.Build.0 = Release|Any CPU
		{14A21586-B844-4955-9E17-90968EE71FCC}.Ad-Hoc|iPhone.ActiveCfg = Release|Any CPU
		{14A21586-B844-4955-9E17-90968EE71FCC}.Ad-Hoc|iPhone.Build.0 = Release|Any CPU
		{14A21586-B844-4955-9E17-90968EE71FCC}.Ad-Hoc|iPhoneSimulator.ActiveCfg = Release|Any CPU
		{14A21586-B844-4955-9E17-90968EE71FCC}.Ad-Hoc|iPhoneSimulator.Build.0 = Release|Any CPU
		{14A21586-B844-4955-9E17-90968EE71FCC}.Ad-Hoc|x64.ActiveCfg = Release|Any CPU
		{14A21586-B844-4955-9E17-90968EE71FCC}.Ad-Hoc|x64.Build.0 = Release|Any CPU
		{14A21586-B844-4955-9E17-90968EE71FCC}.Ad-Hoc|x86.ActiveCfg = Release|Any CPU
		{14A21586-B844-4955-9E17-90968EE71FCC}.Ad-Hoc|x86.Build.0 = Release|Any CPU
		{14A21586-B844-4955-9E17-90968EE71FCC}.AppStore|Any CPU.ActiveCfg = Release|Any CPU
		{14A21586-B844-4955-9E17-90968EE71FCC}.AppStore|Any CPU.Build.0 = Release|Any CPU
		{14A21586-B844-4955-9E17-90968EE71FCC}.AppStore|ARM.ActiveCfg = Release|Any CPU
		{14A21586-B844-4955-9E17-90968EE71FCC}.AppStore|ARM.Build.0 = Release|Any CPU
		{14A21586-B844-4955-9E17-90968EE71FCC}.AppStore|iPhone.ActiveCfg = Release|Any CPU
		{14A21586-B844-4955-9E17-90968EE71FCC}.AppStore|iPhone.Build.0 = Release|Any CPU
		{14A21586-B844-4955-9E17-90968EE71FCC}.AppStore|iPhoneSimulator.ActiveCfg = Release|Any CPU
		{14A21586-B844-4955-9E17-90968EE71FCC}.AppStore|iPhoneSimulator.Build.0 = Release|Any CPU
		{14A21586-B844-4955-9E17-90968EE71FCC}.AppStore|x64.ActiveCfg = Release|Any CPU
		{14A21586-B844-4955-9E17-90968EE71FCC}.AppStore|x64.Build.0 = Release|Any CPU
		{14A21586-B844-4955-9E17-90968EE71FCC}.AppStore|x86.ActiveCfg = Release|Any CPU
		{14A21586-B844-4955-9E17-90968EE71FCC}.AppStore|x86.Build.0 = Release|Any CPU
		{14A21586-B844-4955-9E17-90968EE71FCC}.Debug|Any CPU.ActiveCfg = Debug|Any CPU
		{14A21586-B844-4955-9E17-90968EE71FCC}.Debug|Any CPU.Build.0 = Debug|Any CPU
		{14A21586-B844-4955-9E17-90968EE71FCC}.Debug|ARM.ActiveCfg = Debug|Any CPU
		{14A21586-B844-4955-9E17-90968EE71FCC}.Debug|ARM.Build.0 = Debug|Any CPU
		{14A21586-B844-4955-9E17-90968EE71FCC}.Debug|iPhone.ActiveCfg = Debug|Any CPU
		{14A21586-B844-4955-9E17-90968EE71FCC}.Debug|iPhone.Build.0 = Debug|Any CPU
		{14A21586-B844-4955-9E17-90968EE71FCC}.Debug|iPhoneSimulator.ActiveCfg = Debug|Any CPU
		{14A21586-B844-4955-9E17-90968EE71FCC}.Debug|iPhoneSimulator.Build.0 = Debug|Any CPU
		{14A21586-B844-4955-9E17-90968EE71FCC}.Debug|x64.ActiveCfg = Debug|Any CPU
		{14A21586-B844-4955-9E17-90968EE71FCC}.Debug|x64.Build.0 = Debug|Any CPU
		{14A21586-B844-4955-9E17-90968EE71FCC}.Debug|x86.ActiveCfg = Debug|Any CPU
		{14A21586-B844-4955-9E17-90968EE71FCC}.Debug|x86.Build.0 = Debug|Any CPU
		{14A21586-B844-4955-9E17-90968EE71FCC}.Release|Any CPU.ActiveCfg = Release|Any CPU
		{14A21586-B844-4955-9E17-90968EE71FCC}.Release|Any CPU.Build.0 = Release|Any CPU
		{14A21586-B844-4955-9E17-90968EE71FCC}.Release|ARM.ActiveCfg = Release|Any CPU
		{14A21586-B844-4955-9E17-90968EE71FCC}.Release|ARM.Build.0 = Release|Any CPU
		{14A21586-B844-4955-9E17-90968EE71FCC}.Release|iPhone.ActiveCfg = Release|Any CPU
		{14A21586-B844-4955-9E17-90968EE71FCC}.Release|iPhone.Build.0 = Release|Any CPU
		{14A21586-B844-4955-9E17-90968EE71FCC}.Release|iPhoneSimulator.ActiveCfg = Release|Any CPU
		{14A21586-B844-4955-9E17-90968EE71FCC}.Release|iPhoneSimulator.Build.0 = Release|Any CPU
		{14A21586-B844-4955-9E17-90968EE71FCC}.Release|x64.ActiveCfg = Release|Any CPU
		{14A21586-B844-4955-9E17-90968EE71FCC}.Release|x64.Build.0 = Release|Any CPU
		{14A21586-B844-4955-9E17-90968EE71FCC}.Release|x86.ActiveCfg = Release|Any CPU
		{14A21586-B844-4955-9E17-90968EE71FCC}.Release|x86.Build.0 = Release|Any CPU
		{14A21586-B844-4955-9E17-90968EE71ABC}.Ad-Hoc|Any CPU.ActiveCfg = Release|Any CPU
		{14A21586-B844-4955-9E17-90968EE71ABC}.Ad-Hoc|Any CPU.Build.0 = Release|Any CPU
		{14A21586-B844-4955-9E17-90968EE71ABC}.Ad-Hoc|ARM.ActiveCfg = Release|Any CPU
		{14A21586-B844-4955-9E17-90968EE71ABC}.Ad-Hoc|ARM.Build.0 = Release|Any CPU
		{14A21586-B844-4955-9E17-90968EE71ABC}.Ad-Hoc|iPhone.ActiveCfg = Release|Any CPU
		{14A21586-B844-4955-9E17-90968EE71ABC}.Ad-Hoc|iPhone.Build.0 = Release|Any CPU
		{14A21586-B844-4955-9E17-90968EE71ABC}.Ad-Hoc|iPhoneSimulator.ActiveCfg = Release|Any CPU
		{14A21586-B844-4955-9E17-90968EE71ABC}.Ad-Hoc|iPhoneSimulator.Build.0 = Release|Any CPU
		{14A21586-B844-4955-9E17-90968EE71ABC}.Ad-Hoc|x64.ActiveCfg = Release|Any CPU
		{14A21586-B844-4955-9E17-90968EE71ABC}.Ad-Hoc|x64.Build.0 = Release|Any CPU
		{14A21586-B844-4955-9E17-90968EE71ABC}.Ad-Hoc|x86.ActiveCfg = Release|Any CPU
		{14A21586-B844-4955-9E17-90968EE71ABC}.Ad-Hoc|x86.Build.0 = Release|Any CPU
		{14A21586-B844-4955-9E17-90968EE71ABC}.AppStore|Any CPU.ActiveCfg = Release|Any CPU
		{14A21586-B844-4955-9E17-90968EE71ABC}.AppStore|Any CPU.Build.0 = Release|Any CPU
		{14A21586-B844-4955-9E17-90968EE71ABC}.AppStore|ARM.ActiveCfg = Release|Any CPU
		{14A21586-B844-4955-9E17-90968EE71ABC}.AppStore|ARM.Build.0 = Release|Any CPU
		{14A21586-B844-4955-9E17-90968EE71ABC}.AppStore|iPhone.ActiveCfg = Release|Any CPU
		{14A21586-B844-4955-9E17-90968EE71ABC}.AppStore|iPhone.Build.0 = Release|Any CPU
		{14A21586-B844-4955-9E17-90968EE71ABC}.AppStore|iPhoneSimulator.ActiveCfg = Release|Any CPU
		{14A21586-B844-4955-9E17-90968EE71ABC}.AppStore|iPhoneSimulator.Build.0 = Release|Any CPU
		{14A21586-B844-4955-9E17-90968EE71ABC}.AppStore|x64.ActiveCfg = Release|Any CPU
		{14A21586-B844-4955-9E17-90968EE71ABC}.AppStore|x64.Build.0 = Release|Any CPU
		{14A21586-B844-4955-9E17-90968EE71ABC}.AppStore|x86.ActiveCfg = Release|Any CPU
		{14A21586-B844-4955-9E17-90968EE71ABC}.AppStore|x86.Build.0 = Release|Any CPU
		{14A21586-B844-4955-9E17-90968EE71ABC}.Debug|Any CPU.ActiveCfg = Debug|Any CPU
		{14A21586-B844-4955-9E17-90968EE71ABC}.Debug|Any CPU.Build.0 = Debug|Any CPU
		{14A21586-B844-4955-9E17-90968EE71ABC}.Debug|ARM.ActiveCfg = Debug|Any CPU
		{14A21586-B844-4955-9E17-90968EE71ABC}.Debug|ARM.Build.0 = Debug|Any CPU
		{14A21586-B844-4955-9E17-90968EE71ABC}.Debug|iPhone.ActiveCfg = Debug|Any CPU
		{14A21586-B844-4955-9E17-90968EE71ABC}.Debug|iPhone.Build.0 = Debug|Any CPU
		{14A21586-B844-4955-9E17-90968EE71ABC}.Debug|iPhoneSimulator.ActiveCfg = Debug|Any CPU
		{14A21586-B844-4955-9E17-90968EE71ABC}.Debug|iPhoneSimulator.Build.0 = Debug|Any CPU
		{14A21586-B844-4955-9E17-90968EE71ABC}.Debug|x64.ActiveCfg = Debug|Any CPU
		{14A21586-B844-4955-9E17-90968EE71ABC}.Debug|x64.Build.0 = Debug|Any CPU
		{14A21586-B844-4955-9E17-90968EE71ABC}.Debug|x86.ActiveCfg = Debug|Any CPU
		{14A21586-B844-4955-9E17-90968EE71ABC}.Debug|x86.Build.0 = Debug|Any CPU
		{14A21586-B844-4955-9E17-90968EE71ABC}.Release|Any CPU.ActiveCfg = Release|Any CPU
		{14A21586-B844-4955-9E17-90968EE71ABC}.Release|Any CPU.Build.0 = Release|Any CPU
		{14A21586-B844-4955-9E17-90968EE71ABC}.Release|ARM.ActiveCfg = Release|Any CPU
		{14A21586-B844-4955-9E17-90968EE71ABC}.Release|ARM.Build.0 = Release|Any CPU
		{14A21586-B844-4955-9E17-90968EE71ABC}.Release|iPhone.ActiveCfg = Release|Any CPU
		{14A21586-B844-4955-9E17-90968EE71ABC}.Release|iPhone.Build.0 = Release|Any CPU
		{14A21586-B844-4955-9E17-90968EE71ABC}.Release|iPhoneSimulator.ActiveCfg = Release|Any CPU
		{14A21586-B844-4955-9E17-90968EE71ABC}.Release|iPhoneSimulator.Build.0 = Release|Any CPU
		{14A21586-B844-4955-9E17-90968EE71ABC}.Release|x64.ActiveCfg = Release|Any CPU
		{14A21586-B844-4955-9E17-90968EE71ABC}.Release|x64.Build.0 = Release|Any CPU
		{14A21586-B844-4955-9E17-90968EE71ABC}.Release|x86.ActiveCfg = Release|Any CPU
		{14A21586-B844-4955-9E17-90968EE71ABC}.Release|x86.Build.0 = Release|Any CPU
		{408778E6-355A-42D4-851C-7E327423A09D}.Ad-Hoc|Any CPU.ActiveCfg = Release|Any CPU
		{408778E6-355A-42D4-851C-7E327423A09D}.Ad-Hoc|Any CPU.Build.0 = Release|Any CPU
		{408778E6-355A-42D4-851C-7E327423A09D}.Ad-Hoc|ARM.ActiveCfg = Release|Any CPU
		{408778E6-355A-42D4-851C-7E327423A09D}.Ad-Hoc|ARM.Build.0 = Release|Any CPU
		{408778E6-355A-42D4-851C-7E327423A09D}.Ad-Hoc|iPhone.ActiveCfg = Release|Any CPU
		{408778E6-355A-42D4-851C-7E327423A09D}.Ad-Hoc|iPhone.Build.0 = Release|Any CPU
		{408778E6-355A-42D4-851C-7E327423A09D}.Ad-Hoc|iPhoneSimulator.ActiveCfg = Release|Any CPU
		{408778E6-355A-42D4-851C-7E327423A09D}.Ad-Hoc|iPhoneSimulator.Build.0 = Release|Any CPU
		{408778E6-355A-42D4-851C-7E327423A09D}.Ad-Hoc|x64.ActiveCfg = Release|Any CPU
		{408778E6-355A-42D4-851C-7E327423A09D}.Ad-Hoc|x64.Build.0 = Release|Any CPU
		{408778E6-355A-42D4-851C-7E327423A09D}.Ad-Hoc|x86.ActiveCfg = Release|Any CPU
		{408778E6-355A-42D4-851C-7E327423A09D}.Ad-Hoc|x86.Build.0 = Release|Any CPU
		{408778E6-355A-42D4-851C-7E327423A09D}.AppStore|Any CPU.ActiveCfg = Release|Any CPU
		{408778E6-355A-42D4-851C-7E327423A09D}.AppStore|Any CPU.Build.0 = Release|Any CPU
		{408778E6-355A-42D4-851C-7E327423A09D}.AppStore|ARM.ActiveCfg = Release|Any CPU
		{408778E6-355A-42D4-851C-7E327423A09D}.AppStore|ARM.Build.0 = Release|Any CPU
		{408778E6-355A-42D4-851C-7E327423A09D}.AppStore|iPhone.ActiveCfg = Release|Any CPU
		{408778E6-355A-42D4-851C-7E327423A09D}.AppStore|iPhone.Build.0 = Release|Any CPU
		{408778E6-355A-42D4-851C-7E327423A09D}.AppStore|iPhoneSimulator.ActiveCfg = Release|Any CPU
		{408778E6-355A-42D4-851C-7E327423A09D}.AppStore|iPhoneSimulator.Build.0 = Release|Any CPU
		{408778E6-355A-42D4-851C-7E327423A09D}.AppStore|x64.ActiveCfg = Release|Any CPU
		{408778E6-355A-42D4-851C-7E327423A09D}.AppStore|x64.Build.0 = Release|Any CPU
		{408778E6-355A-42D4-851C-7E327423A09D}.AppStore|x86.ActiveCfg = Release|Any CPU
		{408778E6-355A-42D4-851C-7E327423A09D}.AppStore|x86.Build.0 = Release|Any CPU
		{408778E6-355A-42D4-851C-7E327423A09D}.Debug|Any CPU.ActiveCfg = Debug|Any CPU
		{408778E6-355A-42D4-851C-7E327423A09D}.Debug|Any CPU.Build.0 = Debug|Any CPU
		{408778E6-355A-42D4-851C-7E327423A09D}.Debug|ARM.ActiveCfg = Debug|Any CPU
		{408778E6-355A-42D4-851C-7E327423A09D}.Debug|ARM.Build.0 = Debug|Any CPU
		{408778E6-355A-42D4-851C-7E327423A09D}.Debug|iPhone.ActiveCfg = Debug|Any CPU
		{408778E6-355A-42D4-851C-7E327423A09D}.Debug|iPhone.Build.0 = Debug|Any CPU
		{408778E6-355A-42D4-851C-7E327423A09D}.Debug|iPhoneSimulator.ActiveCfg = Debug|Any CPU
		{408778E6-355A-42D4-851C-7E327423A09D}.Debug|iPhoneSimulator.Build.0 = Debug|Any CPU
		{408778E6-355A-42D4-851C-7E327423A09D}.Debug|x64.ActiveCfg = Debug|Any CPU
		{408778E6-355A-42D4-851C-7E327423A09D}.Debug|x64.Build.0 = Debug|Any CPU
		{408778E6-355A-42D4-851C-7E327423A09D}.Debug|x86.ActiveCfg = Debug|Any CPU
		{408778E6-355A-42D4-851C-7E327423A09D}.Debug|x86.Build.0 = Debug|Any CPU
		{408778E6-355A-42D4-851C-7E327423A09D}.Release|Any CPU.ActiveCfg = Release|Any CPU
		{408778E6-355A-42D4-851C-7E327423A09D}.Release|Any CPU.Build.0 = Release|Any CPU
		{408778E6-355A-42D4-851C-7E327423A09D}.Release|ARM.ActiveCfg = Release|Any CPU
		{408778E6-355A-42D4-851C-7E327423A09D}.Release|ARM.Build.0 = Release|Any CPU
		{408778E6-355A-42D4-851C-7E327423A09D}.Release|iPhone.ActiveCfg = Release|Any CPU
		{408778E6-355A-42D4-851C-7E327423A09D}.Release|iPhone.Build.0 = Release|Any CPU
		{408778E6-355A-42D4-851C-7E327423A09D}.Release|iPhoneSimulator.ActiveCfg = Release|Any CPU
		{408778E6-355A-42D4-851C-7E327423A09D}.Release|iPhoneSimulator.Build.0 = Release|Any CPU
		{408778E6-355A-42D4-851C-7E327423A09D}.Release|x64.ActiveCfg = Release|Any CPU
		{408778E6-355A-42D4-851C-7E327423A09D}.Release|x64.Build.0 = Release|Any CPU
		{408778E6-355A-42D4-851C-7E327423A09D}.Release|x86.ActiveCfg = Release|Any CPU
		{408778E6-355A-42D4-851C-7E327423A09D}.Release|x86.Build.0 = Release|Any CPU
	EndGlobalSection
	GlobalSection(SolutionProperties) = preSolution
		HideSolutionNode = FALSE
	EndGlobalSection
EndGlobal
