Microsoft Visual Studio Solution File, Format Version 12.00
# Visual Studio 15
VisualStudioVersion = 15.0.26430.12
MinimumVisualStudioVersion = 10.0.40219.1
Project("{D954291E-2A0B-460D-934E-DC6B0785DB48}") = "SkiaSharp.Extended.Svg.Shared", "SkiaSharp.Extended.Svg.Shared\SkiaSharp.Extended.Svg.Shared.shproj", "{B201E760-DB91-485C-A99A-814BDED90BDB}"
EndProject
Project("{FAE04EC0-301F-11D3-BF4B-00C04F79EFBC}") = "SkiaSharp.Extended.Svg", "SkiaSharp.Extended.Svg\SkiaSharp.Extended.Svg.csproj", "{04C4399A-6740-4733-B6B7-F968232A76C8}"
EndProject
Project("{9A19103F-16F7-4668-BE54-9A1E7A4F7556}") = "SkiaSharp.Extended.Svg.NetStandard", "SkiaSharp.Extended.Svg.NetStandard\SkiaSharp.Extended.Svg.NetStandard.csproj", "{2720B8B4-3844-4A16-AC28-787011A59704}"
EndProject
Global
	GlobalSection(SharedMSBuildProjectFiles) = preSolution
		SkiaSharp.Extended.Svg.Shared\SkiaSharp.Extended.Svg.Shared.projitems*{b201e760-db91-485c-a99a-814bded90bdb}*SharedItemsImports = 13
	EndGlobalSection
	GlobalSection(SolutionConfigurationPlatforms) = preSolution
		Debug|Any CPU = Debug|Any CPU
		Release|Any CPU = Release|Any CPU
	EndGlobalSection
	GlobalSection(ProjectConfigurationPlatforms) = postSolution
		{04C4399A-6740-4733-B6B7-F968232A76C8}.Debug|Any CPU.ActiveCfg = Debug|Any CPU
		{04C4399A-6740-4733-B6B7-F968232A76C8}.Debug|Any CPU.Build.0 = Debug|Any CPU
		{04C4399A-6740-4733-B6B7-F968232A76C8}.Release|Any CPU.ActiveCfg = Release|Any CPU
		{04C4399A-6740-4733-B6B7-F968232A76C8}.Release|Any CPU.Build.0 = Release|Any CPU
		{2720B8B4-3844-4A16-AC28-787011A59704}.Debug|Any CPU.ActiveCfg = Debug|Any CPU
		{2720B8B4-3844-4A16-AC28-787011A59704}.Debug|Any CPU.Build.0 = Debug|Any CPU
		{2720B8B4-3844-4A16-AC28-787011A59704}.Release|Any CPU.ActiveCfg = Release|Any CPU
		{2720B8B4-3844-4A16-AC28-787011A59704}.Release|Any CPU.Build.0 = Release|Any CPU
	EndGlobalSection
	GlobalSection(SolutionProperties) = preSolution
		HideSolutionNode = FALSE
	EndGlobalSection
EndGlobal
