Microsoft Visual Studio Solution File, Format Version 12.00
# Visual Studio 15
VisualStudioVersion = 15.0.27130.2036
MinimumVisualStudioVersion = 10.0.40219.1
Project("{9A19103F-16F7-4668-BE54-9A1E7A4F7556}") = "SkiaSharp.Extended.Svg.Tests", "tests\SkiaSharp.Extended.Svg.Tests.csproj", "{524491E8-1481-442F-9286-8D00BF807065}"
EndProject
Project("{2150E333-8FDC-42A3-9474-1A3956D46DE8}") = "samples", "samples", "{51B0C2C7-732B-4A5C-A4F2-55655D147866}"
EndProject
Project("{9A19103F-16F7-4668-BE54-9A1E7A4F7556}") = "SkiaSharpDemo", "samples\SkiaSharpDemo\SkiaSharpDemo.csproj", "{A2563433-9CE0-42ED-BB51-640A0FFA9D0F}"
EndProject
Project("{2150E333-8FDC-42A3-9474-1A3956D46DE8}") = "SkiaSharpDemo", "SkiaSharpDemo", "{D3D0D6EA-99FE-4C5B-AD21-31E6332F0199}"
EndProject
Project("{FAE04EC0-301F-11D3-BF4B-00C04F79EFBC}") = "SkiaSharpDemo.Droid", "samples\SkiaSharpDemo.Droid\SkiaSharpDemo.Droid.csproj", "{9B960D09-426D-4D5A-90AC-8971D255E48F}"
EndProject
Project("{FAE04EC0-301F-11D3-BF4B-00C04F79EFBC}") = "SkiaSharpDemo.iOS", "samples\SkiaSharpDemo.iOS\SkiaSharpDemo.iOS.csproj", "{C9938859-CB05-4AAD-909A-8118F3D6B47A}"
EndProject
Project("{FAE04EC0-301F-11D3-BF4B-00C04F79EFBC}") = "SkiaSharpDemo.macOS", "samples\SkiaSharpDemo.macOS\SkiaSharpDemo.macOS.csproj", "{F9CC0B31-7A41-46A6-9A23-EECF765F4E2C}"
EndProject
Project("{FAE04EC0-301F-11D3-BF4B-00C04F79EFBC}") = "SkiaSharpDemo.UWP", "samples\SkiaSharpDemo.UWP\SkiaSharpDemo.UWP.csproj", "{108D8FA2-92DB-4D6F-8E94-1C138CFC15E8}"
EndProject
Project("{9A19103F-16F7-4668-BE54-9A1E7A4F7556}") = "SkiaSharp.Extended.Svg", "source\SkiaSharp.Extended.Svg.csproj", "{5F472166-361D-4D45-84C9-72B8566D03A2}"
EndProject
Global
	GlobalSection(SolutionConfigurationPlatforms) = preSolution
		Debug|Any CPU = Debug|Any CPU
		Debug|ARM = Debug|ARM
		Debug|iPhone = Debug|iPhone
		Debug|iPhoneSimulator = Debug|iPhoneSimulator
		Debug|x64 = Debug|x64
		Debug|x86 = Debug|x86
		Release|Any CPU = Release|Any CPU
		Release|ARM = Release|ARM
		Release|iPhone = Release|iPhone
		Release|iPhoneSimulator = Release|iPhoneSimulator
		Release|x64 = Release|x64
		Release|x86 = Release|x86
	EndGlobalSection
	GlobalSection(ProjectConfigurationPlatforms) = postSolution
		{524491E8-1481-442F-9286-8D00BF807065}.Debug|Any CPU.ActiveCfg = Debug|Any CPU
		{524491E8-1481-442F-9286-8D00BF807065}.Debug|Any CPU.Build.0 = Debug|Any CPU
		{524491E8-1481-442F-9286-8D00BF807065}.Debug|ARM.ActiveCfg = Debug|Any CPU
		{524491E8-1481-442F-9286-8D00BF807065}.Debug|ARM.Build.0 = Debug|Any CPU
		{524491E8-1481-442F-9286-8D00BF807065}.Debug|iPhone.ActiveCfg = Debug|Any CPU
		{524491E8-1481-442F-9286-8D00BF807065}.Debug|iPhone.Build.0 = Debug|Any CPU
		{524491E8-1481-442F-9286-8D00BF807065}.Debug|iPhoneSimulator.ActiveCfg = Debug|Any CPU
		{524491E8-1481-442F-9286-8D00BF807065}.Debug|iPhoneSimulator.Build.0 = Debug|Any CPU
		{524491E8-1481-442F-9286-8D00BF807065}.Debug|x64.ActiveCfg = Debug|Any CPU
		{524491E8-1481-442F-9286-8D00BF807065}.Debug|x64.Build.0 = Debug|Any CPU
		{524491E8-1481-442F-9286-8D00BF807065}.Debug|x86.ActiveCfg = Debug|Any CPU
		{524491E8-1481-442F-9286-8D00BF807065}.Debug|x86.Build.0 = Debug|Any CPU
		{524491E8-1481-442F-9286-8D00BF807065}.Release|Any CPU.ActiveCfg = Release|Any CPU
		{524491E8-1481-442F-9286-8D00BF807065}.Release|Any CPU.Build.0 = Release|Any CPU
		{524491E8-1481-442F-9286-8D00BF807065}.Release|ARM.ActiveCfg = Release|Any CPU
		{524491E8-1481-442F-9286-8D00BF807065}.Release|ARM.Build.0 = Release|Any CPU
		{524491E8-1481-442F-9286-8D00BF807065}.Release|iPhone.ActiveCfg = Release|Any CPU
		{524491E8-1481-442F-9286-8D00BF807065}.Release|iPhone.Build.0 = Release|Any CPU
		{524491E8-1481-442F-9286-8D00BF807065}.Release|iPhoneSimulator.ActiveCfg = Release|Any CPU
		{524491E8-1481-442F-9286-8D00BF807065}.Release|iPhoneSimulator.Build.0 = Release|Any CPU
		{524491E8-1481-442F-9286-8D00BF807065}.Release|x64.ActiveCfg = Release|Any CPU
		{524491E8-1481-442F-9286-8D00BF807065}.Release|x64.Build.0 = Release|Any CPU
		{524491E8-1481-442F-9286-8D00BF807065}.Release|x86.ActiveCfg = Release|Any CPU
		{524491E8-1481-442F-9286-8D00BF807065}.Release|x86.Build.0 = Release|Any CPU
		{A2563433-9CE0-42ED-BB51-640A0FFA9D0F}.Debug|Any CPU.ActiveCfg = Debug|Any CPU
		{A2563433-9CE0-42ED-BB51-640A0FFA9D0F}.Debug|Any CPU.Build.0 = Debug|Any CPU
		{A2563433-9CE0-42ED-BB51-640A0FFA9D0F}.Debug|ARM.ActiveCfg = Debug|Any CPU
		{A2563433-9CE0-42ED-BB51-640A0FFA9D0F}.Debug|ARM.Build.0 = Debug|Any CPU
		{A2563433-9CE0-42ED-BB51-640A0FFA9D0F}.Debug|iPhone.ActiveCfg = Debug|Any CPU
		{A2563433-9CE0-42ED-BB51-640A0FFA9D0F}.Debug|iPhone.Build.0 = Debug|Any CPU
		{A2563433-9CE0-42ED-BB51-640A0FFA9D0F}.Debug|iPhoneSimulator.ActiveCfg = Debug|Any CPU
		{A2563433-9CE0-42ED-BB51-640A0FFA9D0F}.Debug|iPhoneSimulator.Build.0 = Debug|Any CPU
		{A2563433-9CE0-42ED-BB51-640A0FFA9D0F}.Debug|x64.ActiveCfg = Debug|Any CPU
		{A2563433-9CE0-42ED-BB51-640A0FFA9D0F}.Debug|x64.Build.0 = Debug|Any CPU
		{A2563433-9CE0-42ED-BB51-640A0FFA9D0F}.Debug|x86.ActiveCfg = Debug|Any CPU
		{A2563433-9CE0-42ED-BB51-640A0FFA9D0F}.Debug|x86.Build.0 = Debug|Any CPU
		{A2563433-9CE0-42ED-BB51-640A0FFA9D0F}.Release|Any CPU.ActiveCfg = Release|Any CPU
		{A2563433-9CE0-42ED-BB51-640A0FFA9D0F}.Release|Any CPU.Build.0 = Release|Any CPU
		{A2563433-9CE0-42ED-BB51-640A0FFA9D0F}.Release|ARM.ActiveCfg = Release|Any CPU
		{A2563433-9CE0-42ED-BB51-640A0FFA9D0F}.Release|ARM.Build.0 = Release|Any CPU
		{A2563433-9CE0-42ED-BB51-640A0FFA9D0F}.Release|iPhone.ActiveCfg = Release|Any CPU
		{A2563433-9CE0-42ED-BB51-640A0FFA9D0F}.Release|iPhone.Build.0 = Release|Any CPU
		{A2563433-9CE0-42ED-BB51-640A0FFA9D0F}.Release|iPhoneSimulator.ActiveCfg = Release|Any CPU
		{A2563433-9CE0-42ED-BB51-640A0FFA9D0F}.Release|iPhoneSimulator.Build.0 = Release|Any CPU
		{A2563433-9CE0-42ED-BB51-640A0FFA9D0F}.Release|x64.ActiveCfg = Release|Any CPU
		{A2563433-9CE0-42ED-BB51-640A0FFA9D0F}.Release|x64.Build.0 = Release|Any CPU
		{A2563433-9CE0-42ED-BB51-640A0FFA9D0F}.Release|x86.ActiveCfg = Release|Any CPU
		{A2563433-9CE0-42ED-BB51-640A0FFA9D0F}.Release|x86.Build.0 = Release|Any CPU
		{9B960D09-426D-4D5A-90AC-8971D255E48F}.Debug|Any CPU.ActiveCfg = Debug|Any CPU
		{9B960D09-426D-4D5A-90AC-8971D255E48F}.Debug|Any CPU.Build.0 = Debug|Any CPU
		{9B960D09-426D-4D5A-90AC-8971D255E48F}.Debug|Any CPU.Deploy.0 = Debug|Any CPU
		{9B960D09-426D-4D5A-90AC-8971D255E48F}.Debug|ARM.ActiveCfg = Debug|Any CPU
		{9B960D09-426D-4D5A-90AC-8971D255E48F}.Debug|ARM.Build.0 = Debug|Any CPU
		{9B960D09-426D-4D5A-90AC-8971D255E48F}.Debug|ARM.Deploy.0 = Debug|Any CPU
		{9B960D09-426D-4D5A-90AC-8971D255E48F}.Debug|iPhone.ActiveCfg = Debug|Any CPU
		{9B960D09-426D-4D5A-90AC-8971D255E48F}.Debug|iPhone.Build.0 = Debug|Any CPU
		{9B960D09-426D-4D5A-90AC-8971D255E48F}.Debug|iPhone.Deploy.0 = Debug|Any CPU
		{9B960D09-426D-4D5A-90AC-8971D255E48F}.Debug|iPhoneSimulator.ActiveCfg = Debug|Any CPU
		{9B960D09-426D-4D5A-90AC-8971D255E48F}.Debug|iPhoneSimulator.Build.0 = Debug|Any CPU
		{9B960D09-426D-4D5A-90AC-8971D255E48F}.Debug|iPhoneSimulator.Deploy.0 = Debug|Any CPU
		{9B960D09-426D-4D5A-90AC-8971D255E48F}.Debug|x64.ActiveCfg = Debug|Any CPU
		{9B960D09-426D-4D5A-90AC-8971D255E48F}.Debug|x64.Build.0 = Debug|Any CPU
		{9B960D09-426D-4D5A-90AC-8971D255E48F}.Debug|x64.Deploy.0 = Debug|Any CPU
		{9B960D09-426D-4D5A-90AC-8971D255E48F}.Debug|x86.ActiveCfg = Debug|Any CPU
		{9B960D09-426D-4D5A-90AC-8971D255E48F}.Debug|x86.Build.0 = Debug|Any CPU
		{9B960D09-426D-4D5A-90AC-8971D255E48F}.Debug|x86.Deploy.0 = Debug|Any CPU
		{9B960D09-426D-4D5A-90AC-8971D255E48F}.Release|Any CPU.ActiveCfg = Release|Any CPU
		{9B960D09-426D-4D5A-90AC-8971D255E48F}.Release|Any CPU.Build.0 = Release|Any CPU
		{9B960D09-426D-4D5A-90AC-8971D255E48F}.Release|Any CPU.Deploy.0 = Release|Any CPU
		{9B960D09-426D-4D5A-90AC-8971D255E48F}.Release|ARM.ActiveCfg = Release|Any CPU
		{9B960D09-426D-4D5A-90AC-8971D255E48F}.Release|ARM.Build.0 = Release|Any CPU
		{9B960D09-426D-4D5A-90AC-8971D255E48F}.Release|ARM.Deploy.0 = Release|Any CPU
		{9B960D09-426D-4D5A-90AC-8971D255E48F}.Release|iPhone.ActiveCfg = Release|Any CPU
		{9B960D09-426D-4D5A-90AC-8971D255E48F}.Release|iPhone.Build.0 = Release|Any CPU
		{9B960D09-426D-4D5A-90AC-8971D255E48F}.Release|iPhone.Deploy.0 = Release|Any CPU
		{9B960D09-426D-4D5A-90AC-8971D255E48F}.Release|iPhoneSimulator.ActiveCfg = Release|Any CPU
		{9B960D09-426D-4D5A-90AC-8971D255E48F}.Release|iPhoneSimulator.Build.0 = Release|Any CPU
		{9B960D09-426D-4D5A-90AC-8971D255E48F}.Release|iPhoneSimulator.Deploy.0 = Release|Any CPU
		{9B960D09-426D-4D5A-90AC-8971D255E48F}.Release|x64.ActiveCfg = Release|Any CPU
		{9B960D09-426D-4D5A-90AC-8971D255E48F}.Release|x64.Build.0 = Release|Any CPU
		{9B960D09-426D-4D5A-90AC-8971D255E48F}.Release|x64.Deploy.0 = Release|Any CPU
		{9B960D09-426D-4D5A-90AC-8971D255E48F}.Release|x86.ActiveCfg = Release|Any CPU
		{9B960D09-426D-4D5A-90AC-8971D255E48F}.Release|x86.Build.0 = Release|Any CPU
		{9B960D09-426D-4D5A-90AC-8971D255E48F}.Release|x86.Deploy.0 = Release|Any CPU
		{C9938859-CB05-4AAD-909A-8118F3D6B47A}.Debug|Any CPU.ActiveCfg = Debug|iPhoneSimulator
		{C9938859-CB05-4AAD-909A-8118F3D6B47A}.Debug|Any CPU.Build.0 = Debug|iPhoneSimulator
		{C9938859-CB05-4AAD-909A-8118F3D6B47A}.Debug|ARM.ActiveCfg = Debug|iPhone
		{C9938859-CB05-4AAD-909A-8118F3D6B47A}.Debug|ARM.Build.0 = Debug|iPhone
		{C9938859-CB05-4AAD-909A-8118F3D6B47A}.Debug|iPhone.ActiveCfg = Debug|iPhone
		{C9938859-CB05-4AAD-909A-8118F3D6B47A}.Debug|iPhone.Build.0 = Debug|iPhone
		{C9938859-CB05-4AAD-909A-8118F3D6B47A}.Debug|iPhoneSimulator.ActiveCfg = Debug|iPhoneSimulator
		{C9938859-CB05-4AAD-909A-8118F3D6B47A}.Debug|iPhoneSimulator.Build.0 = Debug|iPhoneSimulator
		{C9938859-CB05-4AAD-909A-8118F3D6B47A}.Debug|x64.ActiveCfg = Debug|iPhoneSimulator
		{C9938859-CB05-4AAD-909A-8118F3D6B47A}.Debug|x64.Build.0 = Debug|iPhoneSimulator
		{C9938859-CB05-4AAD-909A-8118F3D6B47A}.Debug|x86.ActiveCfg = Debug|iPhoneSimulator
		{C9938859-CB05-4AAD-909A-8118F3D6B47A}.Debug|x86.Build.0 = Debug|iPhoneSimulator
		{C9938859-CB05-4AAD-909A-8118F3D6B47A}.Release|Any CPU.ActiveCfg = Release|iPhoneSimulator
		{C9938859-CB05-4AAD-909A-8118F3D6B47A}.Release|Any CPU.Build.0 = Release|iPhoneSimulator
		{C9938859-CB05-4AAD-909A-8118F3D6B47A}.Release|ARM.ActiveCfg = Release|iPhone
		{C9938859-CB05-4AAD-909A-8118F3D6B47A}.Release|ARM.Build.0 = Release|iPhone
		{C9938859-CB05-4AAD-909A-8118F3D6B47A}.Release|iPhone.ActiveCfg = Release|iPhone
		{C9938859-CB05-4AAD-909A-8118F3D6B47A}.Release|iPhone.Build.0 = Release|iPhone
		{C9938859-CB05-4AAD-909A-8118F3D6B47A}.Release|iPhoneSimulator.ActiveCfg = Release|iPhoneSimulator
		{C9938859-CB05-4AAD-909A-8118F3D6B47A}.Release|iPhoneSimulator.Build.0 = Release|iPhoneSimulator
		{C9938859-CB05-4AAD-909A-8118F3D6B47A}.Release|x64.ActiveCfg = Release|iPhoneSimulator
		{C9938859-CB05-4AAD-909A-8118F3D6B47A}.Release|x64.Build.0 = Release|iPhoneSimulator
		{C9938859-CB05-4AAD-909A-8118F3D6B47A}.Release|x86.ActiveCfg = Release|iPhoneSimulator
		{C9938859-CB05-4AAD-909A-8118F3D6B47A}.Release|x86.Build.0 = Release|iPhoneSimulator
		{F9CC0B31-7A41-46A6-9A23-EECF765F4E2C}.Debug|Any CPU.ActiveCfg = Debug|Any CPU
		{F9CC0B31-7A41-46A6-9A23-EECF765F4E2C}.Debug|Any CPU.Build.0 = Debug|Any CPU
		{F9CC0B31-7A41-46A6-9A23-EECF765F4E2C}.Debug|ARM.ActiveCfg = Debug|Any CPU
		{F9CC0B31-7A41-46A6-9A23-EECF765F4E2C}.Debug|ARM.Build.0 = Debug|Any CPU
		{F9CC0B31-7A41-46A6-9A23-EECF765F4E2C}.Debug|iPhone.ActiveCfg = Debug|Any CPU
		{F9CC0B31-7A41-46A6-9A23-EECF765F4E2C}.Debug|iPhone.Build.0 = Debug|Any CPU
		{F9CC0B31-7A41-46A6-9A23-EECF765F4E2C}.Debug|iPhoneSimulator.ActiveCfg = Debug|Any CPU
		{F9CC0B31-7A41-46A6-9A23-EECF765F4E2C}.Debug|iPhoneSimulator.Build.0 = Debug|Any CPU
		{F9CC0B31-7A41-46A6-9A23-EECF765F4E2C}.Debug|x64.ActiveCfg = Debug|Any CPU
		{F9CC0B31-7A41-46A6-9A23-EECF765F4E2C}.Debug|x64.Build.0 = Debug|Any CPU
		{F9CC0B31-7A41-46A6-9A23-EECF765F4E2C}.Debug|x86.ActiveCfg = Debug|Any CPU
		{F9CC0B31-7A41-46A6-9A23-EECF765F4E2C}.Debug|x86.Build.0 = Debug|Any CPU
		{F9CC0B31-7A41-46A6-9A23-EECF765F4E2C}.Release|Any CPU.ActiveCfg = Release|Any CPU
		{F9CC0B31-7A41-46A6-9A23-EECF765F4E2C}.Release|Any CPU.Build.0 = Release|Any CPU
		{F9CC0B31-7A41-46A6-9A23-EECF765F4E2C}.Release|ARM.ActiveCfg = Release|Any CPU
		{F9CC0B31-7A41-46A6-9A23-EECF765F4E2C}.Release|ARM.Build.0 = Release|Any CPU
		{F9CC0B31-7A41-46A6-9A23-EECF765F4E2C}.Release|iPhone.ActiveCfg = Release|Any CPU
		{F9CC0B31-7A41-46A6-9A23-EECF765F4E2C}.Release|iPhone.Build.0 = Release|Any CPU
		{F9CC0B31-7A41-46A6-9A23-EECF765F4E2C}.Release|iPhoneSimulator.ActiveCfg = Release|Any CPU
		{F9CC0B31-7A41-46A6-9A23-EECF765F4E2C}.Release|iPhoneSimulator.Build.0 = Release|Any CPU
		{F9CC0B31-7A41-46A6-9A23-EECF765F4E2C}.Release|x64.ActiveCfg = Release|Any CPU
		{F9CC0B31-7A41-46A6-9A23-EECF765F4E2C}.Release|x64.Build.0 = Release|Any CPU
		{F9CC0B31-7A41-46A6-9A23-EECF765F4E2C}.Release|x86.ActiveCfg = Release|Any CPU
		{F9CC0B31-7A41-46A6-9A23-EECF765F4E2C}.Release|x86.Build.0 = Release|Any CPU
		{108D8FA2-92DB-4D6F-8E94-1C138CFC15E8}.Debug|Any CPU.ActiveCfg = Debug|x86
		{108D8FA2-92DB-4D6F-8E94-1C138CFC15E8}.Debug|Any CPU.Build.0 = Debug|x86
		{108D8FA2-92DB-4D6F-8E94-1C138CFC15E8}.Debug|Any CPU.Deploy.0 = Debug|x86
		{108D8FA2-92DB-4D6F-8E94-1C138CFC15E8}.Debug|ARM.ActiveCfg = Debug|ARM
		{108D8FA2-92DB-4D6F-8E94-1C138CFC15E8}.Debug|ARM.Build.0 = Debug|ARM
		{108D8FA2-92DB-4D6F-8E94-1C138CFC15E8}.Debug|ARM.Deploy.0 = Debug|ARM
		{108D8FA2-92DB-4D6F-8E94-1C138CFC15E8}.Debug|x64.ActiveCfg = Debug|x64
		{108D8FA2-92DB-4D6F-8E94-1C138CFC15E8}.Debug|x64.Build.0 = Debug|x64
		{108D8FA2-92DB-4D6F-8E94-1C138CFC15E8}.Debug|x64.Deploy.0 = Debug|x64
		{108D8FA2-92DB-4D6F-8E94-1C138CFC15E8}.Debug|x86.ActiveCfg = Debug|x86
		{108D8FA2-92DB-4D6F-8E94-1C138CFC15E8}.Debug|x86.Build.0 = Debug|x86
		{108D8FA2-92DB-4D6F-8E94-1C138CFC15E8}.Debug|x86.Deploy.0 = Debug|x86
		{108D8FA2-92DB-4D6F-8E94-1C138CFC15E8}.Release|Any CPU.ActiveCfg = Release|x86
		{108D8FA2-92DB-4D6F-8E94-1C138CFC15E8}.Release|Any CPU.Build.0 = Release|x86
		{108D8FA2-92DB-4D6F-8E94-1C138CFC15E8}.Release|Any CPU.Deploy.0 = Release|x86
		{108D8FA2-92DB-4D6F-8E94-1C138CFC15E8}.Release|ARM.ActiveCfg = Release|ARM
		{108D8FA2-92DB-4D6F-8E94-1C138CFC15E8}.Release|ARM.Build.0 = Release|ARM
		{108D8FA2-92DB-4D6F-8E94-1C138CFC15E8}.Release|ARM.Deploy.0 = Release|ARM
		{108D8FA2-92DB-4D6F-8E94-1C138CFC15E8}.Release|x64.ActiveCfg = Release|x64
		{108D8FA2-92DB-4D6F-8E94-1C138CFC15E8}.Release|x64.Build.0 = Release|x64
		{108D8FA2-92DB-4D6F-8E94-1C138CFC15E8}.Release|x64.Deploy.0 = Release|x64
		{108D8FA2-92DB-4D6F-8E94-1C138CFC15E8}.Release|x86.ActiveCfg = Release|x86
		{108D8FA2-92DB-4D6F-8E94-1C138CFC15E8}.Release|x86.Build.0 = Release|x86
		{108D8FA2-92DB-4D6F-8E94-1C138CFC15E8}.Release|x86.Deploy.0 = Release|x86
		{5F472166-361D-4D45-84C9-72B8566D03A2}.Debug|Any CPU.ActiveCfg = Debug|Any CPU
		{5F472166-361D-4D45-84C9-72B8566D03A2}.Debug|Any CPU.Build.0 = Debug|Any CPU
		{5F472166-361D-4D45-84C9-72B8566D03A2}.Debug|ARM.ActiveCfg = Debug|Any CPU
		{5F472166-361D-4D45-84C9-72B8566D03A2}.Debug|ARM.Build.0 = Debug|Any CPU
		{5F472166-361D-4D45-84C9-72B8566D03A2}.Debug|iPhone.ActiveCfg = Debug|Any CPU
		{5F472166-361D-4D45-84C9-72B8566D03A2}.Debug|iPhone.Build.0 = Debug|Any CPU
		{5F472166-361D-4D45-84C9-72B8566D03A2}.Debug|iPhoneSimulator.ActiveCfg = Debug|Any CPU
		{5F472166-361D-4D45-84C9-72B8566D03A2}.Debug|iPhoneSimulator.Build.0 = Debug|Any CPU
		{5F472166-361D-4D45-84C9-72B8566D03A2}.Debug|x64.ActiveCfg = Debug|Any CPU
		{5F472166-361D-4D45-84C9-72B8566D03A2}.Debug|x64.Build.0 = Debug|Any CPU
		{5F472166-361D-4D45-84C9-72B8566D03A2}.Debug|x86.ActiveCfg = Debug|Any CPU
		{5F472166-361D-4D45-84C9-72B8566D03A2}.Debug|x86.Build.0 = Debug|Any CPU
		{5F472166-361D-4D45-84C9-72B8566D03A2}.Release|Any CPU.ActiveCfg = Release|Any CPU
		{5F472166-361D-4D45-84C9-72B8566D03A2}.Release|Any CPU.Build.0 = Release|Any CPU
		{5F472166-361D-4D45-84C9-72B8566D03A2}.Release|ARM.ActiveCfg = Release|Any CPU
		{5F472166-361D-4D45-84C9-72B8566D03A2}.Release|ARM.Build.0 = Release|Any CPU
		{5F472166-361D-4D45-84C9-72B8566D03A2}.Release|iPhone.ActiveCfg = Release|Any CPU
		{5F472166-361D-4D45-84C9-72B8566D03A2}.Release|iPhone.Build.0 = Release|Any CPU
		{5F472166-361D-4D45-84C9-72B8566D03A2}.Release|iPhoneSimulator.ActiveCfg = Release|Any CPU
		{5F472166-361D-4D45-84C9-72B8566D03A2}.Release|iPhoneSimulator.Build.0 = Release|Any CPU
		{5F472166-361D-4D45-84C9-72B8566D03A2}.Release|x64.ActiveCfg = Release|Any CPU
		{5F472166-361D-4D45-84C9-72B8566D03A2}.Release|x64.Build.0 = Release|Any CPU
		{5F472166-361D-4D45-84C9-72B8566D03A2}.Release|x86.ActiveCfg = Release|Any CPU
		{5F472166-361D-4D45-84C9-72B8566D03A2}.Release|x86.Build.0 = Release|Any CPU
	EndGlobalSection
	GlobalSection(SolutionProperties) = preSolution
		HideSolutionNode = FALSE
	EndGlobalSection
	GlobalSection(NestedProjects) = preSolution
		{A2563433-9CE0-42ED-BB51-640A0FFA9D0F} = {D3D0D6EA-99FE-4C5B-AD21-31E6332F0199}
		{D3D0D6EA-99FE-4C5B-AD21-31E6332F0199} = {51B0C2C7-732B-4A5C-A4F2-55655D147866}
		{9B960D09-426D-4D5A-90AC-8971D255E48F} = {D3D0D6EA-99FE-4C5B-AD21-31E6332F0199}
		{C9938859-CB05-4AAD-909A-8118F3D6B47A} = {D3D0D6EA-99FE-4C5B-AD21-31E6332F0199}
		{F9CC0B31-7A41-46A6-9A23-EECF765F4E2C} = {D3D0D6EA-99FE-4C5B-AD21-31E6332F0199}
		{108D8FA2-92DB-4D6F-8E94-1C138CFC15E8} = {D3D0D6EA-99FE-4C5B-AD21-31E6332F0199}
	EndGlobalSection
	GlobalSection(ExtensibilityGlobals) = postSolution
		SolutionGuid = {08D78153-5DD7-4C52-A348-46AA448B2CFC}
	EndGlobalSection
EndGlobal
