Microsoft Visual Studio Solution File, Format Version 12.00
# Visual Studio 15
VisualStudioVersion = 15.0.27130.2036
MinimumVisualStudioVersion = 10.0.40219.1
Project("{9A19103F-16F7-4668-BE54-9A1E7A4F7556}") = "SkiaSharp.Extended.Iconify", "source\SkiaSharp.Extended.Iconify\SkiaSharp.Extended.Iconify.csproj", "{C020BBFB-1814-43A5-8814-042FDE8F1F0A}"
EndProject
Project("{9A19103F-16F7-4668-BE54-9A1E7A4F7556}") = "SkiaSharp.Extended.Iconify.FontAwesome", "source\SkiaSharp.Extended.Iconify.FontAwesome\SkiaSharp.Extended.Iconify.FontAwesome.csproj", "{F41B555A-BFA6-4722-AFB0-990BF46C6B41}"
EndProject
Project("{9A19103F-16F7-4668-BE54-9A1E7A4F7556}") = "SkiaSharp.Extended.Iconify.IonIcons", "source\SkiaSharp.Extended.Iconify.IonIcons\SkiaSharp.Extended.Iconify.IonIcons.csproj", "{55608075-0BF3-4CEC-A316-AFEAF7B994AE}"
EndProject
Project("{9A19103F-16F7-4668-BE54-9A1E7A4F7556}") = "SkiaSharp.Extended.Iconify.MaterialDesignIcons", "source\SkiaSharp.Extended.Iconify.MaterialDesignIcons\SkiaSharp.Extended.Iconify.MaterialDesignIcons.csproj", "{A4DCD57C-5660-4D12-9F0F-7918246790FF}"
EndProject
Project("{9A19103F-16F7-4668-BE54-9A1E7A4F7556}") = "SkiaSharp.Extended.Iconify.MaterialIcons", "source\SkiaSharp.Extended.Iconify.MaterialIcons\SkiaSharp.Extended.Iconify.MaterialIcons.csproj", "{3373459E-E23E-41CD-9C1E-46ACE8B850DD}"
EndProject
Project("{9A19103F-16F7-4668-BE54-9A1E7A4F7556}") = "SkiaSharp.Extended.Iconify.SimpleLineIcons", "source\SkiaSharp.Extended.Iconify.SimpleLineIcons\SkiaSharp.Extended.Iconify.SimpleLineIcons.csproj", "{E434CB95-5B1C-4EE5-B5D8-0F540EBC5B91}"
EndProject
Project("{9A19103F-16F7-4668-BE54-9A1E7A4F7556}") = "SkiaSharp.Extended.Iconify.Typicons", "source\SkiaSharp.Extended.Iconify.Typicons\SkiaSharp.Extended.Iconify.Typicons.csproj", "{50DBE8DE-B04D-485A-9104-438709130392}"
EndProject
Project("{9A19103F-16F7-4668-BE54-9A1E7A4F7556}") = "SkiaSharp.Extended.Iconify.WeatherIcons", "source\SkiaSharp.Extended.Iconify.WeatherIcons\SkiaSharp.Extended.Iconify.WeatherIcons.csproj", "{FA862A2C-C173-4AFA-BBA8-9A70D1FF2EB3}"
EndProject
Project("{9A19103F-16F7-4668-BE54-9A1E7A4F7556}") = "SkiaSharp.Extended.Iconify.Meteocons", "source\SkiaSharp.Extended.Iconify.Meteocons\SkiaSharp.Extended.Iconify.Meteocons.csproj", "{42D414B5-A510-4545-A546-23786CF2442F}"
EndProject
Project("{9A19103F-16F7-4668-BE54-9A1E7A4F7556}") = "IconifyGenerator", "source\IconifyGenerator\IconifyGenerator.csproj", "{42DF7988-F443-47F6-B374-75DCAF51D8BE}"
EndProject
Project("{2150E333-8FDC-42A3-9474-1A3956D46DE8}") = "samples", "samples", "{FA22FC8D-C653-44B6-BA8E-0BBA7CFCA8C9}"
EndProject
Project("{2150E333-8FDC-42A3-9474-1A3956D46DE8}") = "SkiaSharpDemo", "SkiaSharpDemo", "{C4AA0B15-DFFB-4BD1-A6B7-BA183C1580BA}"
EndProject
Project("{9A19103F-16F7-4668-BE54-9A1E7A4F7556}") = "SkiaSharpDemo", "samples\SkiaSharpDemo\SkiaSharpDemo\SkiaSharpDemo.csproj", "{6F5C7A8D-8B31-40FE-A48B-7441810658AE}"
EndProject
Project("{FAE04EC0-301F-11D3-BF4B-00C04F79EFBC}") = "SkiaSharpDemo.Droid", "samples\SkiaSharpDemo\SkiaSharpDemo.Droid\SkiaSharpDemo.Droid.csproj", "{9B960D09-426D-4D5A-90AC-8971D255E48F}"
EndProject
Project("{FAE04EC0-301F-11D3-BF4B-00C04F79EFBC}") = "SkiaSharpDemo.iOS", "samples\SkiaSharpDemo\SkiaSharpDemo.iOS\SkiaSharpDemo.iOS.csproj", "{C9938859-CB05-4AAD-909A-8118F3D6B47A}"
EndProject
Project("{FAE04EC0-301F-11D3-BF4B-00C04F79EFBC}") = "SkiaSharpDemo.macOS", "samples\SkiaSharpDemo\SkiaSharpDemo.macOS\SkiaSharpDemo.macOS.csproj", "{F9CC0B31-7A41-46A6-9A23-EECF765F4E2C}"
EndProject
Project("{FAE04EC0-301F-11D3-BF4B-00C04F79EFBC}") = "SkiaSharpDemo.UWP", "samples\SkiaSharpDemo\SkiaSharpDemo.UWP\SkiaSharpDemo.UWP.csproj", "{108D8FA2-92DB-4D6F-8E94-1C138CFC15E8}"
EndProject
Global
	GlobalSection(SolutionConfigurationPlatforms) = preSolution
		Debug|Any CPU = Debug|Any CPU
		Debug|ARM = Debug|ARM
		Debug|iPhone = Debug|iPhone
		Debug|iPhoneSimulator = Debug|iPhoneSimulator
		Debug|x64 = Debug|x64
		Debug|x86 = Debug|x86
		Release|Any CPU = Release|Any CPU
		Release|ARM = Release|ARM
		Release|iPhone = Release|iPhone
		Release|iPhoneSimulator = Release|iPhoneSimulator
		Release|x64 = Release|x64
		Release|x86 = Release|x86
	EndGlobalSection
	GlobalSection(ProjectConfigurationPlatforms) = postSolution
		{C020BBFB-1814-43A5-8814-042FDE8F1F0A}.Debug|Any CPU.ActiveCfg = Debug|Any CPU
		{C020BBFB-1814-43A5-8814-042FDE8F1F0A}.Debug|Any CPU.Build.0 = Debug|Any CPU
		{C020BBFB-1814-43A5-8814-042FDE8F1F0A}.Debug|ARM.ActiveCfg = Debug|Any CPU
		{C020BBFB-1814-43A5-8814-042FDE8F1F0A}.Debug|ARM.Build.0 = Debug|Any CPU
		{C020BBFB-1814-43A5-8814-042FDE8F1F0A}.Debug|iPhone.ActiveCfg = Debug|Any CPU
		{C020BBFB-1814-43A5-8814-042FDE8F1F0A}.Debug|iPhone.Build.0 = Debug|Any CPU
		{C020BBFB-1814-43A5-8814-042FDE8F1F0A}.Debug|iPhoneSimulator.ActiveCfg = Debug|Any CPU
		{C020BBFB-1814-43A5-8814-042FDE8F1F0A}.Debug|iPhoneSimulator.Build.0 = Debug|Any CPU
		{C020BBFB-1814-43A5-8814-042FDE8F1F0A}.Debug|x64.ActiveCfg = Debug|Any CPU
		{C020BBFB-1814-43A5-8814-042FDE8F1F0A}.Debug|x64.Build.0 = Debug|Any CPU
		{C020BBFB-1814-43A5-8814-042FDE8F1F0A}.Debug|x86.ActiveCfg = Debug|Any CPU
		{C020BBFB-1814-43A5-8814-042FDE8F1F0A}.Debug|x86.Build.0 = Debug|Any CPU
		{C020BBFB-1814-43A5-8814-042FDE8F1F0A}.Release|Any CPU.ActiveCfg = Release|Any CPU
		{C020BBFB-1814-43A5-8814-042FDE8F1F0A}.Release|Any CPU.Build.0 = Release|Any CPU
		{C020BBFB-1814-43A5-8814-042FDE8F1F0A}.Release|ARM.ActiveCfg = Release|Any CPU
		{C020BBFB-1814-43A5-8814-042FDE8F1F0A}.Release|ARM.Build.0 = Release|Any CPU
		{C020BBFB-1814-43A5-8814-042FDE8F1F0A}.Release|iPhone.ActiveCfg = Release|Any CPU
		{C020BBFB-1814-43A5-8814-042FDE8F1F0A}.Release|iPhone.Build.0 = Release|Any CPU
		{C020BBFB-1814-43A5-8814-042FDE8F1F0A}.Release|iPhoneSimulator.ActiveCfg = Release|Any CPU
		{C020BBFB-1814-43A5-8814-042FDE8F1F0A}.Release|iPhoneSimulator.Build.0 = Release|Any CPU
		{C020BBFB-1814-43A5-8814-042FDE8F1F0A}.Release|x64.ActiveCfg = Release|Any CPU
		{C020BBFB-1814-43A5-8814-042FDE8F1F0A}.Release|x64.Build.0 = Release|Any CPU
		{C020BBFB-1814-43A5-8814-042FDE8F1F0A}.Release|x86.ActiveCfg = Release|Any CPU
		{C020BBFB-1814-43A5-8814-042FDE8F1F0A}.Release|x86.Build.0 = Release|Any CPU
		{F41B555A-BFA6-4722-AFB0-990BF46C6B41}.Debug|Any CPU.ActiveCfg = Debug|Any CPU
		{F41B555A-BFA6-4722-AFB0-990BF46C6B41}.Debug|Any CPU.Build.0 = Debug|Any CPU
		{F41B555A-BFA6-4722-AFB0-990BF46C6B41}.Debug|ARM.ActiveCfg = Debug|Any CPU
		{F41B555A-BFA6-4722-AFB0-990BF46C6B41}.Debug|ARM.Build.0 = Debug|Any CPU
		{F41B555A-BFA6-4722-AFB0-990BF46C6B41}.Debug|iPhone.ActiveCfg = Debug|Any CPU
		{F41B555A-BFA6-4722-AFB0-990BF46C6B41}.Debug|iPhone.Build.0 = Debug|Any CPU
		{F41B555A-BFA6-4722-AFB0-990BF46C6B41}.Debug|iPhoneSimulator.ActiveCfg = Debug|Any CPU
		{F41B555A-BFA6-4722-AFB0-990BF46C6B41}.Debug|iPhoneSimulator.Build.0 = Debug|Any CPU
		{F41B555A-BFA6-4722-AFB0-990BF46C6B41}.Debug|x64.ActiveCfg = Debug|Any CPU
		{F41B555A-BFA6-4722-AFB0-990BF46C6B41}.Debug|x64.Build.0 = Debug|Any CPU
		{F41B555A-BFA6-4722-AFB0-990BF46C6B41}.Debug|x86.ActiveCfg = Debug|Any CPU
		{F41B555A-BFA6-4722-AFB0-990BF46C6B41}.Debug|x86.Build.0 = Debug|Any CPU
		{F41B555A-BFA6-4722-AFB0-990BF46C6B41}.Release|Any CPU.ActiveCfg = Release|Any CPU
		{F41B555A-BFA6-4722-AFB0-990BF46C6B41}.Release|Any CPU.Build.0 = Release|Any CPU
		{F41B555A-BFA6-4722-AFB0-990BF46C6B41}.Release|ARM.ActiveCfg = Release|Any CPU
		{F41B555A-BFA6-4722-AFB0-990BF46C6B41}.Release|ARM.Build.0 = Release|Any CPU
		{F41B555A-BFA6-4722-AFB0-990BF46C6B41}.Release|iPhone.ActiveCfg = Release|Any CPU
		{F41B555A-BFA6-4722-AFB0-990BF46C6B41}.Release|iPhone.Build.0 = Release|Any CPU
		{F41B555A-BFA6-4722-AFB0-990BF46C6B41}.Release|iPhoneSimulator.ActiveCfg = Release|Any CPU
		{F41B555A-BFA6-4722-AFB0-990BF46C6B41}.Release|iPhoneSimulator.Build.0 = Release|Any CPU
		{F41B555A-BFA6-4722-AFB0-990BF46C6B41}.Release|x64.ActiveCfg = Release|Any CPU
		{F41B555A-BFA6-4722-AFB0-990BF46C6B41}.Release|x64.Build.0 = Release|Any CPU
		{F41B555A-BFA6-4722-AFB0-990BF46C6B41}.Release|x86.ActiveCfg = Release|Any CPU
		{F41B555A-BFA6-4722-AFB0-990BF46C6B41}.Release|x86.Build.0 = Release|Any CPU
		{55608075-0BF3-4CEC-A316-AFEAF7B994AE}.Debug|Any CPU.ActiveCfg = Debug|Any CPU
		{55608075-0BF3-4CEC-A316-AFEAF7B994AE}.Debug|Any CPU.Build.0 = Debug|Any CPU
		{55608075-0BF3-4CEC-A316-AFEAF7B994AE}.Debug|ARM.ActiveCfg = Debug|Any CPU
		{55608075-0BF3-4CEC-A316-AFEAF7B994AE}.Debug|ARM.Build.0 = Debug|Any CPU
		{55608075-0BF3-4CEC-A316-AFEAF7B994AE}.Debug|iPhone.ActiveCfg = Debug|Any CPU
		{55608075-0BF3-4CEC-A316-AFEAF7B994AE}.Debug|iPhone.Build.0 = Debug|Any CPU
		{55608075-0BF3-4CEC-A316-AFEAF7B994AE}.Debug|iPhoneSimulator.ActiveCfg = Debug|Any CPU
		{55608075-0BF3-4CEC-A316-AFEAF7B994AE}.Debug|iPhoneSimulator.Build.0 = Debug|Any CPU
		{55608075-0BF3-4CEC-A316-AFEAF7B994AE}.Debug|x64.ActiveCfg = Debug|Any CPU
		{55608075-0BF3-4CEC-A316-AFEAF7B994AE}.Debug|x64.Build.0 = Debug|Any CPU
		{55608075-0BF3-4CEC-A316-AFEAF7B994AE}.Debug|x86.ActiveCfg = Debug|Any CPU
		{55608075-0BF3-4CEC-A316-AFEAF7B994AE}.Debug|x86.Build.0 = Debug|Any CPU
		{55608075-0BF3-4CEC-A316-AFEAF7B994AE}.Release|Any CPU.ActiveCfg = Release|Any CPU
		{55608075-0BF3-4CEC-A316-AFEAF7B994AE}.Release|Any CPU.Build.0 = Release|Any CPU
		{55608075-0BF3-4CEC-A316-AFEAF7B994AE}.Release|ARM.ActiveCfg = Release|Any CPU
		{55608075-0BF3-4CEC-A316-AFEAF7B994AE}.Release|ARM.Build.0 = Release|Any CPU
		{55608075-0BF3-4CEC-A316-AFEAF7B994AE}.Release|iPhone.ActiveCfg = Release|Any CPU
		{55608075-0BF3-4CEC-A316-AFEAF7B994AE}.Release|iPhone.Build.0 = Release|Any CPU
		{55608075-0BF3-4CEC-A316-AFEAF7B994AE}.Release|iPhoneSimulator.ActiveCfg = Release|Any CPU
		{55608075-0BF3-4CEC-A316-AFEAF7B994AE}.Release|iPhoneSimulator.Build.0 = Release|Any CPU
		{55608075-0BF3-4CEC-A316-AFEAF7B994AE}.Release|x64.ActiveCfg = Release|Any CPU
		{55608075-0BF3-4CEC-A316-AFEAF7B994AE}.Release|x64.Build.0 = Release|Any CPU
		{55608075-0BF3-4CEC-A316-AFEAF7B994AE}.Release|x86.ActiveCfg = Release|Any CPU
		{55608075-0BF3-4CEC-A316-AFEAF7B994AE}.Release|x86.Build.0 = Release|Any CPU
		{A4DCD57C-5660-4D12-9F0F-7918246790FF}.Debug|Any CPU.ActiveCfg = Debug|Any CPU
		{A4DCD57C-5660-4D12-9F0F-7918246790FF}.Debug|Any CPU.Build.0 = Debug|Any CPU
		{A4DCD57C-5660-4D12-9F0F-7918246790FF}.Debug|ARM.ActiveCfg = Debug|Any CPU
		{A4DCD57C-5660-4D12-9F0F-7918246790FF}.Debug|ARM.Build.0 = Debug|Any CPU
		{A4DCD57C-5660-4D12-9F0F-7918246790FF}.Debug|iPhone.ActiveCfg = Debug|Any CPU
		{A4DCD57C-5660-4D12-9F0F-7918246790FF}.Debug|iPhone.Build.0 = Debug|Any CPU
		{A4DCD57C-5660-4D12-9F0F-7918246790FF}.Debug|iPhoneSimulator.ActiveCfg = Debug|Any CPU
		{A4DCD57C-5660-4D12-9F0F-7918246790FF}.Debug|iPhoneSimulator.Build.0 = Debug|Any CPU
		{A4DCD57C-5660-4D12-9F0F-7918246790FF}.Debug|x64.ActiveCfg = Debug|Any CPU
		{A4DCD57C-5660-4D12-9F0F-7918246790FF}.Debug|x64.Build.0 = Debug|Any CPU
		{A4DCD57C-5660-4D12-9F0F-7918246790FF}.Debug|x86.ActiveCfg = Debug|Any CPU
		{A4DCD57C-5660-4D12-9F0F-7918246790FF}.Debug|x86.Build.0 = Debug|Any CPU
		{A4DCD57C-5660-4D12-9F0F-7918246790FF}.Release|Any CPU.ActiveCfg = Release|Any CPU
		{A4DCD57C-5660-4D12-9F0F-7918246790FF}.Release|Any CPU.Build.0 = Release|Any CPU
		{A4DCD57C-5660-4D12-9F0F-7918246790FF}.Release|ARM.ActiveCfg = Release|Any CPU
		{A4DCD57C-5660-4D12-9F0F-7918246790FF}.Release|ARM.Build.0 = Release|Any CPU
		{A4DCD57C-5660-4D12-9F0F-7918246790FF}.Release|iPhone.ActiveCfg = Release|Any CPU
		{A4DCD57C-5660-4D12-9F0F-7918246790FF}.Release|iPhone.Build.0 = Release|Any CPU
		{A4DCD57C-5660-4D12-9F0F-7918246790FF}.Release|iPhoneSimulator.ActiveCfg = Release|Any CPU
		{A4DCD57C-5660-4D12-9F0F-7918246790FF}.Release|iPhoneSimulator.Build.0 = Release|Any CPU
		{A4DCD57C-5660-4D12-9F0F-7918246790FF}.Release|x64.ActiveCfg = Release|Any CPU
		{A4DCD57C-5660-4D12-9F0F-7918246790FF}.Release|x64.Build.0 = Release|Any CPU
		{A4DCD57C-5660-4D12-9F0F-7918246790FF}.Release|x86.ActiveCfg = Release|Any CPU
		{A4DCD57C-5660-4D12-9F0F-7918246790FF}.Release|x86.Build.0 = Release|Any CPU
		{3373459E-E23E-41CD-9C1E-46ACE8B850DD}.Debug|Any CPU.ActiveCfg = Debug|Any CPU
		{3373459E-E23E-41CD-9C1E-46ACE8B850DD}.Debug|Any CPU.Build.0 = Debug|Any CPU
		{3373459E-E23E-41CD-9C1E-46ACE8B850DD}.Debug|ARM.ActiveCfg = Debug|Any CPU
		{3373459E-E23E-41CD-9C1E-46ACE8B850DD}.Debug|ARM.Build.0 = Debug|Any CPU
		{3373459E-E23E-41CD-9C1E-46ACE8B850DD}.Debug|iPhone.ActiveCfg = Debug|Any CPU
		{3373459E-E23E-41CD-9C1E-46ACE8B850DD}.Debug|iPhone.Build.0 = Debug|Any CPU
		{3373459E-E23E-41CD-9C1E-46ACE8B850DD}.Debug|iPhoneSimulator.ActiveCfg = Debug|Any CPU
		{3373459E-E23E-41CD-9C1E-46ACE8B850DD}.Debug|iPhoneSimulator.Build.0 = Debug|Any CPU
		{3373459E-E23E-41CD-9C1E-46ACE8B850DD}.Debug|x64.ActiveCfg = Debug|Any CPU
		{3373459E-E23E-41CD-9C1E-46ACE8B850DD}.Debug|x64.Build.0 = Debug|Any CPU
		{3373459E-E23E-41CD-9C1E-46ACE8B850DD}.Debug|x86.ActiveCfg = Debug|Any CPU
		{3373459E-E23E-41CD-9C1E-46ACE8B850DD}.Debug|x86.Build.0 = Debug|Any CPU
		{3373459E-E23E-41CD-9C1E-46ACE8B850DD}.Release|Any CPU.ActiveCfg = Release|Any CPU
		{3373459E-E23E-41CD-9C1E-46ACE8B850DD}.Release|Any CPU.Build.0 = Release|Any CPU
		{3373459E-E23E-41CD-9C1E-46ACE8B850DD}.Release|ARM.ActiveCfg = Release|Any CPU
		{3373459E-E23E-41CD-9C1E-46ACE8B850DD}.Release|ARM.Build.0 = Release|Any CPU
		{3373459E-E23E-41CD-9C1E-46ACE8B850DD}.Release|iPhone.ActiveCfg = Release|Any CPU
		{3373459E-E23E-41CD-9C1E-46ACE8B850DD}.Release|iPhone.Build.0 = Release|Any CPU
		{3373459E-E23E-41CD-9C1E-46ACE8B850DD}.Release|iPhoneSimulator.ActiveCfg = Release|Any CPU
		{3373459E-E23E-41CD-9C1E-46ACE8B850DD}.Release|iPhoneSimulator.Build.0 = Release|Any CPU
		{3373459E-E23E-41CD-9C1E-46ACE8B850DD}.Release|x64.ActiveCfg = Release|Any CPU
		{3373459E-E23E-41CD-9C1E-46ACE8B850DD}.Release|x64.Build.0 = Release|Any CPU
		{3373459E-E23E-41CD-9C1E-46ACE8B850DD}.Release|x86.ActiveCfg = Release|Any CPU
		{3373459E-E23E-41CD-9C1E-46ACE8B850DD}.Release|x86.Build.0 = Release|Any CPU
		{E434CB95-5B1C-4EE5-B5D8-0F540EBC5B91}.Debug|Any CPU.ActiveCfg = Debug|Any CPU
		{E434CB95-5B1C-4EE5-B5D8-0F540EBC5B91}.Debug|Any CPU.Build.0 = Debug|Any CPU
		{E434CB95-5B1C-4EE5-B5D8-0F540EBC5B91}.Debug|ARM.ActiveCfg = Debug|Any CPU
		{E434CB95-5B1C-4EE5-B5D8-0F540EBC5B91}.Debug|ARM.Build.0 = Debug|Any CPU
		{E434CB95-5B1C-4EE5-B5D8-0F540EBC5B91}.Debug|iPhone.ActiveCfg = Debug|Any CPU
		{E434CB95-5B1C-4EE5-B5D8-0F540EBC5B91}.Debug|iPhone.Build.0 = Debug|Any CPU
		{E434CB95-5B1C-4EE5-B5D8-0F540EBC5B91}.Debug|iPhoneSimulator.ActiveCfg = Debug|Any CPU
		{E434CB95-5B1C-4EE5-B5D8-0F540EBC5B91}.Debug|iPhoneSimulator.Build.0 = Debug|Any CPU
		{E434CB95-5B1C-4EE5-B5D8-0F540EBC5B91}.Debug|x64.ActiveCfg = Debug|Any CPU
		{E434CB95-5B1C-4EE5-B5D8-0F540EBC5B91}.Debug|x64.Build.0 = Debug|Any CPU
		{E434CB95-5B1C-4EE5-B5D8-0F540EBC5B91}.Debug|x86.ActiveCfg = Debug|Any CPU
		{E434CB95-5B1C-4EE5-B5D8-0F540EBC5B91}.Debug|x86.Build.0 = Debug|Any CPU
		{E434CB95-5B1C-4EE5-B5D8-0F540EBC5B91}.Release|Any CPU.ActiveCfg = Release|Any CPU
		{E434CB95-5B1C-4EE5-B5D8-0F540EBC5B91}.Release|Any CPU.Build.0 = Release|Any CPU
		{E434CB95-5B1C-4EE5-B5D8-0F540EBC5B91}.Release|ARM.ActiveCfg = Release|Any CPU
		{E434CB95-5B1C-4EE5-B5D8-0F540EBC5B91}.Release|ARM.Build.0 = Release|Any CPU
		{E434CB95-5B1C-4EE5-B5D8-0F540EBC5B91}.Release|iPhone.ActiveCfg = Release|Any CPU
		{E434CB95-5B1C-4EE5-B5D8-0F540EBC5B91}.Release|iPhone.Build.0 = Release|Any CPU
		{E434CB95-5B1C-4EE5-B5D8-0F540EBC5B91}.Release|iPhoneSimulator.ActiveCfg = Release|Any CPU
		{E434CB95-5B1C-4EE5-B5D8-0F540EBC5B91}.Release|iPhoneSimulator.Build.0 = Release|Any CPU
		{E434CB95-5B1C-4EE5-B5D8-0F540EBC5B91}.Release|x64.ActiveCfg = Release|Any CPU
		{E434CB95-5B1C-4EE5-B5D8-0F540EBC5B91}.Release|x64.Build.0 = Release|Any CPU
		{E434CB95-5B1C-4EE5-B5D8-0F540EBC5B91}.Release|x86.ActiveCfg = Release|Any CPU
		{E434CB95-5B1C-4EE5-B5D8-0F540EBC5B91}.Release|x86.Build.0 = Release|Any CPU
		{50DBE8DE-B04D-485A-9104-438709130392}.Debug|Any CPU.ActiveCfg = Debug|Any CPU
		{50DBE8DE-B04D-485A-9104-438709130392}.Debug|Any CPU.Build.0 = Debug|Any CPU
		{50DBE8DE-B04D-485A-9104-438709130392}.Debug|ARM.ActiveCfg = Debug|Any CPU
		{50DBE8DE-B04D-485A-9104-438709130392}.Debug|ARM.Build.0 = Debug|Any CPU
		{50DBE8DE-B04D-485A-9104-438709130392}.Debug|iPhone.ActiveCfg = Debug|Any CPU
		{50DBE8DE-B04D-485A-9104-438709130392}.Debug|iPhone.Build.0 = Debug|Any CPU
		{50DBE8DE-B04D-485A-9104-438709130392}.Debug|iPhoneSimulator.ActiveCfg = Debug|Any CPU
		{50DBE8DE-B04D-485A-9104-438709130392}.Debug|iPhoneSimulator.Build.0 = Debug|Any CPU
		{50DBE8DE-B04D-485A-9104-438709130392}.Debug|x64.ActiveCfg = Debug|Any CPU
		{50DBE8DE-B04D-485A-9104-438709130392}.Debug|x64.Build.0 = Debug|Any CPU
		{50DBE8DE-B04D-485A-9104-438709130392}.Debug|x86.ActiveCfg = Debug|Any CPU
		{50DBE8DE-B04D-485A-9104-438709130392}.Debug|x86.Build.0 = Debug|Any CPU
		{50DBE8DE-B04D-485A-9104-438709130392}.Release|Any CPU.ActiveCfg = Release|Any CPU
		{50DBE8DE-B04D-485A-9104-438709130392}.Release|Any CPU.Build.0 = Release|Any CPU
		{50DBE8DE-B04D-485A-9104-438709130392}.Release|ARM.ActiveCfg = Release|Any CPU
		{50DBE8DE-B04D-485A-9104-438709130392}.Release|ARM.Build.0 = Release|Any CPU
		{50DBE8DE-B04D-485A-9104-438709130392}.Release|iPhone.ActiveCfg = Release|Any CPU
		{50DBE8DE-B04D-485A-9104-438709130392}.Release|iPhone.Build.0 = Release|Any CPU
		{50DBE8DE-B04D-485A-9104-438709130392}.Release|iPhoneSimulator.ActiveCfg = Release|Any CPU
		{50DBE8DE-B04D-485A-9104-438709130392}.Release|iPhoneSimulator.Build.0 = Release|Any CPU
		{50DBE8DE-B04D-485A-9104-438709130392}.Release|x64.ActiveCfg = Release|Any CPU
		{50DBE8DE-B04D-485A-9104-438709130392}.Release|x64.Build.0 = Release|Any CPU
		{50DBE8DE-B04D-485A-9104-438709130392}.Release|x86.ActiveCfg = Release|Any CPU
		{50DBE8DE-B04D-485A-9104-438709130392}.Release|x86.Build.0 = Release|Any CPU
		{FA862A2C-C173-4AFA-BBA8-9A70D1FF2EB3}.Debug|Any CPU.ActiveCfg = Debug|Any CPU
		{FA862A2C-C173-4AFA-BBA8-9A70D1FF2EB3}.Debug|Any CPU.Build.0 = Debug|Any CPU
		{FA862A2C-C173-4AFA-BBA8-9A70D1FF2EB3}.Debug|ARM.ActiveCfg = Debug|Any CPU
		{FA862A2C-C173-4AFA-BBA8-9A70D1FF2EB3}.Debug|ARM.Build.0 = Debug|Any CPU
		{FA862A2C-C173-4AFA-BBA8-9A70D1FF2EB3}.Debug|iPhone.ActiveCfg = Debug|Any CPU
		{FA862A2C-C173-4AFA-BBA8-9A70D1FF2EB3}.Debug|iPhone.Build.0 = Debug|Any CPU
		{FA862A2C-C173-4AFA-BBA8-9A70D1FF2EB3}.Debug|iPhoneSimulator.ActiveCfg = Debug|Any CPU
		{FA862A2C-C173-4AFA-BBA8-9A70D1FF2EB3}.Debug|iPhoneSimulator.Build.0 = Debug|Any CPU
		{FA862A2C-C173-4AFA-BBA8-9A70D1FF2EB3}.Debug|x64.ActiveCfg = Debug|Any CPU
		{FA862A2C-C173-4AFA-BBA8-9A70D1FF2EB3}.Debug|x64.Build.0 = Debug|Any CPU
		{FA862A2C-C173-4AFA-BBA8-9A70D1FF2EB3}.Debug|x86.ActiveCfg = Debug|Any CPU
		{FA862A2C-C173-4AFA-BBA8-9A70D1FF2EB3}.Debug|x86.Build.0 = Debug|Any CPU
		{FA862A2C-C173-4AFA-BBA8-9A70D1FF2EB3}.Release|Any CPU.ActiveCfg = Release|Any CPU
		{FA862A2C-C173-4AFA-BBA8-9A70D1FF2EB3}.Release|Any CPU.Build.0 = Release|Any CPU
		{FA862A2C-C173-4AFA-BBA8-9A70D1FF2EB3}.Release|ARM.ActiveCfg = Release|Any CPU
		{FA862A2C-C173-4AFA-BBA8-9A70D1FF2EB3}.Release|ARM.Build.0 = Release|Any CPU
		{FA862A2C-C173-4AFA-BBA8-9A70D1FF2EB3}.Release|iPhone.ActiveCfg = Release|Any CPU
		{FA862A2C-C173-4AFA-BBA8-9A70D1FF2EB3}.Release|iPhone.Build.0 = Release|Any CPU
		{FA862A2C-C173-4AFA-BBA8-9A70D1FF2EB3}.Release|iPhoneSimulator.ActiveCfg = Release|Any CPU
		{FA862A2C-C173-4AFA-BBA8-9A70D1FF2EB3}.Release|iPhoneSimulator.Build.0 = Release|Any CPU
		{FA862A2C-C173-4AFA-BBA8-9A70D1FF2EB3}.Release|x64.ActiveCfg = Release|Any CPU
		{FA862A2C-C173-4AFA-BBA8-9A70D1FF2EB3}.Release|x64.Build.0 = Release|Any CPU
		{FA862A2C-C173-4AFA-BBA8-9A70D1FF2EB3}.Release|x86.ActiveCfg = Release|Any CPU
		{FA862A2C-C173-4AFA-BBA8-9A70D1FF2EB3}.Release|x86.Build.0 = Release|Any CPU
		{42D414B5-A510-4545-A546-23786CF2442F}.Debug|Any CPU.ActiveCfg = Debug|Any CPU
		{42D414B5-A510-4545-A546-23786CF2442F}.Debug|Any CPU.Build.0 = Debug|Any CPU
		{42D414B5-A510-4545-A546-23786CF2442F}.Debug|ARM.ActiveCfg = Debug|Any CPU
		{42D414B5-A510-4545-A546-23786CF2442F}.Debug|ARM.Build.0 = Debug|Any CPU
		{42D414B5-A510-4545-A546-23786CF2442F}.Debug|iPhone.ActiveCfg = Debug|Any CPU
		{42D414B5-A510-4545-A546-23786CF2442F}.Debug|iPhone.Build.0 = Debug|Any CPU
		{42D414B5-A510-4545-A546-23786CF2442F}.Debug|iPhoneSimulator.ActiveCfg = Debug|Any CPU
		{42D414B5-A510-4545-A546-23786CF2442F}.Debug|iPhoneSimulator.Build.0 = Debug|Any CPU
		{42D414B5-A510-4545-A546-23786CF2442F}.Debug|x64.ActiveCfg = Debug|Any CPU
		{42D414B5-A510-4545-A546-23786CF2442F}.Debug|x64.Build.0 = Debug|Any CPU
		{42D414B5-A510-4545-A546-23786CF2442F}.Debug|x86.ActiveCfg = Debug|Any CPU
		{42D414B5-A510-4545-A546-23786CF2442F}.Debug|x86.Build.0 = Debug|Any CPU
		{42D414B5-A510-4545-A546-23786CF2442F}.Release|Any CPU.ActiveCfg = Release|Any CPU
		{42D414B5-A510-4545-A546-23786CF2442F}.Release|Any CPU.Build.0 = Release|Any CPU
		{42D414B5-A510-4545-A546-23786CF2442F}.Release|ARM.ActiveCfg = Release|Any CPU
		{42D414B5-A510-4545-A546-23786CF2442F}.Release|ARM.Build.0 = Release|Any CPU
		{42D414B5-A510-4545-A546-23786CF2442F}.Release|iPhone.ActiveCfg = Release|Any CPU
		{42D414B5-A510-4545-A546-23786CF2442F}.Release|iPhone.Build.0 = Release|Any CPU
		{42D414B5-A510-4545-A546-23786CF2442F}.Release|iPhoneSimulator.ActiveCfg = Release|Any CPU
		{42D414B5-A510-4545-A546-23786CF2442F}.Release|iPhoneSimulator.Build.0 = Release|Any CPU
		{42D414B5-A510-4545-A546-23786CF2442F}.Release|x64.ActiveCfg = Release|Any CPU
		{42D414B5-A510-4545-A546-23786CF2442F}.Release|x64.Build.0 = Release|Any CPU
		{42D414B5-A510-4545-A546-23786CF2442F}.Release|x86.ActiveCfg = Release|Any CPU
		{42D414B5-A510-4545-A546-23786CF2442F}.Release|x86.Build.0 = Release|Any CPU
		{42DF7988-F443-47F6-B374-75DCAF51D8BE}.Debug|Any CPU.ActiveCfg = Debug|Any CPU
		{42DF7988-F443-47F6-B374-75DCAF51D8BE}.Debug|Any CPU.Build.0 = Debug|Any CPU
		{42DF7988-F443-47F6-B374-75DCAF51D8BE}.Debug|ARM.ActiveCfg = Debug|Any CPU
		{42DF7988-F443-47F6-B374-75DCAF51D8BE}.Debug|ARM.Build.0 = Debug|Any CPU
		{42DF7988-F443-47F6-B374-75DCAF51D8BE}.Debug|iPhone.ActiveCfg = Debug|Any CPU
		{42DF7988-F443-47F6-B374-75DCAF51D8BE}.Debug|iPhone.Build.0 = Debug|Any CPU
		{42DF7988-F443-47F6-B374-75DCAF51D8BE}.Debug|iPhoneSimulator.ActiveCfg = Debug|Any CPU
		{42DF7988-F443-47F6-B374-75DCAF51D8BE}.Debug|iPhoneSimulator.Build.0 = Debug|Any CPU
		{42DF7988-F443-47F6-B374-75DCAF51D8BE}.Debug|x64.ActiveCfg = Debug|Any CPU
		{42DF7988-F443-47F6-B374-75DCAF51D8BE}.Debug|x64.Build.0 = Debug|Any CPU
		{42DF7988-F443-47F6-B374-75DCAF51D8BE}.Debug|x86.ActiveCfg = Debug|Any CPU
		{42DF7988-F443-47F6-B374-75DCAF51D8BE}.Debug|x86.Build.0 = Debug|Any CPU
		{42DF7988-F443-47F6-B374-75DCAF51D8BE}.Release|Any CPU.ActiveCfg = Release|Any CPU
		{42DF7988-F443-47F6-B374-75DCAF51D8BE}.Release|Any CPU.Build.0 = Release|Any CPU
		{42DF7988-F443-47F6-B374-75DCAF51D8BE}.Release|ARM.ActiveCfg = Release|Any CPU
		{42DF7988-F443-47F6-B374-75DCAF51D8BE}.Release|ARM.Build.0 = Release|Any CPU
		{42DF7988-F443-47F6-B374-75DCAF51D8BE}.Release|iPhone.ActiveCfg = Release|Any CPU
		{42DF7988-F443-47F6-B374-75DCAF51D8BE}.Release|iPhone.Build.0 = Release|Any CPU
		{42DF7988-F443-47F6-B374-75DCAF51D8BE}.Release|iPhoneSimulator.ActiveCfg = Release|Any CPU
		{42DF7988-F443-47F6-B374-75DCAF51D8BE}.Release|iPhoneSimulator.Build.0 = Release|Any CPU
		{42DF7988-F443-47F6-B374-75DCAF51D8BE}.Release|x64.ActiveCfg = Release|Any CPU
		{42DF7988-F443-47F6-B374-75DCAF51D8BE}.Release|x64.Build.0 = Release|Any CPU
		{42DF7988-F443-47F6-B374-75DCAF51D8BE}.Release|x86.ActiveCfg = Release|Any CPU
		{42DF7988-F443-47F6-B374-75DCAF51D8BE}.Release|x86.Build.0 = Release|Any CPU
		{6F5C7A8D-8B31-40FE-A48B-7441810658AE}.Debug|Any CPU.ActiveCfg = Debug|Any CPU
		{6F5C7A8D-8B31-40FE-A48B-7441810658AE}.Debug|Any CPU.Build.0 = Debug|Any CPU
		{6F5C7A8D-8B31-40FE-A48B-7441810658AE}.Debug|ARM.ActiveCfg = Debug|Any CPU
		{6F5C7A8D-8B31-40FE-A48B-7441810658AE}.Debug|ARM.Build.0 = Debug|Any CPU
		{6F5C7A8D-8B31-40FE-A48B-7441810658AE}.Debug|iPhone.ActiveCfg = Debug|Any CPU
		{6F5C7A8D-8B31-40FE-A48B-7441810658AE}.Debug|iPhone.Build.0 = Debug|Any CPU
		{6F5C7A8D-8B31-40FE-A48B-7441810658AE}.Debug|iPhoneSimulator.ActiveCfg = Debug|Any CPU
		{6F5C7A8D-8B31-40FE-A48B-7441810658AE}.Debug|iPhoneSimulator.Build.0 = Debug|Any CPU
		{6F5C7A8D-8B31-40FE-A48B-7441810658AE}.Debug|x64.ActiveCfg = Debug|Any CPU
		{6F5C7A8D-8B31-40FE-A48B-7441810658AE}.Debug|x64.Build.0 = Debug|Any CPU
		{6F5C7A8D-8B31-40FE-A48B-7441810658AE}.Debug|x86.ActiveCfg = Debug|Any CPU
		{6F5C7A8D-8B31-40FE-A48B-7441810658AE}.Debug|x86.Build.0 = Debug|Any CPU
		{6F5C7A8D-8B31-40FE-A48B-7441810658AE}.Release|Any CPU.ActiveCfg = Release|Any CPU
		{6F5C7A8D-8B31-40FE-A48B-7441810658AE}.Release|Any CPU.Build.0 = Release|Any CPU
		{6F5C7A8D-8B31-40FE-A48B-7441810658AE}.Release|ARM.ActiveCfg = Release|Any CPU
		{6F5C7A8D-8B31-40FE-A48B-7441810658AE}.Release|ARM.Build.0 = Release|Any CPU
		{6F5C7A8D-8B31-40FE-A48B-7441810658AE}.Release|iPhone.ActiveCfg = Release|Any CPU
		{6F5C7A8D-8B31-40FE-A48B-7441810658AE}.Release|iPhone.Build.0 = Release|Any CPU
		{6F5C7A8D-8B31-40FE-A48B-7441810658AE}.Release|iPhoneSimulator.ActiveCfg = Release|Any CPU
		{6F5C7A8D-8B31-40FE-A48B-7441810658AE}.Release|iPhoneSimulator.Build.0 = Release|Any CPU
		{6F5C7A8D-8B31-40FE-A48B-7441810658AE}.Release|x64.ActiveCfg = Release|Any CPU
		{6F5C7A8D-8B31-40FE-A48B-7441810658AE}.Release|x64.Build.0 = Release|Any CPU
		{6F5C7A8D-8B31-40FE-A48B-7441810658AE}.Release|x86.ActiveCfg = Release|Any CPU
		{6F5C7A8D-8B31-40FE-A48B-7441810658AE}.Release|x86.Build.0 = Release|Any CPU
		{9B960D09-426D-4D5A-90AC-8971D255E48F}.Debug|Any CPU.ActiveCfg = Debug|Any CPU
		{9B960D09-426D-4D5A-90AC-8971D255E48F}.Debug|Any CPU.Build.0 = Debug|Any CPU
		{9B960D09-426D-4D5A-90AC-8971D255E48F}.Debug|Any CPU.Deploy.0 = Debug|Any CPU
		{9B960D09-426D-4D5A-90AC-8971D255E48F}.Debug|ARM.ActiveCfg = Debug|Any CPU
		{9B960D09-426D-4D5A-90AC-8971D255E48F}.Debug|ARM.Build.0 = Debug|Any CPU
		{9B960D09-426D-4D5A-90AC-8971D255E48F}.Debug|ARM.Deploy.0 = Debug|Any CPU
		{9B960D09-426D-4D5A-90AC-8971D255E48F}.Debug|iPhone.ActiveCfg = Debug|Any CPU
		{9B960D09-426D-4D5A-90AC-8971D255E48F}.Debug|iPhone.Build.0 = Debug|Any CPU
		{9B960D09-426D-4D5A-90AC-8971D255E48F}.Debug|iPhone.Deploy.0 = Debug|Any CPU
		{9B960D09-426D-4D5A-90AC-8971D255E48F}.Debug|iPhoneSimulator.ActiveCfg = Debug|Any CPU
		{9B960D09-426D-4D5A-90AC-8971D255E48F}.Debug|iPhoneSimulator.Build.0 = Debug|Any CPU
		{9B960D09-426D-4D5A-90AC-8971D255E48F}.Debug|iPhoneSimulator.Deploy.0 = Debug|Any CPU
		{9B960D09-426D-4D5A-90AC-8971D255E48F}.Debug|x64.ActiveCfg = Debug|Any CPU
		{9B960D09-426D-4D5A-90AC-8971D255E48F}.Debug|x64.Build.0 = Debug|Any CPU
		{9B960D09-426D-4D5A-90AC-8971D255E48F}.Debug|x64.Deploy.0 = Debug|Any CPU
		{9B960D09-426D-4D5A-90AC-8971D255E48F}.Debug|x86.ActiveCfg = Debug|Any CPU
		{9B960D09-426D-4D5A-90AC-8971D255E48F}.Debug|x86.Build.0 = Debug|Any CPU
		{9B960D09-426D-4D5A-90AC-8971D255E48F}.Debug|x86.Deploy.0 = Debug|Any CPU
		{9B960D09-426D-4D5A-90AC-8971D255E48F}.Release|Any CPU.ActiveCfg = Release|Any CPU
		{9B960D09-426D-4D5A-90AC-8971D255E48F}.Release|Any CPU.Build.0 = Release|Any CPU
		{9B960D09-426D-4D5A-90AC-8971D255E48F}.Release|Any CPU.Deploy.0 = Release|Any CPU
		{9B960D09-426D-4D5A-90AC-8971D255E48F}.Release|ARM.ActiveCfg = Release|Any CPU
		{9B960D09-426D-4D5A-90AC-8971D255E48F}.Release|ARM.Build.0 = Release|Any CPU
		{9B960D09-426D-4D5A-90AC-8971D255E48F}.Release|ARM.Deploy.0 = Release|Any CPU
		{9B960D09-426D-4D5A-90AC-8971D255E48F}.Release|iPhone.ActiveCfg = Release|Any CPU
		{9B960D09-426D-4D5A-90AC-8971D255E48F}.Release|iPhone.Build.0 = Release|Any CPU
		{9B960D09-426D-4D5A-90AC-8971D255E48F}.Release|iPhone.Deploy.0 = Release|Any CPU
		{9B960D09-426D-4D5A-90AC-8971D255E48F}.Release|iPhoneSimulator.ActiveCfg = Release|Any CPU
		{9B960D09-426D-4D5A-90AC-8971D255E48F}.Release|iPhoneSimulator.Build.0 = Release|Any CPU
		{9B960D09-426D-4D5A-90AC-8971D255E48F}.Release|iPhoneSimulator.Deploy.0 = Release|Any CPU
		{9B960D09-426D-4D5A-90AC-8971D255E48F}.Release|x64.ActiveCfg = Release|Any CPU
		{9B960D09-426D-4D5A-90AC-8971D255E48F}.Release|x64.Build.0 = Release|Any CPU
		{9B960D09-426D-4D5A-90AC-8971D255E48F}.Release|x64.Deploy.0 = Release|Any CPU
		{9B960D09-426D-4D5A-90AC-8971D255E48F}.Release|x86.ActiveCfg = Release|Any CPU
		{9B960D09-426D-4D5A-90AC-8971D255E48F}.Release|x86.Build.0 = Release|Any CPU
		{9B960D09-426D-4D5A-90AC-8971D255E48F}.Release|x86.Deploy.0 = Release|Any CPU
		{C9938859-CB05-4AAD-909A-8118F3D6B47A}.Debug|Any CPU.ActiveCfg = Debug|iPhoneSimulator
		{C9938859-CB05-4AAD-909A-8118F3D6B47A}.Debug|Any CPU.Build.0 = Debug|iPhoneSimulator
		{C9938859-CB05-4AAD-909A-8118F3D6B47A}.Debug|ARM.ActiveCfg = Debug|iPhone
		{C9938859-CB05-4AAD-909A-8118F3D6B47A}.Debug|ARM.Build.0 = Debug|iPhone
		{C9938859-CB05-4AAD-909A-8118F3D6B47A}.Debug|iPhone.ActiveCfg = Debug|iPhone
		{C9938859-CB05-4AAD-909A-8118F3D6B47A}.Debug|iPhone.Build.0 = Debug|iPhone
		{C9938859-CB05-4AAD-909A-8118F3D6B47A}.Debug|iPhoneSimulator.ActiveCfg = Debug|iPhoneSimulator
		{C9938859-CB05-4AAD-909A-8118F3D6B47A}.Debug|iPhoneSimulator.Build.0 = Debug|iPhoneSimulator
		{C9938859-CB05-4AAD-909A-8118F3D6B47A}.Debug|x64.ActiveCfg = Debug|iPhoneSimulator
		{C9938859-CB05-4AAD-909A-8118F3D6B47A}.Debug|x64.Build.0 = Debug|iPhoneSimulator
		{C9938859-CB05-4AAD-909A-8118F3D6B47A}.Debug|x86.ActiveCfg = Debug|iPhoneSimulator
		{C9938859-CB05-4AAD-909A-8118F3D6B47A}.Debug|x86.Build.0 = Debug|iPhoneSimulator
		{C9938859-CB05-4AAD-909A-8118F3D6B47A}.Release|Any CPU.ActiveCfg = Release|iPhoneSimulator
		{C9938859-CB05-4AAD-909A-8118F3D6B47A}.Release|Any CPU.Build.0 = Release|iPhoneSimulator
		{C9938859-CB05-4AAD-909A-8118F3D6B47A}.Release|ARM.ActiveCfg = Release|iPhone
		{C9938859-CB05-4AAD-909A-8118F3D6B47A}.Release|ARM.Build.0 = Release|iPhone
		{C9938859-CB05-4AAD-909A-8118F3D6B47A}.Release|iPhone.ActiveCfg = Release|iPhone
		{C9938859-CB05-4AAD-909A-8118F3D6B47A}.Release|iPhone.Build.0 = Release|iPhone
		{C9938859-CB05-4AAD-909A-8118F3D6B47A}.Release|iPhoneSimulator.ActiveCfg = Release|iPhoneSimulator
		{C9938859-CB05-4AAD-909A-8118F3D6B47A}.Release|iPhoneSimulator.Build.0 = Release|iPhoneSimulator
		{C9938859-CB05-4AAD-909A-8118F3D6B47A}.Release|x64.ActiveCfg = Release|iPhoneSimulator
		{C9938859-CB05-4AAD-909A-8118F3D6B47A}.Release|x64.Build.0 = Release|iPhoneSimulator
		{C9938859-CB05-4AAD-909A-8118F3D6B47A}.Release|x86.ActiveCfg = Release|iPhoneSimulator
		{C9938859-CB05-4AAD-909A-8118F3D6B47A}.Release|x86.Build.0 = Release|iPhoneSimulator
		{F9CC0B31-7A41-46A6-9A23-EECF765F4E2C}.Debug|Any CPU.ActiveCfg = Debug|Any CPU
		{F9CC0B31-7A41-46A6-9A23-EECF765F4E2C}.Debug|Any CPU.Build.0 = Debug|Any CPU
		{F9CC0B31-7A41-46A6-9A23-EECF765F4E2C}.Debug|ARM.ActiveCfg = Debug|Any CPU
		{F9CC0B31-7A41-46A6-9A23-EECF765F4E2C}.Debug|ARM.Build.0 = Debug|Any CPU
		{F9CC0B31-7A41-46A6-9A23-EECF765F4E2C}.Debug|iPhone.ActiveCfg = Debug|Any CPU
		{F9CC0B31-7A41-46A6-9A23-EECF765F4E2C}.Debug|iPhone.Build.0 = Debug|Any CPU
		{F9CC0B31-7A41-46A6-9A23-EECF765F4E2C}.Debug|iPhoneSimulator.ActiveCfg = Debug|Any CPU
		{F9CC0B31-7A41-46A6-9A23-EECF765F4E2C}.Debug|iPhoneSimulator.Build.0 = Debug|Any CPU
		{F9CC0B31-7A41-46A6-9A23-EECF765F4E2C}.Debug|x64.ActiveCfg = Debug|Any CPU
		{F9CC0B31-7A41-46A6-9A23-EECF765F4E2C}.Debug|x64.Build.0 = Debug|Any CPU
		{F9CC0B31-7A41-46A6-9A23-EECF765F4E2C}.Debug|x86.ActiveCfg = Debug|Any CPU
		{F9CC0B31-7A41-46A6-9A23-EECF765F4E2C}.Debug|x86.Build.0 = Debug|Any CPU
		{F9CC0B31-7A41-46A6-9A23-EECF765F4E2C}.Release|Any CPU.ActiveCfg = Release|Any CPU
		{F9CC0B31-7A41-46A6-9A23-EECF765F4E2C}.Release|Any CPU.Build.0 = Release|Any CPU
		{F9CC0B31-7A41-46A6-9A23-EECF765F4E2C}.Release|ARM.ActiveCfg = Release|Any CPU
		{F9CC0B31-7A41-46A6-9A23-EECF765F4E2C}.Release|ARM.Build.0 = Release|Any CPU
		{F9CC0B31-7A41-46A6-9A23-EECF765F4E2C}.Release|iPhone.ActiveCfg = Release|Any CPU
		{F9CC0B31-7A41-46A6-9A23-EECF765F4E2C}.Release|iPhone.Build.0 = Release|Any CPU
		{F9CC0B31-7A41-46A6-9A23-EECF765F4E2C}.Release|iPhoneSimulator.ActiveCfg = Release|Any CPU
		{F9CC0B31-7A41-46A6-9A23-EECF765F4E2C}.Release|iPhoneSimulator.Build.0 = Release|Any CPU
		{F9CC0B31-7A41-46A6-9A23-EECF765F4E2C}.Release|x64.ActiveCfg = Release|Any CPU
		{F9CC0B31-7A41-46A6-9A23-EECF765F4E2C}.Release|x64.Build.0 = Release|Any CPU
		{F9CC0B31-7A41-46A6-9A23-EECF765F4E2C}.Release|x86.ActiveCfg = Release|Any CPU
		{F9CC0B31-7A41-46A6-9A23-EECF765F4E2C}.Release|x86.Build.0 = Release|Any CPU
		{108D8FA2-92DB-4D6F-8E94-1C138CFC15E8}.Debug|Any CPU.ActiveCfg = Debug|x86
		{108D8FA2-92DB-4D6F-8E94-1C138CFC15E8}.Debug|Any CPU.Build.0 = Debug|x86
		{108D8FA2-92DB-4D6F-8E94-1C138CFC15E8}.Debug|Any CPU.Deploy.0 = Debug|x86
		{108D8FA2-92DB-4D6F-8E94-1C138CFC15E8}.Debug|ARM.ActiveCfg = Debug|ARM
		{108D8FA2-92DB-4D6F-8E94-1C138CFC15E8}.Debug|ARM.Build.0 = Debug|ARM
		{108D8FA2-92DB-4D6F-8E94-1C138CFC15E8}.Debug|ARM.Deploy.0 = Debug|ARM
		{108D8FA2-92DB-4D6F-8E94-1C138CFC15E8}.Debug|iPhone.ActiveCfg = Debug|ARM
		{108D8FA2-92DB-4D6F-8E94-1C138CFC15E8}.Debug|iPhone.Build.0 = Debug|ARM
		{108D8FA2-92DB-4D6F-8E94-1C138CFC15E8}.Debug|iPhone.Deploy.0 = Debug|ARM
		{108D8FA2-92DB-4D6F-8E94-1C138CFC15E8}.Debug|iPhoneSimulator.ActiveCfg = Debug|x86
		{108D8FA2-92DB-4D6F-8E94-1C138CFC15E8}.Debug|iPhoneSimulator.Build.0 = Debug|x86
		{108D8FA2-92DB-4D6F-8E94-1C138CFC15E8}.Debug|iPhoneSimulator.Deploy.0 = Debug|x86
		{108D8FA2-92DB-4D6F-8E94-1C138CFC15E8}.Debug|x64.ActiveCfg = Debug|x64
		{108D8FA2-92DB-4D6F-8E94-1C138CFC15E8}.Debug|x64.Build.0 = Debug|x64
		{108D8FA2-92DB-4D6F-8E94-1C138CFC15E8}.Debug|x64.Deploy.0 = Debug|x64
		{108D8FA2-92DB-4D6F-8E94-1C138CFC15E8}.Debug|x86.ActiveCfg = Debug|x86
		{108D8FA2-92DB-4D6F-8E94-1C138CFC15E8}.Debug|x86.Build.0 = Debug|x86
		{108D8FA2-92DB-4D6F-8E94-1C138CFC15E8}.Debug|x86.Deploy.0 = Debug|x86
		{108D8FA2-92DB-4D6F-8E94-1C138CFC15E8}.Release|Any CPU.ActiveCfg = Release|x86
		{108D8FA2-92DB-4D6F-8E94-1C138CFC15E8}.Release|Any CPU.Build.0 = Release|x86
		{108D8FA2-92DB-4D6F-8E94-1C138CFC15E8}.Release|Any CPU.Deploy.0 = Release|x86
		{108D8FA2-92DB-4D6F-8E94-1C138CFC15E8}.Release|ARM.ActiveCfg = Release|ARM
		{108D8FA2-92DB-4D6F-8E94-1C138CFC15E8}.Release|ARM.Build.0 = Release|ARM
		{108D8FA2-92DB-4D6F-8E94-1C138CFC15E8}.Release|ARM.Deploy.0 = Release|ARM
		{108D8FA2-92DB-4D6F-8E94-1C138CFC15E8}.Release|iPhone.ActiveCfg = Release|ARM
		{108D8FA2-92DB-4D6F-8E94-1C138CFC15E8}.Release|iPhone.Build.0 = Release|ARM
		{108D8FA2-92DB-4D6F-8E94-1C138CFC15E8}.Release|iPhone.Deploy.0 = Release|ARM
		{108D8FA2-92DB-4D6F-8E94-1C138CFC15E8}.Release|iPhoneSimulator.ActiveCfg = Release|x86
		{108D8FA2-92DB-4D6F-8E94-1C138CFC15E8}.Release|iPhoneSimulator.Build.0 = Release|x86
		{108D8FA2-92DB-4D6F-8E94-1C138CFC15E8}.Release|iPhoneSimulator.Deploy.0 = Release|x86
		{108D8FA2-92DB-4D6F-8E94-1C138CFC15E8}.Release|x64.ActiveCfg = Release|x64
		{108D8FA2-92DB-4D6F-8E94-1C138CFC15E8}.Release|x64.Build.0 = Release|x64
		{108D8FA2-92DB-4D6F-8E94-1C138CFC15E8}.Release|x64.Deploy.0 = Release|x64
		{108D8FA2-92DB-4D6F-8E94-1C138CFC15E8}.Release|x86.ActiveCfg = Release|x86
		{108D8FA2-92DB-4D6F-8E94-1C138CFC15E8}.Release|x86.Build.0 = Release|x86
		{108D8FA2-92DB-4D6F-8E94-1C138CFC15E8}.Release|x86.Deploy.0 = Release|x86
	EndGlobalSection
	GlobalSection(SolutionProperties) = preSolution
		HideSolutionNode = FALSE
	EndGlobalSection
	GlobalSection(NestedProjects) = preSolution
		{C4AA0B15-DFFB-4BD1-A6B7-BA183C1580BA} = {FA22FC8D-C653-44B6-BA8E-0BBA7CFCA8C9}
		{6F5C7A8D-8B31-40FE-A48B-7441810658AE} = {C4AA0B15-DFFB-4BD1-A6B7-BA183C1580BA}
		{9B960D09-426D-4D5A-90AC-8971D255E48F} = {C4AA0B15-DFFB-4BD1-A6B7-BA183C1580BA}
		{C9938859-CB05-4AAD-909A-8118F3D6B47A} = {C4AA0B15-DFFB-4BD1-A6B7-BA183C1580BA}
		{F9CC0B31-7A41-46A6-9A23-EECF765F4E2C} = {C4AA0B15-DFFB-4BD1-A6B7-BA183C1580BA}
		{108D8FA2-92DB-4D6F-8E94-1C138CFC15E8} = {C4AA0B15-DFFB-4BD1-A6B7-BA183C1580BA}
	EndGlobalSection
	GlobalSection(ExtensibilityGlobals) = postSolution
		SolutionGuid = {5D97663F-1712-4C13-89BE-6C4CCBDEA9CE}
	EndGlobalSection
EndGlobal
